{
  "version": 4,
  "terraform_version": "1.13.3",
  "serial": 1686,
  "lineage": "a3a895f2-1f80-1124-3f2f-c60c2f84b33b",
  "outputs": {
    "alb_external_ip": {
      "value": "158.160.203.62",
      "type": "string"
    },
    "bastion_external_ip": {
      "value": "89.169.157.39",
      "type": "string"
    },
    "elastic_internal_ip": {
      "value": "192.168.20.15",
      "type": "string"
    },
    "kibana_external_ip": {
      "value": "158.160.100.130",
      "type": "string"
    },
    "kibana_internal_ip": {
      "value": "192.168.10.33",
      "type": "string"
    },
    "web_1_internal_ip": {
      "value": "192.168.20.6",
      "type": "string"
    },
    "web_2_internal_ip": {
      "value": "192.168.30.8",
      "type": "string"
    },
    "zabbix_external_ip": {
      "value": "89.169.158.148",
      "type": "string"
    },
    "zabbix_internal_ip": {
      "value": "192.168.10.21",
      "type": "string"
    }
  },
  "resources": [
    {
      "mode": "managed",
      "type": "yandex_alb_backend_group",
      "name": "web-bg",
      "provider": "provider[\"registry.terraform.io/yandex-cloud/yandex\"]",
      "instances": [
        {
          "schema_version": 0,
          "attributes": {
            "created_at": "2025-10-04T11:16:15Z",
            "description": "",
            "folder_id": "b1gqe649cpgjsd7qhnu5",
            "grpc_backend": [],
            "http_backend": [
              {
                "healthcheck": [
                  {
                    "grpc_healthcheck": [],
                    "healthcheck_port": 0,
                    "healthy_threshold": 0,
                    "http_healthcheck": [
                      {
                        "expected_statuses": null,
                        "host": "",
                        "http2": false,
                        "path": "/"
                      }
                    ],
                    "interval": "2s",
                    "interval_jitter_percent": 0,
                    "stream_healthcheck": [],
                    "timeout": "10s",
                    "unhealthy_threshold": 0
                  }
                ],
                "http2": false,
                "load_balancing_config": [],
                "name": "web-backend",
                "port": 80,
                "storage_bucket": "",
                "target_group_ids": [
                  "ds7hc4qmvmsrlibjn737"
                ],
                "tls": [],
                "weight": 1
              }
            ],
            "id": "ds7relthtck8h7hkph8q",
            "labels": null,
            "name": "web-bg",
            "session_affinity": [],
            "stream_backend": [],
            "timeouts": null
          },
          "sensitive_attributes": [],
          "identity_schema_version": 0,
          "private": "eyJlMmJmYjczMC1lY2FhLTExZTYtOGY4OC0zNDM2M2JjN2M0YzAiOnsiY3JlYXRlIjozMDAwMDAwMDAwMDAsImRlbGV0ZSI6MzAwMDAwMDAwMDAwLCJ1cGRhdGUiOjMwMDAwMDAwMDAwMH19",
          "dependencies": [
            "yandex_alb_target_group.web-tg",
            "yandex_compute_instance.web-1",
            "yandex_compute_instance.web-2",
            "yandex_iam_service_account.vm-sa",
            "yandex_vpc_gateway.nat-gateway",
            "yandex_vpc_network.diploma-network",
            "yandex_vpc_route_table.private-rt",
            "yandex_vpc_security_group.alb-sg",
            "yandex_vpc_security_group.bastion-sg",
            "yandex_vpc_security_group.web-sg",
            "yandex_vpc_security_group.zabbix-sg",
            "yandex_vpc_subnet.private-subnet",
            "yandex_vpc_subnet.private-subnet-b"
          ]
        }
      ]
    },
    {
      "mode": "managed",
      "type": "yandex_alb_http_router",
      "name": "web-router",
      "provider": "provider[\"registry.terraform.io/yandex-cloud/yandex\"]",
      "instances": [
        {
          "schema_version": 0,
          "attributes": {
            "created_at": "2025-10-04T11:15:19Z",
            "description": "",
            "folder_id": "b1gqe649cpgjsd7qhnu5",
            "id": "ds7p3i7n6k8i1fml69qj",
            "labels": null,
            "name": "web-router",
            "route_options": [],
            "timeouts": null
          },
          "sensitive_attributes": [],
          "identity_schema_version": 0,
          "private": "eyJlMmJmYjczMC1lY2FhLTExZTYtOGY4OC0zNDM2M2JjN2M0YzAiOnsiY3JlYXRlIjozMDAwMDAwMDAwMDAsImRlbGV0ZSI6MzAwMDAwMDAwMDAwLCJ1cGRhdGUiOjMwMDAwMDAwMDAwMH19"
        }
      ]
    },
    {
      "mode": "managed",
      "type": "yandex_alb_load_balancer",
      "name": "web-alb",
      "provider": "provider[\"registry.terraform.io/yandex-cloud/yandex\"]",
      "instances": [
        {
          "schema_version": 0,
          "attributes": {
            "allocation_policy": [
              {
                "location": [
                  {
                    "disable_traffic": false,
                    "subnet_id": "e9brqthresmc78rbl448",
                    "zone_id": "ru-central1-a"
                  }
                ]
              }
            ],
            "allow_zonal_shift": false,
            "auto_scale_policy": [],
            "created_at": "2025-10-04T11:15:22Z",
            "description": "",
            "folder_id": "b1gqe649cpgjsd7qhnu5",
            "id": "ds7e0qq35p854m3eecek",
            "labels": null,
            "listener": [
              {
                "endpoint": [
                  {
                    "address": [
                      {
                        "external_ipv4_address": [
                          {
                            "address": "158.160.203.62"
                          }
                        ],
                        "external_ipv6_address": [],
                        "internal_ipv4_address": []
                      }
                    ],
                    "ports": [
                      80
                    ]
                  }
                ],
                "http": [
                  {
                    "handler": [
                      {
                        "allow_http10": false,
                        "http2_options": [],
                        "http_router_id": "ds7p3i7n6k8i1fml69qj",
                        "rewrite_request_id": false
                      }
                    ],
                    "redirects": []
                  }
                ],
                "name": "web-listener",
                "stream": [],
                "tls": []
              }
            ],
            "log_group_id": "",
            "log_options": [],
            "name": "web-alb",
            "network_id": "enp9e4la4lgpvgr1l82v",
            "region_id": "",
            "security_group_ids": [
              "enpmjl9c2hjimdgia039"
            ],
            "status": "active",
            "timeouts": null
          },
          "sensitive_attributes": [],
          "identity_schema_version": 0,
          "private": "eyJlMmJmYjczMC1lY2FhLTExZTYtOGY4OC0zNDM2M2JjN2M0YzAiOnsiY3JlYXRlIjo2MDAwMDAwMDAwMDAsImRlbGV0ZSI6NjAwMDAwMDAwMDAwLCJ1cGRhdGUiOjYwMDAwMDAwMDAwMH19",
          "dependencies": [
            "yandex_alb_http_router.web-router",
            "yandex_vpc_network.diploma-network",
            "yandex_vpc_security_group.alb-sg",
            "yandex_vpc_subnet.public-subnet"
          ]
        }
      ]
    },
    {
      "mode": "managed",
      "type": "yandex_alb_target_group",
      "name": "web-tg",
      "provider": "provider[\"registry.terraform.io/yandex-cloud/yandex\"]",
      "instances": [
        {
          "schema_version": 0,
          "attributes": {
            "created_at": "2025-10-04T11:16:15Z",
            "description": "",
            "folder_id": "b1gqe649cpgjsd7qhnu5",
            "id": "ds7hc4qmvmsrlibjn737",
            "labels": null,
            "name": "web-tg",
            "target": [
              {
                "ip_address": "192.168.20.6",
                "private_ipv4_address": false,
                "subnet_id": "e9bblm409qrsc3gpl545"
              },
              {
                "ip_address": "192.168.30.8",
                "private_ipv4_address": false,
                "subnet_id": "e2l95s02hrobc50u03ip"
              }
            ],
            "timeouts": null
          },
          "sensitive_attributes": [],
          "identity_schema_version": 0,
          "private": "eyJlMmJmYjczMC1lY2FhLTExZTYtOGY4OC0zNDM2M2JjN2M0YzAiOnsiY3JlYXRlIjozMDAwMDAwMDAwMDAsImRlbGV0ZSI6MzAwMDAwMDAwMDAwLCJ1cGRhdGUiOjMwMDAwMDAwMDAwMH19",
          "dependencies": [
            "yandex_compute_instance.web-1",
            "yandex_compute_instance.web-2",
            "yandex_iam_service_account.vm-sa",
            "yandex_vpc_gateway.nat-gateway",
            "yandex_vpc_network.diploma-network",
            "yandex_vpc_route_table.private-rt",
            "yandex_vpc_security_group.alb-sg",
            "yandex_vpc_security_group.bastion-sg",
            "yandex_vpc_security_group.web-sg",
            "yandex_vpc_security_group.zabbix-sg",
            "yandex_vpc_subnet.private-subnet",
            "yandex_vpc_subnet.private-subnet-b"
          ]
        }
      ]
    },
    {
      "mode": "managed",
      "type": "yandex_alb_virtual_host",
      "name": "web-vh",
      "provider": "provider[\"registry.terraform.io/yandex-cloud/yandex\"]",
      "instances": [
        {
          "schema_version": 0,
          "attributes": {
            "authority": null,
            "http_router_id": "ds7p3i7n6k8i1fml69qj",
            "id": "ds7p3i7n6k8i1fml69qj/web-vh",
            "modify_request_headers": [],
            "modify_response_headers": [],
            "name": "web-vh",
            "rate_limit": [],
            "route": [
              {
                "disable_security_profile": false,
                "grpc_route": [],
                "http_route": [
                  {
                    "direct_response_action": [],
                    "http_match": [],
                    "http_route_action": [
                      {
                        "auto_host_rewrite": false,
                        "backend_group_id": "ds7relthtck8h7hkph8q",
                        "host_rewrite": "",
                        "idle_timeout": "",
                        "prefix_rewrite": "",
                        "rate_limit": [],
                        "regex_rewrite": [],
                        "timeout": "1m0s",
                        "upgrade_types": null
                      }
                    ],
                    "redirect_action": []
                  }
                ],
                "name": "route",
                "route_options": []
              }
            ],
            "route_options": [],
            "timeouts": null
          },
          "sensitive_attributes": [],
          "identity_schema_version": 0,
          "private": "eyJlMmJmYjczMC1lY2FhLTExZTYtOGY4OC0zNDM2M2JjN2M0YzAiOnsiY3JlYXRlIjozMDAwMDAwMDAwMDAsImRlbGV0ZSI6MzAwMDAwMDAwMDAwLCJ1cGRhdGUiOjMwMDAwMDAwMDAwMH19",
          "dependencies": [
            "yandex_alb_backend_group.web-bg",
            "yandex_alb_http_router.web-router",
            "yandex_alb_target_group.web-tg",
            "yandex_compute_instance.web-1",
            "yandex_compute_instance.web-2",
            "yandex_iam_service_account.vm-sa",
            "yandex_vpc_gateway.nat-gateway",
            "yandex_vpc_network.diploma-network",
            "yandex_vpc_route_table.private-rt",
            "yandex_vpc_security_group.alb-sg",
            "yandex_vpc_security_group.bastion-sg",
            "yandex_vpc_security_group.web-sg",
            "yandex_vpc_security_group.zabbix-sg",
            "yandex_vpc_subnet.private-subnet",
            "yandex_vpc_subnet.private-subnet-b"
          ]
        }
      ]
    },
    {
      "mode": "managed",
      "type": "yandex_compute_instance",
      "name": "bastion",
      "provider": "provider[\"registry.terraform.io/yandex-cloud/yandex\"]",
      "instances": [
        {
          "schema_version": 1,
          "attributes": {
            "allow_recreate": null,
            "allow_stopping_for_update": null,
            "boot_disk": [
              {
                "auto_delete": true,
                "device_name": "fhmtvfs2qnmbnomats84",
                "disk_id": "fhmtvfs2qnmbnomats84",
                "initialize_params": [
                  {
                    "block_size": 4096,
                    "description": "",
                    "image_id": "fd827b91d99psvq5fjit",
                    "kms_key_id": "",
                    "name": "",
                    "size": 10,
                    "snapshot_id": "",
                    "type": "network-hdd"
                  }
                ],
                "mode": "READ_WRITE"
              }
            ],
            "created_at": "2025-10-04T11:15:24Z",
            "description": "",
            "filesystem": [],
            "folder_id": "b1gqe649cpgjsd7qhnu5",
            "fqdn": "bastion.ru-central1.internal",
            "gpu_cluster_id": "",
            "hardware_generation": [
              {
                "generation2_features": [],
                "legacy_features": [
                  {
                    "pci_topology": "PCI_TOPOLOGY_V1"
                  }
                ]
              }
            ],
            "hostname": "bastion",
            "id": "fhmqkdepqv6p88pv4a8l",
            "labels": null,
            "local_disk": [],
            "maintenance_grace_period": "",
            "maintenance_policy": null,
            "metadata": {
              "serial-port-enable": "1",
              "user-data": "#cloud-config\nusers:\n  - name: user\n    groups: sudo\n    shell: /bin/bash\n    sudo: ['ALL=(ALL) NOPASSWD:ALL']\n    ssh_authorized_keys:\n      - ssh-ed25519 AAAAC3NzaC1lZDI1NTE5AAAAIOxAJ9lQnCS5JnQrSrV5PpbAMGxoODP0VzQhRewbrJtn art@debian-test-CLEAN\n\n  - name: admin\n    groups: sudo\n    shell: /bin/bash\n    sudo: ['ALL=(ALL) NOPASSWD:ALL']\n    lock_passwd: false\n    passwd: \"$6$rounds=4096$wPs2z7VqC9$X6q5h7W8pY2rT3sV1qZ9mN0bC4dF7gH2jK5lP8oR6tS9uY4vAxE3zB1cM6nDf\"\n\nssh_pwauth: true\ndisable_root: false\nchpasswd:\n  list: |\n    admin:123456\n  expire: false"
            },
            "metadata_options": [
              {
                "aws_v1_http_endpoint": 1,
                "aws_v1_http_token": 2,
                "gce_http_endpoint": 1,
                "gce_http_token": 1
              }
            ],
            "name": "bastion",
            "network_acceleration_type": "standard",
            "network_interface": [
              {
                "dns_record": [],
                "index": 0,
                "ip_address": "192.168.10.17",
                "ipv4": true,
                "ipv6": false,
                "ipv6_address": "",
                "ipv6_dns_record": [],
                "mac_address": "d0:0d:1a:a3:5d:9d",
                "nat": true,
                "nat_dns_record": [],
                "nat_ip_address": "89.169.157.39",
                "nat_ip_version": "IPV4",
                "security_group_ids": [
                  "enpd3iebvmtjcmfr363j"
                ],
                "subnet_id": "e9brqthresmc78rbl448"
              }
            ],
            "placement_policy": [
              {
                "host_affinity_rules": [],
                "placement_group_id": "",
                "placement_group_partition": 0
              }
            ],
            "platform_id": "standard-v3",
            "resources": [
              {
                "core_fraction": 100,
                "cores": 2,
                "gpus": 0,
                "memory": 2
              }
            ],
            "scheduling_policy": [
              {
                "preemptible": true
              }
            ],
            "secondary_disk": [],
            "service_account_id": "",
            "status": "running",
            "timeouts": null,
            "zone": "ru-central1-a"
          },
          "sensitive_attributes": [],
          "identity_schema_version": 0,
          "private": "eyJlMmJmYjczMC1lY2FhLTExZTYtOGY4OC0zNDM2M2JjN2M0YzAiOnsiY3JlYXRlIjozMDAwMDAwMDAwMDAsImRlbGV0ZSI6MzAwMDAwMDAwMDAwLCJ1cGRhdGUiOjMwMDAwMDAwMDAwMH0sInNjaGVtYV92ZXJzaW9uIjoiMSJ9",
          "dependencies": [
            "yandex_vpc_network.diploma-network",
            "yandex_vpc_security_group.bastion-sg",
            "yandex_vpc_subnet.public-subnet"
          ]
        }
      ]
    },
    {
      "mode": "managed",
      "type": "yandex_compute_instance",
      "name": "elastic",
      "provider": "provider[\"registry.terraform.io/yandex-cloud/yandex\"]",
      "instances": [
        {
          "schema_version": 1,
          "attributes": {
            "allow_recreate": null,
            "allow_stopping_for_update": null,
            "boot_disk": [
              {
                "auto_delete": true,
                "device_name": "fhmjqav1p8ilgg6fr80l",
                "disk_id": "fhmjqav1p8ilgg6fr80l",
                "initialize_params": [
                  {
                    "block_size": 4096,
                    "description": "",
                    "image_id": "fd827b91d99psvq5fjit",
                    "kms_key_id": "",
                    "name": "",
                    "size": 10,
                    "snapshot_id": "",
                    "type": "network-hdd"
                  }
                ],
                "mode": "READ_WRITE"
              }
            ],
            "created_at": "2025-10-04T11:15:30Z",
            "description": "",
            "filesystem": [],
            "folder_id": "b1gqe649cpgjsd7qhnu5",
            "fqdn": "elastic.ru-central1.internal",
            "gpu_cluster_id": "",
            "hardware_generation": [
              {
                "generation2_features": [],
                "legacy_features": [
                  {
                    "pci_topology": "PCI_TOPOLOGY_V1"
                  }
                ]
              }
            ],
            "hostname": "elastic",
            "id": "fhmvo8atinmvevic95cc",
            "labels": null,
            "local_disk": [],
            "maintenance_grace_period": "",
            "maintenance_policy": null,
            "metadata": {
              "serial-port-enable": "1",
              "user-data": "#cloud-config\nusers:\n  - name: user\n    groups: sudo\n    shell: /bin/bash\n    sudo: ['ALL=(ALL) NOPASSWD:ALL']\n    ssh_authorized_keys:\n      - ssh-ed25519 AAAAC3NzaC1lZDI1NTE5AAAAIOxAJ9lQnCS5JnQrSrV5PpbAMGxoODP0VzQhRewbrJtn art@debian-test-CLEAN\n\n  - name: admin\n    groups: sudo\n    shell: /bin/bash\n    sudo: ['ALL=(ALL) NOPASSWD:ALL']\n    lock_passwd: false\n    passwd: \"$6$rounds=4096$wPs2z7VqC9$X6q5h7W8pY2rT3sV1qZ9mN0bC4dF7gH2jK5lP8oR6tS9uY4vAxE3zB1cM6nDf\"\n\nssh_pwauth: true\ndisable_root: false\nchpasswd:\n  list: |\n    admin:123456\n  expire: false"
            },
            "metadata_options": [
              {
                "aws_v1_http_endpoint": 1,
                "aws_v1_http_token": 2,
                "gce_http_endpoint": 1,
                "gce_http_token": 1
              }
            ],
            "name": "elastic",
            "network_acceleration_type": "standard",
            "network_interface": [
              {
                "dns_record": [],
                "index": 0,
                "ip_address": "192.168.20.15",
                "ipv4": true,
                "ipv6": false,
                "ipv6_address": "",
                "ipv6_dns_record": [],
                "mac_address": "d0:0d:1f:c2:15:d9",
                "nat": false,
                "nat_dns_record": [],
                "nat_ip_address": "",
                "nat_ip_version": "",
                "security_group_ids": [
                  "enpj5h2g9qqj06h5cl8r"
                ],
                "subnet_id": "e9bblm409qrsc3gpl545"
              }
            ],
            "placement_policy": [
              {
                "host_affinity_rules": [],
                "placement_group_id": "",
                "placement_group_partition": 0
              }
            ],
            "platform_id": "standard-v3",
            "resources": [
              {
                "core_fraction": 100,
                "cores": 2,
                "gpus": 0,
                "memory": 4
              }
            ],
            "scheduling_policy": [
              {
                "preemptible": true
              }
            ],
            "secondary_disk": [],
            "service_account_id": "ajeko5alfn4cj7i5pf48",
            "status": "running",
            "timeouts": null,
            "zone": "ru-central1-a"
          },
          "sensitive_attributes": [],
          "identity_schema_version": 0,
          "private": "eyJlMmJmYjczMC1lY2FhLTExZTYtOGY4OC0zNDM2M2JjN2M0YzAiOnsiY3JlYXRlIjozMDAwMDAwMDAwMDAsImRlbGV0ZSI6MzAwMDAwMDAwMDAwLCJ1cGRhdGUiOjMwMDAwMDAwMDAwMH0sInNjaGVtYV92ZXJzaW9uIjoiMSJ9",
          "dependencies": [
            "yandex_iam_service_account.vm-sa",
            "yandex_vpc_gateway.nat-gateway",
            "yandex_vpc_network.diploma-network",
            "yandex_vpc_route_table.private-rt",
            "yandex_vpc_security_group.bastion-sg",
            "yandex_vpc_security_group.elastic-sg",
            "yandex_vpc_security_group.kibana-sg",
            "yandex_vpc_subnet.private-subnet"
          ]
        }
      ]
    },
    {
      "mode": "managed",
      "type": "yandex_compute_instance",
      "name": "kibana",
      "provider": "provider[\"registry.terraform.io/yandex-cloud/yandex\"]",
      "instances": [
        {
          "schema_version": 1,
          "attributes": {
            "allow_recreate": null,
            "allow_stopping_for_update": null,
            "boot_disk": [
              {
                "auto_delete": true,
                "device_name": "fhm56uca7dedktftfbvi",
                "disk_id": "fhm56uca7dedktftfbvi",
                "initialize_params": [
                  {
                    "block_size": 4096,
                    "description": "",
                    "image_id": "fd827b91d99psvq5fjit",
                    "kms_key_id": "",
                    "name": "",
                    "size": 10,
                    "snapshot_id": "",
                    "type": "network-hdd"
                  }
                ],
                "mode": "READ_WRITE"
              }
            ],
            "created_at": "2025-10-04T11:15:29Z",
            "description": "",
            "filesystem": [],
            "folder_id": "b1gqe649cpgjsd7qhnu5",
            "fqdn": "kibana.ru-central1.internal",
            "gpu_cluster_id": "",
            "hardware_generation": [
              {
                "generation2_features": [],
                "legacy_features": [
                  {
                    "pci_topology": "PCI_TOPOLOGY_V1"
                  }
                ]
              }
            ],
            "hostname": "kibana",
            "id": "fhm056g6jq8o54vd3dp7",
            "labels": null,
            "local_disk": [],
            "maintenance_grace_period": "",
            "maintenance_policy": null,
            "metadata": {
              "serial-port-enable": "1",
              "user-data": "#cloud-config\nusers:\n  - name: user\n    groups: sudo\n    shell: /bin/bash\n    sudo: ['ALL=(ALL) NOPASSWD:ALL']\n    ssh_authorized_keys:\n      - ssh-ed25519 AAAAC3NzaC1lZDI1NTE5AAAAIOxAJ9lQnCS5JnQrSrV5PpbAMGxoODP0VzQhRewbrJtn art@debian-test-CLEAN\n\n  - name: admin\n    groups: sudo\n    shell: /bin/bash\n    sudo: ['ALL=(ALL) NOPASSWD:ALL']\n    lock_passwd: false\n    passwd: \"$6$rounds=4096$wPs2z7VqC9$X6q5h7W8pY2rT3sV1qZ9mN0bC4dF7gH2jK5lP8oR6tS9uY4vAxE3zB1cM6nDf\"\n\nssh_pwauth: true\ndisable_root: false\nchpasswd:\n  list: |\n    admin:123456\n  expire: false"
            },
            "metadata_options": [
              {
                "aws_v1_http_endpoint": 1,
                "aws_v1_http_token": 2,
                "gce_http_endpoint": 1,
                "gce_http_token": 1
              }
            ],
            "name": "kibana",
            "network_acceleration_type": "standard",
            "network_interface": [
              {
                "dns_record": [],
                "index": 0,
                "ip_address": "192.168.10.33",
                "ipv4": true,
                "ipv6": false,
                "ipv6_address": "",
                "ipv6_dns_record": [],
                "mac_address": "d0:0d:29:a0:69:e9",
                "nat": true,
                "nat_dns_record": [],
                "nat_ip_address": "158.160.100.130",
                "nat_ip_version": "IPV4",
                "security_group_ids": [
                  "enp84sp23pvn6qp8i2sv"
                ],
                "subnet_id": "e9brqthresmc78rbl448"
              }
            ],
            "placement_policy": [
              {
                "host_affinity_rules": [],
                "placement_group_id": "",
                "placement_group_partition": 0
              }
            ],
            "platform_id": "standard-v3",
            "resources": [
              {
                "core_fraction": 100,
                "cores": 2,
                "gpus": 0,
                "memory": 2
              }
            ],
            "scheduling_policy": [
              {
                "preemptible": true
              }
            ],
            "secondary_disk": [],
            "service_account_id": "",
            "status": "running",
            "timeouts": null,
            "zone": "ru-central1-a"
          },
          "sensitive_attributes": [],
          "identity_schema_version": 0,
          "private": "eyJlMmJmYjczMC1lY2FhLTExZTYtOGY4OC0zNDM2M2JjN2M0YzAiOnsiY3JlYXRlIjozMDAwMDAwMDAwMDAsImRlbGV0ZSI6MzAwMDAwMDAwMDAwLCJ1cGRhdGUiOjMwMDAwMDAwMDAwMH0sInNjaGVtYV92ZXJzaW9uIjoiMSJ9",
          "dependencies": [
            "yandex_vpc_network.diploma-network",
            "yandex_vpc_security_group.bastion-sg",
            "yandex_vpc_security_group.kibana-sg",
            "yandex_vpc_subnet.public-subnet"
          ]
        }
      ]
    },
    {
      "mode": "managed",
      "type": "yandex_compute_instance",
      "name": "web-1",
      "provider": "provider[\"registry.terraform.io/yandex-cloud/yandex\"]",
      "instances": [
        {
          "schema_version": 1,
          "attributes": {
            "allow_recreate": null,
            "allow_stopping_for_update": null,
            "boot_disk": [
              {
                "auto_delete": true,
                "device_name": "fhmglr03826mm1iub3su",
                "disk_id": "fhmglr03826mm1iub3su",
                "initialize_params": [
                  {
                    "block_size": 4096,
                    "description": "",
                    "image_id": "fd827b91d99psvq5fjit",
                    "kms_key_id": "",
                    "name": "",
                    "size": 10,
                    "snapshot_id": "",
                    "type": "network-hdd"
                  }
                ],
                "mode": "READ_WRITE"
              }
            ],
            "created_at": "2025-10-04T11:15:27Z",
            "description": "",
            "filesystem": [],
            "folder_id": "b1gqe649cpgjsd7qhnu5",
            "fqdn": "web-1.ru-central1.internal",
            "gpu_cluster_id": "",
            "hardware_generation": [
              {
                "generation2_features": [],
                "legacy_features": [
                  {
                    "pci_topology": "PCI_TOPOLOGY_V1"
                  }
                ]
              }
            ],
            "hostname": "web-1",
            "id": "fhm8sj9qofpoe6sou8nl",
            "labels": null,
            "local_disk": [],
            "maintenance_grace_period": "",
            "maintenance_policy": null,
            "metadata": {
              "serial-port-enable": "1",
              "user-data": "#cloud-config\nusers:\n  - name: user\n    groups: sudo\n    shell: /bin/bash\n    sudo: ['ALL=(ALL) NOPASSWD:ALL']\n    ssh_authorized_keys:\n      - ssh-ed25519 AAAAC3NzaC1lZDI1NTE5AAAAIOxAJ9lQnCS5JnQrSrV5PpbAMGxoODP0VzQhRewbrJtn art@debian-test-CLEAN\n\n  - name: admin\n    groups: sudo\n    shell: /bin/bash\n    sudo: ['ALL=(ALL) NOPASSWD:ALL']\n    lock_passwd: false\n    passwd: \"$6$rounds=4096$wPs2z7VqC9$X6q5h7W8pY2rT3sV1qZ9mN0bC4dF7gH2jK5lP8oR6tS9uY4vAxE3zB1cM6nDf\"\n\nssh_pwauth: true\ndisable_root: false\nchpasswd:\n  list: |\n    admin:123456\n  expire: false"
            },
            "metadata_options": [
              {
                "aws_v1_http_endpoint": 1,
                "aws_v1_http_token": 2,
                "gce_http_endpoint": 1,
                "gce_http_token": 1
              }
            ],
            "name": "web-1",
            "network_acceleration_type": "standard",
            "network_interface": [
              {
                "dns_record": [],
                "index": 0,
                "ip_address": "192.168.20.6",
                "ipv4": true,
                "ipv6": false,
                "ipv6_address": "",
                "ipv6_dns_record": [],
                "mac_address": "d0:0d:8e:4d:3a:c3",
                "nat": false,
                "nat_dns_record": [],
                "nat_ip_address": "",
                "nat_ip_version": "",
                "security_group_ids": [
                  "enpi7g961l4skv9r6s5o"
                ],
                "subnet_id": "e9bblm409qrsc3gpl545"
              }
            ],
            "placement_policy": [
              {
                "host_affinity_rules": [],
                "placement_group_id": "",
                "placement_group_partition": 0
              }
            ],
            "platform_id": "standard-v3",
            "resources": [
              {
                "core_fraction": 100,
                "cores": 2,
                "gpus": 0,
                "memory": 2
              }
            ],
            "scheduling_policy": [
              {
                "preemptible": true
              }
            ],
            "secondary_disk": [],
            "service_account_id": "ajeko5alfn4cj7i5pf48",
            "status": "running",
            "timeouts": null,
            "zone": "ru-central1-a"
          },
          "sensitive_attributes": [],
          "identity_schema_version": 0,
          "private": "eyJlMmJmYjczMC1lY2FhLTExZTYtOGY4OC0zNDM2M2JjN2M0YzAiOnsiY3JlYXRlIjozMDAwMDAwMDAwMDAsImRlbGV0ZSI6MzAwMDAwMDAwMDAwLCJ1cGRhdGUiOjMwMDAwMDAwMDAwMH0sInNjaGVtYV92ZXJzaW9uIjoiMSJ9",
          "dependencies": [
            "yandex_iam_service_account.vm-sa",
            "yandex_vpc_gateway.nat-gateway",
            "yandex_vpc_network.diploma-network",
            "yandex_vpc_route_table.private-rt",
            "yandex_vpc_security_group.alb-sg",
            "yandex_vpc_security_group.bastion-sg",
            "yandex_vpc_security_group.web-sg",
            "yandex_vpc_security_group.zabbix-sg",
            "yandex_vpc_subnet.private-subnet"
          ]
        }
      ]
    },
    {
      "mode": "managed",
      "type": "yandex_compute_instance",
      "name": "web-2",
      "provider": "provider[\"registry.terraform.io/yandex-cloud/yandex\"]",
      "instances": [
        {
          "schema_version": 1,
          "attributes": {
            "allow_recreate": null,
            "allow_stopping_for_update": null,
            "boot_disk": [
              {
                "auto_delete": true,
                "device_name": "epd8g7gpbb5vb8spd8tn",
                "disk_id": "epd8g7gpbb5vb8spd8tn",
                "initialize_params": [
                  {
                    "block_size": 4096,
                    "description": "",
                    "image_id": "fd827b91d99psvq5fjit",
                    "kms_key_id": "",
                    "name": "",
                    "size": 10,
                    "snapshot_id": "",
                    "type": "network-hdd"
                  }
                ],
                "mode": "READ_WRITE"
              }
            ],
            "created_at": "2025-10-04T11:15:27Z",
            "description": "",
            "filesystem": [],
            "folder_id": "b1gqe649cpgjsd7qhnu5",
            "fqdn": "web-2.ru-central1.internal",
            "gpu_cluster_id": "",
            "hardware_generation": [
              {
                "generation2_features": [],
                "legacy_features": [
                  {
                    "pci_topology": "PCI_TOPOLOGY_V1"
                  }
                ]
              }
            ],
            "hostname": "web-2",
            "id": "epdb4s6nkgv5uqdgiknm",
            "labels": null,
            "local_disk": [],
            "maintenance_grace_period": "",
            "maintenance_policy": null,
            "metadata": {
              "serial-port-enable": "1",
              "user-data": "#cloud-config\nusers:\n  - name: user\n    groups: sudo\n    shell: /bin/bash\n    sudo: ['ALL=(ALL) NOPASSWD:ALL']\n    ssh_authorized_keys:\n      - ssh-ed25519 AAAAC3NzaC1lZDI1NTE5AAAAIOxAJ9lQnCS5JnQrSrV5PpbAMGxoODP0VzQhRewbrJtn art@debian-test-CLEAN\n\n  - name: admin\n    groups: sudo\n    shell: /bin/bash\n    sudo: ['ALL=(ALL) NOPASSWD:ALL']\n    lock_passwd: false\n    passwd: \"$6$rounds=4096$wPs2z7VqC9$X6q5h7W8pY2rT3sV1qZ9mN0bC4dF7gH2jK5lP8oR6tS9uY4vAxE3zB1cM6nDf\"\n\nssh_pwauth: true\ndisable_root: false\nchpasswd:\n  list: |\n    admin:123456\n  expire: false"
            },
            "metadata_options": [
              {
                "aws_v1_http_endpoint": 1,
                "aws_v1_http_token": 2,
                "gce_http_endpoint": 1,
                "gce_http_token": 1
              }
            ],
            "name": "web-2",
            "network_acceleration_type": "standard",
            "network_interface": [
              {
                "dns_record": [],
                "index": 0,
                "ip_address": "192.168.30.8",
                "ipv4": true,
                "ipv6": false,
                "ipv6_address": "",
                "ipv6_dns_record": [],
                "mac_address": "d0:0d:b2:70:d7:a4",
                "nat": false,
                "nat_dns_record": [],
                "nat_ip_address": "",
                "nat_ip_version": "",
                "security_group_ids": [
                  "enpi7g961l4skv9r6s5o"
                ],
                "subnet_id": "e2l95s02hrobc50u03ip"
              }
            ],
            "placement_policy": [
              {
                "host_affinity_rules": [],
                "placement_group_id": "",
                "placement_group_partition": 0
              }
            ],
            "platform_id": "standard-v3",
            "resources": [
              {
                "core_fraction": 100,
                "cores": 2,
                "gpus": 0,
                "memory": 2
              }
            ],
            "scheduling_policy": [
              {
                "preemptible": true
              }
            ],
            "secondary_disk": [],
            "service_account_id": "ajeko5alfn4cj7i5pf48",
            "status": "running",
            "timeouts": null,
            "zone": "ru-central1-b"
          },
          "sensitive_attributes": [],
          "identity_schema_version": 0,
          "private": "eyJlMmJmYjczMC1lY2FhLTExZTYtOGY4OC0zNDM2M2JjN2M0YzAiOnsiY3JlYXRlIjozMDAwMDAwMDAwMDAsImRlbGV0ZSI6MzAwMDAwMDAwMDAwLCJ1cGRhdGUiOjMwMDAwMDAwMDAwMH0sInNjaGVtYV92ZXJzaW9uIjoiMSJ9",
          "dependencies": [
            "yandex_iam_service_account.vm-sa",
            "yandex_vpc_gateway.nat-gateway",
            "yandex_vpc_network.diploma-network",
            "yandex_vpc_route_table.private-rt",
            "yandex_vpc_security_group.alb-sg",
            "yandex_vpc_security_group.bastion-sg",
            "yandex_vpc_security_group.web-sg",
            "yandex_vpc_security_group.zabbix-sg",
            "yandex_vpc_subnet.private-subnet-b"
          ]
        }
      ]
    },
    {
      "mode": "managed",
      "type": "yandex_compute_instance",
      "name": "zabbix",
      "provider": "provider[\"registry.terraform.io/yandex-cloud/yandex\"]",
      "instances": [
        {
          "schema_version": 1,
          "attributes": {
            "allow_recreate": null,
            "allow_stopping_for_update": null,
            "boot_disk": [
              {
                "auto_delete": true,
                "device_name": "fhmt7vi6clqovhn76vke",
                "disk_id": "fhmt7vi6clqovhn76vke",
                "initialize_params": [
                  {
                    "block_size": 4096,
                    "description": "",
                    "image_id": "fd827b91d99psvq5fjit",
                    "kms_key_id": "",
                    "name": "",
                    "size": 10,
                    "snapshot_id": "",
                    "type": "network-hdd"
                  }
                ],
                "mode": "READ_WRITE"
              }
            ],
            "created_at": "2025-10-04T11:15:25Z",
            "description": "",
            "filesystem": [],
            "folder_id": "b1gqe649cpgjsd7qhnu5",
            "fqdn": "zabbix.ru-central1.internal",
            "gpu_cluster_id": "",
            "hardware_generation": [
              {
                "generation2_features": [],
                "legacy_features": [
                  {
                    "pci_topology": "PCI_TOPOLOGY_V1"
                  }
                ]
              }
            ],
            "hostname": "zabbix",
            "id": "fhm1mrpj309c7e3m28dl",
            "labels": null,
            "local_disk": [],
            "maintenance_grace_period": "",
            "maintenance_policy": null,
            "metadata": {
              "serial-port-enable": "1",
              "user-data": "#cloud-config\nusers:\n  - name: user\n    groups: sudo\n    shell: /bin/bash\n    sudo: ['ALL=(ALL) NOPASSWD:ALL']\n    ssh_authorized_keys:\n      - ssh-ed25519 AAAAC3NzaC1lZDI1NTE5AAAAIOxAJ9lQnCS5JnQrSrV5PpbAMGxoODP0VzQhRewbrJtn art@debian-test-CLEAN\n\n  - name: admin\n    groups: sudo\n    shell: /bin/bash\n    sudo: ['ALL=(ALL) NOPASSWD:ALL']\n    lock_passwd: false\n    passwd: \"$6$rounds=4096$wPs2z7VqC9$X6q5h7W8pY2rT3sV1qZ9mN0bC4dF7gH2jK5lP8oR6tS9uY4vAxE3zB1cM6nDf\"\n\nssh_pwauth: true\ndisable_root: false\nchpasswd:\n  list: |\n    admin:123456\n  expire: false"
            },
            "metadata_options": [
              {
                "aws_v1_http_endpoint": 1,
                "aws_v1_http_token": 2,
                "gce_http_endpoint": 1,
                "gce_http_token": 1
              }
            ],
            "name": "zabbix",
            "network_acceleration_type": "standard",
            "network_interface": [
              {
                "dns_record": [],
                "index": 0,
                "ip_address": "192.168.10.21",
                "ipv4": true,
                "ipv6": false,
                "ipv6_address": "",
                "ipv6_dns_record": [],
                "mac_address": "d0:0d:1b:6f:33:18",
                "nat": true,
                "nat_dns_record": [],
                "nat_ip_address": "89.169.158.148",
                "nat_ip_version": "IPV4",
                "security_group_ids": [
                  "enpatqunhjpbqdecvhis"
                ],
                "subnet_id": "e9brqthresmc78rbl448"
              }
            ],
            "placement_policy": [
              {
                "host_affinity_rules": [],
                "placement_group_id": "",
                "placement_group_partition": 0
              }
            ],
            "platform_id": "standard-v3",
            "resources": [
              {
                "core_fraction": 100,
                "cores": 2,
                "gpus": 0,
                "memory": 4
              }
            ],
            "scheduling_policy": [
              {
                "preemptible": true
              }
            ],
            "secondary_disk": [],
            "service_account_id": "",
            "status": "running",
            "timeouts": null,
            "zone": "ru-central1-a"
          },
          "sensitive_attributes": [],
          "identity_schema_version": 0,
          "private": "eyJlMmJmYjczMC1lY2FhLTExZTYtOGY4OC0zNDM2M2JjN2M0YzAiOnsiY3JlYXRlIjozMDAwMDAwMDAwMDAsImRlbGV0ZSI6MzAwMDAwMDAwMDAwLCJ1cGRhdGUiOjMwMDAwMDAwMDAwMH0sInNjaGVtYV92ZXJzaW9uIjoiMSJ9",
          "dependencies": [
            "yandex_vpc_network.diploma-network",
            "yandex_vpc_security_group.bastion-sg",
            "yandex_vpc_security_group.zabbix-sg",
            "yandex_vpc_subnet.public-subnet"
          ]
        }
      ]
    },
    {
      "mode": "managed",
      "type": "yandex_compute_snapshot_schedule",
      "name": "daily-snapshots",
      "provider": "provider[\"registry.terraform.io/yandex-cloud/yandex\"]",
      "instances": [
        {
          "schema_version": 0,
          "attributes": {
            "created_at": "2025-10-04T11:16:20Z",
            "description": "",
            "disk_ids": [
              "epd8g7gpbb5vb8spd8tn",
              "fhm56uca7dedktftfbvi",
              "fhmglr03826mm1iub3su",
              "fhmjqav1p8ilgg6fr80l",
              "fhmt7vi6clqovhn76vke",
              "fhmtvfs2qnmbnomats84"
            ],
            "folder_id": "b1gqe649cpgjsd7qhnu5",
            "id": "fd8sqlhbr8navm2u9m14",
            "labels": null,
            "name": "daily-snapshots",
            "retention_period": "",
            "schedule_policy": [
              {
                "expression": "0 2 * * *",
                "start_at": "1970-01-01T00:00:00Z"
              }
            ],
            "snapshot_count": 7,
            "snapshot_spec": [
              {
                "description": "",
                "labels": {}
              }
            ],
            "status": "active",
            "timeouts": null
          },
          "sensitive_attributes": [],
          "identity_schema_version": 0,
          "private": "eyJlMmJmYjczMC1lY2FhLTExZTYtOGY4OC0zNDM2M2JjN2M0YzAiOnsiY3JlYXRlIjozMDAwMDAwMDAwMDAsImRlbGV0ZSI6MzAwMDAwMDAwMDAwLCJ1cGRhdGUiOjMwMDAwMDAwMDAwMH19",
          "dependencies": [
            "yandex_compute_instance.bastion",
            "yandex_compute_instance.elastic",
            "yandex_compute_instance.kibana",
            "yandex_compute_instance.web-1",
            "yandex_compute_instance.web-2",
            "yandex_compute_instance.zabbix",
            "yandex_iam_service_account.vm-sa",
            "yandex_vpc_gateway.nat-gateway",
            "yandex_vpc_network.diploma-network",
            "yandex_vpc_route_table.private-rt",
            "yandex_vpc_security_group.alb-sg",
            "yandex_vpc_security_group.bastion-sg",
            "yandex_vpc_security_group.elastic-sg",
            "yandex_vpc_security_group.kibana-sg",
            "yandex_vpc_security_group.web-sg",
            "yandex_vpc_security_group.zabbix-sg",
            "yandex_vpc_subnet.private-subnet",
            "yandex_vpc_subnet.private-subnet-b",
            "yandex_vpc_subnet.public-subnet"
          ]
        }
      ]
    },
    {
      "mode": "managed",
      "type": "yandex_iam_service_account",
      "name": "vm-sa",
      "provider": "provider[\"registry.terraform.io/yandex-cloud/yandex\"]",
      "instances": [
        {
          "schema_version": 0,
          "attributes": {
            "created_at": "2025-10-04T11:15:19Z",
            "description": "",
            "folder_id": "b1gqe649cpgjsd7qhnu5",
            "id": "ajeko5alfn4cj7i5pf48",
            "name": "vm-sa",
            "timeouts": null
          },
          "sensitive_attributes": [],
          "identity_schema_version": 0,
          "private": "eyJlMmJmYjczMC1lY2FhLTExZTYtOGY4OC0zNDM2M2JjN2M0YzAiOnsiY3JlYXRlIjo2MDAwMDAwMDAwMCwiZGVsZXRlIjo2MDAwMDAwMDAwMCwidXBkYXRlIjo2MDAwMDAwMDAwMH19"
        }
      ]
    },
    {
      "mode": "managed",
      "type": "yandex_resourcemanager_folder_iam_member",
      "name": "snapshotter",
      "provider": "provider[\"registry.terraform.io/yandex-cloud/yandex\"]",
      "instances": [
        {
          "schema_version": 0,
          "attributes": {
            "folder_id": "b1gqe649cpgjsd7qhnu5",
            "id": "b1gqe649cpgjsd7qhnu5/editor/serviceAccount:ajeko5alfn4cj7i5pf48",
            "member": "serviceAccount:ajeko5alfn4cj7i5pf48",
            "role": "editor",
            "sleep_after": null,
            "timeouts": null
          },
          "sensitive_attributes": [
            [
              {
                "type": "get_attr",
                "value": "folder_id"
              }
            ]
          ],
          "identity_schema_version": 0,
          "private": "eyJlMmJmYjczMC1lY2FhLTExZTYtOGY4OC0zNDM2M2JjN2M0YzAiOnsiY3JlYXRlIjoxODAwMDAwMDAwMDAwLCJkZWZhdWx0IjoxODAwMDAwMDAwMDAwLCJkZWxldGUiOjE4MDAwMDAwMDAwMDAsInJlYWQiOjE4MDAwMDAwMDAwMDAsInVwZGF0ZSI6MTgwMDAwMDAwMDAwMH19",
          "dependencies": [
            "yandex_iam_service_account.vm-sa"
          ]
        }
      ]
    },
    {
      "mode": "managed",
      "type": "yandex_vpc_gateway",
      "name": "nat-gateway",
      "provider": "provider[\"registry.terraform.io/yandex-cloud/yandex\"]",
      "instances": [
        {
          "schema_version": 0,
          "attributes": {
            "created_at": "2025-10-04T11:15:19Z",
            "description": "",
            "folder_id": "b1gqe649cpgjsd7qhnu5",
            "id": "enpkq112d9nr5vsk512a",
            "labels": {},
            "name": "nat-gateway",
            "shared_egress_gateway": [
              {}
            ],
            "timeouts": null
          },
          "sensitive_attributes": [],
          "identity_schema_version": 0,
          "private": "eyJlMmJmYjczMC1lY2FhLTExZTYtOGY4OC0zNDM2M2JjN2M0YzAiOnsiY3JlYXRlIjo2MDAwMDAwMDAwMCwiZGVsZXRlIjo2MDAwMDAwMDAwMCwidXBkYXRlIjo2MDAwMDAwMDAwMH19"
        }
      ]
    },
    {
      "mode": "managed",
      "type": "yandex_vpc_network",
      "name": "diploma-network",
      "provider": "provider[\"registry.terraform.io/yandex-cloud/yandex\"]",
      "instances": [
        {
          "schema_version": 0,
          "attributes": {
            "created_at": "2025-10-04T11:15:19Z",
            "default_security_group_id": "enppkdd4n9vu6a9gnhhm",
            "description": "",
            "folder_id": "b1gqe649cpgjsd7qhnu5",
            "id": "enp9e4la4lgpvgr1l82v",
            "labels": {},
            "name": "diploma-network",
            "subnet_ids": [],
            "timeouts": null
          },
          "sensitive_attributes": [],
          "identity_schema_version": 0,
          "private": "eyJlMmJmYjczMC1lY2FhLTExZTYtOGY4OC0zNDM2M2JjN2M0YzAiOnsiY3JlYXRlIjo2MDAwMDAwMDAwMCwiZGVsZXRlIjo2MDAwMDAwMDAwMCwidXBkYXRlIjo2MDAwMDAwMDAwMH19"
        }
      ]
    },
    {
      "mode": "managed",
      "type": "yandex_vpc_route_table",
      "name": "private-rt",
      "provider": "provider[\"registry.terraform.io/yandex-cloud/yandex\"]",
      "instances": [
        {
          "schema_version": 0,
          "attributes": {
            "created_at": "2025-10-04T11:15:21Z",
            "description": "",
            "folder_id": "b1gqe649cpgjsd7qhnu5",
            "id": "enpg7h05tmdk0cljo23o",
            "labels": {},
            "name": "private-rt",
            "network_id": "enp9e4la4lgpvgr1l82v",
            "static_route": [
              {
                "destination_prefix": "0.0.0.0/0",
                "gateway_id": "enpkq112d9nr5vsk512a",
                "next_hop_address": ""
              }
            ],
            "timeouts": null
          },
          "sensitive_attributes": [],
          "identity_schema_version": 0,
          "private": "eyJlMmJmYjczMC1lY2FhLTExZTYtOGY4OC0zNDM2M2JjN2M0YzAiOnsiY3JlYXRlIjoxODAwMDAwMDAwMDAsImRlbGV0ZSI6MTgwMDAwMDAwMDAwLCJ1cGRhdGUiOjE4MDAwMDAwMDAwMH19",
          "dependencies": [
            "yandex_vpc_gateway.nat-gateway",
            "yandex_vpc_network.diploma-network"
          ]
        }
      ]
    },
    {
      "mode": "managed",
      "type": "yandex_vpc_security_group",
      "name": "alb-sg",
      "provider": "provider[\"registry.terraform.io/yandex-cloud/yandex\"]",
      "instances": [
        {
          "schema_version": 0,
          "attributes": {
            "created_at": "2025-10-04T11:15:22Z",
            "description": "",
            "egress": [
              {
                "description": "",
                "from_port": 0,
                "id": "enpt26p3uqjem3apbj14",
                "labels": {},
                "port": -1,
                "predefined_target": "",
                "protocol": "ANY",
                "security_group_id": "",
                "to_port": 65535,
                "v4_cidr_blocks": [
                  "0.0.0.0/0"
                ],
                "v6_cidr_blocks": []
              }
            ],
            "folder_id": "b1gqe649cpgjsd7qhnu5",
            "id": "enpmjl9c2hjimdgia039",
            "ingress": [
              {
                "description": "HTTP",
                "from_port": -1,
                "id": "enp7f9jc2mf9l83bl8qc",
                "labels": {},
                "port": 80,
                "predefined_target": "",
                "protocol": "TCP",
                "security_group_id": "",
                "to_port": -1,
                "v4_cidr_blocks": [
                  "0.0.0.0/0"
                ],
                "v6_cidr_blocks": []
              },
              {
                "description": "Health Checks from Yandex ALB",
                "from_port": 30000,
                "id": "enpuauk23etjpmv39b8v",
                "labels": {},
                "port": -1,
                "predefined_target": "",
                "protocol": "TCP",
                "security_group_id": "",
                "to_port": 65535,
                "v4_cidr_blocks": [
                  "198.18.235.0/24",
                  "198.18.248.0/24"
                ],
                "v6_cidr_blocks": []
              }
            ],
            "labels": {},
            "name": "alb-sg",
            "network_id": "enp9e4la4lgpvgr1l82v",
            "status": "ACTIVE",
            "timeouts": null
          },
          "sensitive_attributes": [],
          "identity_schema_version": 0,
          "private": "eyJlMmJmYjczMC1lY2FhLTExZTYtOGY4OC0zNDM2M2JjN2M0YzAiOnsiY3JlYXRlIjoxODAwMDAwMDAwMDAsImRlbGV0ZSI6MTgwMDAwMDAwMDAwLCJ1cGRhdGUiOjE4MDAwMDAwMDAwMH19",
          "dependencies": [
            "yandex_vpc_network.diploma-network"
          ]
        }
      ]
    },
    {
      "mode": "managed",
      "type": "yandex_vpc_security_group",
      "name": "bastion-sg",
      "provider": "provider[\"registry.terraform.io/yandex-cloud/yandex\"]",
      "instances": [
        {
          "schema_version": 0,
          "attributes": {
            "created_at": "2025-10-04T11:15:23Z",
            "description": "",
            "egress": [
              {
                "description": "",
                "from_port": 0,
                "id": "enpbhosshq36tvraksm1",
                "labels": {},
                "port": -1,
                "predefined_target": "",
                "protocol": "ANY",
                "security_group_id": "",
                "to_port": 65535,
                "v4_cidr_blocks": [
                  "0.0.0.0/0"
                ],
                "v6_cidr_blocks": []
              }
            ],
            "folder_id": "b1gqe649cpgjsd7qhnu5",
            "id": "enpd3iebvmtjcmfr363j",
            "ingress": [
              {
                "description": "SSH",
                "from_port": -1,
                "id": "enpmvnjcee3aqbpskff5",
                "labels": {},
                "port": 22,
                "predefined_target": "",
                "protocol": "TCP",
                "security_group_id": "",
                "to_port": -1,
                "v4_cidr_blocks": [
                  "0.0.0.0/0"
                ],
                "v6_cidr_blocks": []
              }
            ],
            "labels": {},
            "name": "bastion-sg",
            "network_id": "enp9e4la4lgpvgr1l82v",
            "status": "ACTIVE",
            "timeouts": null
          },
          "sensitive_attributes": [],
          "identity_schema_version": 0,
          "private": "eyJlMmJmYjczMC1lY2FhLTExZTYtOGY4OC0zNDM2M2JjN2M0YzAiOnsiY3JlYXRlIjoxODAwMDAwMDAwMDAsImRlbGV0ZSI6MTgwMDAwMDAwMDAwLCJ1cGRhdGUiOjE4MDAwMDAwMDAwMH19",
          "dependencies": [
            "yandex_vpc_network.diploma-network"
          ]
        }
      ]
    },
    {
      "mode": "managed",
      "type": "yandex_vpc_security_group",
      "name": "elastic-sg",
      "provider": "provider[\"registry.terraform.io/yandex-cloud/yandex\"]",
      "instances": [
        {
          "schema_version": 0,
          "attributes": {
            "created_at": "2025-10-04T11:15:29Z",
            "description": "",
            "egress": [
              {
                "description": "",
                "from_port": 0,
                "id": "enpd8kri3aetu90dtjhd",
                "labels": {},
                "port": -1,
                "predefined_target": "",
                "protocol": "ANY",
                "security_group_id": "",
                "to_port": 65535,
                "v4_cidr_blocks": [
                  "0.0.0.0/0"
                ],
                "v6_cidr_blocks": []
              }
            ],
            "folder_id": "b1gqe649cpgjsd7qhnu5",
            "id": "enpj5h2g9qqj06h5cl8r",
            "ingress": [
              {
                "description": "Elasticsearch cluster",
                "from_port": -1,
                "id": "enpn7u5l9ano7v1fkckn",
                "labels": {},
                "port": 9300,
                "predefined_target": "self_security_group",
                "protocol": "TCP",
                "security_group_id": "",
                "to_port": -1,
                "v4_cidr_blocks": [],
                "v6_cidr_blocks": []
              },
              {
                "description": "Elasticsearch from Kibana and Filebeat",
                "from_port": -1,
                "id": "enpb4hom94cc89vi9kvk",
                "labels": {},
                "port": 9200,
                "predefined_target": "",
                "protocol": "TCP",
                "security_group_id": "enp84sp23pvn6qp8i2sv",
                "to_port": -1,
                "v4_cidr_blocks": [],
                "v6_cidr_blocks": []
              },
              {
                "description": "ICMP from Kibana",
                "from_port": -1,
                "id": "enp7a5vq0svmfpbcrobb",
                "labels": {},
                "port": 0,
                "predefined_target": "",
                "protocol": "ICMP",
                "security_group_id": "",
                "to_port": -1,
                "v4_cidr_blocks": [
                  "192.168.10.0/24"
                ],
                "v6_cidr_blocks": []
              },
              {
                "description": "SSH from Bastion",
                "from_port": -1,
                "id": "enp3gm16ccs73plimmla",
                "labels": {},
                "port": 22,
                "predefined_target": "",
                "protocol": "TCP",
                "security_group_id": "enpd3iebvmtjcmfr363j",
                "to_port": -1,
                "v4_cidr_blocks": [],
                "v6_cidr_blocks": []
              }
            ],
            "labels": {},
            "name": "elastic-sg",
            "network_id": "enp9e4la4lgpvgr1l82v",
            "status": "ACTIVE",
            "timeouts": null
          },
          "sensitive_attributes": [],
          "identity_schema_version": 0,
          "private": "eyJlMmJmYjczMC1lY2FhLTExZTYtOGY4OC0zNDM2M2JjN2M0YzAiOnsiY3JlYXRlIjoxODAwMDAwMDAwMDAsImRlbGV0ZSI6MTgwMDAwMDAwMDAwLCJ1cGRhdGUiOjE4MDAwMDAwMDAwMH19",
          "dependencies": [
            "yandex_vpc_network.diploma-network",
            "yandex_vpc_security_group.bastion-sg",
            "yandex_vpc_security_group.kibana-sg"
          ]
        }
      ]
    },
    {
      "mode": "managed",
      "type": "yandex_vpc_security_group",
      "name": "kibana-sg",
      "provider": "provider[\"registry.terraform.io/yandex-cloud/yandex\"]",
      "instances": [
        {
          "schema_version": 0,
          "attributes": {
            "created_at": "2025-10-04T11:15:28Z",
            "description": "",
            "egress": [
              {
                "description": "",
                "from_port": 0,
                "id": "enpcu1cdiu73d4qmeklv",
                "labels": {},
                "port": -1,
                "predefined_target": "",
                "protocol": "ANY",
                "security_group_id": "",
                "to_port": 65535,
                "v4_cidr_blocks": [
                  "0.0.0.0/0"
                ],
                "v6_cidr_blocks": []
              },
              {
                "description": "ICMP to Elastic",
                "from_port": -1,
                "id": "enp98gk92qkdp23bk9u0",
                "labels": {},
                "port": 0,
                "predefined_target": "",
                "protocol": "ICMP",
                "security_group_id": "",
                "to_port": -1,
                "v4_cidr_blocks": [
                  "192.168.20.0/24"
                ],
                "v6_cidr_blocks": []
              },
              {
                "description": "To Elasticsearch",
                "from_port": -1,
                "id": "enpq2c09l9h95p4ic04s",
                "labels": {},
                "port": 9200,
                "predefined_target": "",
                "protocol": "TCP",
                "security_group_id": "",
                "to_port": -1,
                "v4_cidr_blocks": [
                  "192.168.20.0/24"
                ],
                "v6_cidr_blocks": []
              }
            ],
            "folder_id": "b1gqe649cpgjsd7qhnu5",
            "id": "enp84sp23pvn6qp8i2sv",
            "ingress": [
              {
                "description": "Kibana Web",
                "from_port": -1,
                "id": "enpmkgglnf8radh2h29p",
                "labels": {},
                "port": 5601,
                "predefined_target": "",
                "protocol": "TCP",
                "security_group_id": "",
                "to_port": -1,
                "v4_cidr_blocks": [
                  "0.0.0.0/0"
                ],
                "v6_cidr_blocks": []
              },
              {
                "description": "SSH from Bastion",
                "from_port": -1,
                "id": "enpopvjrv1jv3cvon235",
                "labels": {},
                "port": 22,
                "predefined_target": "",
                "protocol": "TCP",
                "security_group_id": "enpd3iebvmtjcmfr363j",
                "to_port": -1,
                "v4_cidr_blocks": [],
                "v6_cidr_blocks": []
              }
            ],
            "labels": {},
            "name": "kibana-sg",
            "network_id": "enp9e4la4lgpvgr1l82v",
            "status": "ACTIVE",
            "timeouts": null
          },
          "sensitive_attributes": [],
          "identity_schema_version": 0,
          "private": "eyJlMmJmYjczMC1lY2FhLTExZTYtOGY4OC0zNDM2M2JjN2M0YzAiOnsiY3JlYXRlIjoxODAwMDAwMDAwMDAsImRlbGV0ZSI6MTgwMDAwMDAwMDAwLCJ1cGRhdGUiOjE4MDAwMDAwMDAwMH19",
          "dependencies": [
            "yandex_vpc_network.diploma-network",
            "yandex_vpc_security_group.bastion-sg"
          ]
        }
      ]
    },
    {
      "mode": "managed",
      "type": "yandex_vpc_security_group",
      "name": "web-sg",
      "provider": "provider[\"registry.terraform.io/yandex-cloud/yandex\"]",
      "instances": [
        {
          "schema_version": 0,
          "attributes": {
            "created_at": "2025-10-04T11:15:26Z",
            "description": "",
            "egress": [
              {
                "description": "",
                "from_port": 0,
                "id": "enpbbj5f1r0f141c896m",
                "labels": {},
                "port": -1,
                "predefined_target": "",
                "protocol": "ANY",
                "security_group_id": "",
                "to_port": 65535,
                "v4_cidr_blocks": [
                  "0.0.0.0/0"
                ],
                "v6_cidr_blocks": []
              }
            ],
            "folder_id": "b1gqe649cpgjsd7qhnu5",
            "id": "enpi7g961l4skv9r6s5o",
            "ingress": [
              {
                "description": "HTTP from ALB",
                "from_port": -1,
                "id": "enpf87ld3tc47rldjrma",
                "labels": {},
                "port": 80,
                "predefined_target": "",
                "protocol": "TCP",
                "security_group_id": "enpmjl9c2hjimdgia039",
                "to_port": -1,
                "v4_cidr_blocks": [],
                "v6_cidr_blocks": []
              },
              {
                "description": "Health Checks from Yandex ALB",
                "from_port": -1,
                "id": "enppo8p4e2pmmvj6nu72",
                "labels": {},
                "port": 80,
                "predefined_target": "",
                "protocol": "TCP",
                "security_group_id": "",
                "to_port": -1,
                "v4_cidr_blocks": [
                  "198.18.235.0/24",
                  "198.18.248.0/24"
                ],
                "v6_cidr_blocks": []
              },
              {
                "description": "SSH from Bastion",
                "from_port": -1,
                "id": "enpjegi69imdk1576rma",
                "labels": {},
                "port": 22,
                "predefined_target": "",
                "protocol": "TCP",
                "security_group_id": "enpd3iebvmtjcmfr363j",
                "to_port": -1,
                "v4_cidr_blocks": [],
                "v6_cidr_blocks": []
              },
              {
                "description": "Zabbix Agent",
                "from_port": -1,
                "id": "enppv7m46erc6f0cu9d4",
                "labels": {},
                "port": 10050,
                "predefined_target": "",
                "protocol": "TCP",
                "security_group_id": "enpatqunhjpbqdecvhis",
                "to_port": -1,
                "v4_cidr_blocks": [],
                "v6_cidr_blocks": []
              }
            ],
            "labels": {},
            "name": "web-sg",
            "network_id": "enp9e4la4lgpvgr1l82v",
            "status": "ACTIVE",
            "timeouts": null
          },
          "sensitive_attributes": [],
          "identity_schema_version": 0,
          "private": "eyJlMmJmYjczMC1lY2FhLTExZTYtOGY4OC0zNDM2M2JjN2M0YzAiOnsiY3JlYXRlIjoxODAwMDAwMDAwMDAsImRlbGV0ZSI6MTgwMDAwMDAwMDAwLCJ1cGRhdGUiOjE4MDAwMDAwMDAwMH19",
          "dependencies": [
            "yandex_vpc_network.diploma-network",
            "yandex_vpc_security_group.alb-sg",
            "yandex_vpc_security_group.bastion-sg",
            "yandex_vpc_security_group.zabbix-sg"
          ]
        }
      ]
    },
    {
      "mode": "managed",
      "type": "yandex_vpc_security_group",
      "name": "zabbix-sg",
      "provider": "provider[\"registry.terraform.io/yandex-cloud/yandex\"]",
      "instances": [
        {
          "schema_version": 0,
          "attributes": {
            "created_at": "2025-10-04T11:15:25Z",
            "description": "",
            "egress": [
              {
                "description": "",
                "from_port": 0,
                "id": "enpju6i9a57upaavrhd8",
                "labels": {},
                "port": -1,
                "predefined_target": "",
                "protocol": "ANY",
                "security_group_id": "",
                "to_port": 65535,
                "v4_cidr_blocks": [
                  "0.0.0.0/0"
                ],
                "v6_cidr_blocks": []
              }
            ],
            "folder_id": "b1gqe649cpgjsd7qhnu5",
            "id": "enpatqunhjpbqdecvhis",
            "ingress": [
              {
                "description": "HTTP",
                "from_port": -1,
                "id": "enpgqe8k3prcfnfe6m48",
                "labels": {},
                "port": 80,
                "predefined_target": "",
                "protocol": "TCP",
                "security_group_id": "",
                "to_port": -1,
                "v4_cidr_blocks": [
                  "0.0.0.0/0"
                ],
                "v6_cidr_blocks": []
              },
              {
                "description": "HTTPS",
                "from_port": -1,
                "id": "enpibvs8iqsohf6ccae8",
                "labels": {},
                "port": 443,
                "predefined_target": "",
                "protocol": "TCP",
                "security_group_id": "",
                "to_port": -1,
                "v4_cidr_blocks": [
                  "0.0.0.0/0"
                ],
                "v6_cidr_blocks": []
              },
              {
                "description": "SSH from Bastion",
                "from_port": -1,
                "id": "enpei1re38f7j9eard1p",
                "labels": {},
                "port": 22,
                "predefined_target": "",
                "protocol": "TCP",
                "security_group_id": "enpd3iebvmtjcmfr363j",
                "to_port": -1,
                "v4_cidr_blocks": [],
                "v6_cidr_blocks": []
              },
              {
                "description": "Zabbix Server",
                "from_port": -1,
                "id": "enpktr35e78mnkqngi3i",
                "labels": {},
                "port": 10051,
                "predefined_target": "",
                "protocol": "TCP",
                "security_group_id": "",
                "to_port": -1,
                "v4_cidr_blocks": [
                  "0.0.0.0/0"
                ],
                "v6_cidr_blocks": []
              }
            ],
            "labels": {},
            "name": "zabbix-sg",
            "network_id": "enp9e4la4lgpvgr1l82v",
            "status": "ACTIVE",
            "timeouts": null
          },
          "sensitive_attributes": [],
          "identity_schema_version": 0,
          "private": "eyJlMmJmYjczMC1lY2FhLTExZTYtOGY4OC0zNDM2M2JjN2M0YzAiOnsiY3JlYXRlIjoxODAwMDAwMDAwMDAsImRlbGV0ZSI6MTgwMDAwMDAwMDAwLCJ1cGRhdGUiOjE4MDAwMDAwMDAwMH19",
          "dependencies": [
            "yandex_vpc_network.diploma-network",
            "yandex_vpc_security_group.bastion-sg"
          ]
        }
      ]
    },
    {
      "mode": "managed",
      "type": "yandex_vpc_subnet",
      "name": "private-subnet",
      "provider": "provider[\"registry.terraform.io/yandex-cloud/yandex\"]",
      "instances": [
        {
          "schema_version": 0,
          "attributes": {
            "created_at": "2025-10-04T11:15:23Z",
            "description": "",
            "dhcp_options": [],
            "folder_id": "b1gqe649cpgjsd7qhnu5",
            "id": "e9bblm409qrsc3gpl545",
            "labels": {},
            "name": "private-subnet",
            "network_id": "enp9e4la4lgpvgr1l82v",
            "route_table_id": "enpg7h05tmdk0cljo23o",
            "timeouts": null,
            "v4_cidr_blocks": [
              "192.168.20.0/24"
            ],
            "v6_cidr_blocks": [],
            "zone": "ru-central1-a"
          },
          "sensitive_attributes": [],
          "identity_schema_version": 0,
          "private": "eyJlMmJmYjczMC1lY2FhLTExZTYtOGY4OC0zNDM2M2JjN2M0YzAiOnsiY3JlYXRlIjoxODAwMDAwMDAwMDAsImRlbGV0ZSI6MTgwMDAwMDAwMDAwLCJ1cGRhdGUiOjE4MDAwMDAwMDAwMH19",
          "dependencies": [
            "yandex_vpc_gateway.nat-gateway",
            "yandex_vpc_network.diploma-network",
            "yandex_vpc_route_table.private-rt"
          ]
        }
      ]
    },
    {
      "mode": "managed",
      "type": "yandex_vpc_subnet",
      "name": "private-subnet-b",
      "provider": "provider[\"registry.terraform.io/yandex-cloud/yandex\"]",
      "instances": [
        {
          "schema_version": 0,
          "attributes": {
            "created_at": "2025-10-04T11:15:22Z",
            "description": "",
            "dhcp_options": [],
            "folder_id": "b1gqe649cpgjsd7qhnu5",
            "id": "e2l95s02hrobc50u03ip",
            "labels": {},
            "name": "private-subnet-b",
            "network_id": "enp9e4la4lgpvgr1l82v",
            "route_table_id": "enpg7h05tmdk0cljo23o",
            "timeouts": null,
            "v4_cidr_blocks": [
              "192.168.30.0/24"
            ],
            "v6_cidr_blocks": [],
            "zone": "ru-central1-b"
          },
          "sensitive_attributes": [],
          "identity_schema_version": 0,
          "private": "eyJlMmJmYjczMC1lY2FhLTExZTYtOGY4OC0zNDM2M2JjN2M0YzAiOnsiY3JlYXRlIjoxODAwMDAwMDAwMDAsImRlbGV0ZSI6MTgwMDAwMDAwMDAwLCJ1cGRhdGUiOjE4MDAwMDAwMDAwMH19",
          "dependencies": [
            "yandex_vpc_gateway.nat-gateway",
            "yandex_vpc_network.diploma-network",
            "yandex_vpc_route_table.private-rt"
          ]
        }
      ]
    },
    {
      "mode": "managed",
      "type": "yandex_vpc_subnet",
      "name": "public-subnet",
      "provider": "provider[\"registry.terraform.io/yandex-cloud/yandex\"]",
      "instances": [
        {
          "schema_version": 0,
          "attributes": {
            "created_at": "2025-10-04T11:15:20Z",
            "description": "",
            "dhcp_options": [],
            "folder_id": "b1gqe649cpgjsd7qhnu5",
            "id": "e9brqthresmc78rbl448",
            "labels": {},
            "name": "public-subnet",
            "network_id": "enp9e4la4lgpvgr1l82v",
            "route_table_id": "",
            "timeouts": null,
            "v4_cidr_blocks": [
              "192.168.10.0/24"
            ],
            "v6_cidr_blocks": [],
            "zone": "ru-central1-a"
          },
          "sensitive_attributes": [],
          "identity_schema_version": 0,
          "private": "eyJlMmJmYjczMC1lY2FhLTExZTYtOGY4OC0zNDM2M2JjN2M0YzAiOnsiY3JlYXRlIjoxODAwMDAwMDAwMDAsImRlbGV0ZSI6MTgwMDAwMDAwMDAwLCJ1cGRhdGUiOjE4MDAwMDAwMDAwMH19",
          "dependencies": [
            "yandex_vpc_network.diploma-network"
          ]
        }
      ]
    }
  ],
  "check_results": null
}
