{
  "version": 4,
  "terraform_version": "1.13.3",
  "serial": 555,
  "lineage": "a3a895f2-1f80-1124-3f2f-c60c2f84b33b",
  "outputs": {
    "alb_external_ip": {
      "value": "84.201.151.4",
      "type": "string"
    },
    "bastion_external_ip": {
      "value": "51.250.82.140",
      "type": "string"
    },
    "elastic_internal_ip": {
      "value": "192.168.20.19",
      "type": "string"
    },
    "kibana_external_ip": {
      "value": "158.160.105.45",
      "type": "string"
    },
    "web_1_internal_ip": {
      "value": "192.168.20.14",
      "type": "string"
    },
    "web_2_internal_ip": {
      "value": "192.168.30.4",
      "type": "string"
    },
    "zabbix_external_ip": {
      "value": "51.250.2.200",
      "type": "string"
    },
    "zabbix_internal_ip": {
      "value": "192.168.10.16",
      "type": "string"
    }
  },
  "resources": [
    {
      "mode": "managed",
      "type": "yandex_alb_backend_group",
      "name": "web-bg",
      "provider": "provider[\"registry.terraform.io/yandex-cloud/yandex\"]",
      "instances": [
        {
          "schema_version": 0,
          "attributes": {
            "created_at": "2025-09-22T13:10:46Z",
            "description": "",
            "folder_id": "b1gqe649cpgjsd7qhnu5",
            "grpc_backend": [],
            "http_backend": [
              {
                "healthcheck": [
                  {
                    "grpc_healthcheck": [],
                    "healthcheck_port": 0,
                    "healthy_threshold": 0,
                    "http_healthcheck": [
                      {
                        "expected_statuses": null,
                        "host": "",
                        "http2": false,
                        "path": "/"
                      }
                    ],
                    "interval": "2s",
                    "interval_jitter_percent": 0,
                    "stream_healthcheck": [],
                    "timeout": "10s",
                    "unhealthy_threshold": 0
                  }
                ],
                "http2": false,
                "load_balancing_config": [],
                "name": "web-backend",
                "port": 80,
                "storage_bucket": "",
                "target_group_ids": [
                  "ds7h2qqpjthdru6jmvht"
                ],
                "tls": [],
                "weight": 1
              }
            ],
            "id": "ds7keqr1n74lff3h1l80",
            "labels": null,
            "name": "web-bg",
            "session_affinity": [],
            "stream_backend": [],
            "timeouts": null
          },
          "sensitive_attributes": [],
          "identity_schema_version": 0,
          "private": "eyJlMmJmYjczMC1lY2FhLTExZTYtOGY4OC0zNDM2M2JjN2M0YzAiOnsiY3JlYXRlIjozMDAwMDAwMDAwMDAsImRlbGV0ZSI6MzAwMDAwMDAwMDAwLCJ1cGRhdGUiOjMwMDAwMDAwMDAwMH19",
          "dependencies": [
            "yandex_alb_target_group.web-tg",
            "yandex_compute_instance.web-1",
            "yandex_compute_instance.web-2",
            "yandex_iam_service_account.vm-sa",
            "yandex_vpc_gateway.nat-gateway",
            "yandex_vpc_network.diploma-network",
            "yandex_vpc_route_table.private-rt",
            "yandex_vpc_security_group.alb-sg",
            "yandex_vpc_security_group.bastion-sg",
            "yandex_vpc_security_group.web-sg",
            "yandex_vpc_security_group.zabbix-sg",
            "yandex_vpc_subnet.private-subnet",
            "yandex_vpc_subnet.private-subnet-b"
          ]
        }
      ]
    },
    {
      "mode": "managed",
      "type": "yandex_alb_http_router",
      "name": "web-router",
      "provider": "provider[\"registry.terraform.io/yandex-cloud/yandex\"]",
      "instances": [
        {
          "schema_version": 0,
          "attributes": {
            "created_at": "2025-09-22T13:09:26Z",
            "description": "",
            "folder_id": "b1gqe649cpgjsd7qhnu5",
            "id": "ds7l8o1j7fdtm5ipk5o3",
            "labels": null,
            "name": "web-router",
            "route_options": [],
            "timeouts": null
          },
          "sensitive_attributes": [],
          "identity_schema_version": 0,
          "private": "eyJlMmJmYjczMC1lY2FhLTExZTYtOGY4OC0zNDM2M2JjN2M0YzAiOnsiY3JlYXRlIjozMDAwMDAwMDAwMDAsImRlbGV0ZSI6MzAwMDAwMDAwMDAwLCJ1cGRhdGUiOjMwMDAwMDAwMDAwMH19"
        }
      ]
    },
    {
      "mode": "managed",
      "type": "yandex_alb_load_balancer",
      "name": "web-alb",
      "provider": "provider[\"registry.terraform.io/yandex-cloud/yandex\"]",
      "instances": [
        {
          "schema_version": 0,
          "attributes": {
            "allocation_policy": [
              {
                "location": [
                  {
                    "disable_traffic": false,
                    "subnet_id": "e9bg4kjgm105omdmqllm",
                    "zone_id": "ru-central1-a"
                  }
                ]
              }
            ],
            "allow_zonal_shift": false,
            "auto_scale_policy": [],
            "created_at": "2025-09-22T13:09:35Z",
            "description": "",
            "folder_id": "b1gqe649cpgjsd7qhnu5",
            "id": "ds70etaf09jttt9rki13",
            "labels": null,
            "listener": [
              {
                "endpoint": [
                  {
                    "address": [
                      {
                        "external_ipv4_address": [
                          {
                            "address": "84.201.151.4"
                          }
                        ],
                        "external_ipv6_address": [],
                        "internal_ipv4_address": []
                      }
                    ],
                    "ports": [
                      80
                    ]
                  }
                ],
                "http": [
                  {
                    "handler": [
                      {
                        "allow_http10": false,
                        "http2_options": [],
                        "http_router_id": "ds7l8o1j7fdtm5ipk5o3",
                        "rewrite_request_id": false
                      }
                    ],
                    "redirects": []
                  }
                ],
                "name": "web-listener",
                "stream": [],
                "tls": []
              }
            ],
            "log_group_id": "",
            "log_options": [],
            "name": "web-alb",
            "network_id": "enpuk063i3js4ruevti3",
            "region_id": "",
            "security_group_ids": [
              "enpks1utgjpuj90kjssr"
            ],
            "status": "active",
            "timeouts": null
          },
          "sensitive_attributes": [],
          "identity_schema_version": 0,
          "private": "eyJlMmJmYjczMC1lY2FhLTExZTYtOGY4OC0zNDM2M2JjN2M0YzAiOnsiY3JlYXRlIjo2MDAwMDAwMDAwMDAsImRlbGV0ZSI6NjAwMDAwMDAwMDAwLCJ1cGRhdGUiOjYwMDAwMDAwMDAwMH19",
          "dependencies": [
            "yandex_alb_http_router.web-router",
            "yandex_vpc_network.diploma-network",
            "yandex_vpc_security_group.alb-sg",
            "yandex_vpc_subnet.public-subnet"
          ]
        }
      ]
    },
    {
      "mode": "managed",
      "type": "yandex_alb_target_group",
      "name": "web-tg",
      "provider": "provider[\"registry.terraform.io/yandex-cloud/yandex\"]",
      "instances": [
        {
          "schema_version": 0,
          "attributes": {
            "created_at": "2025-09-22T13:10:45Z",
            "description": "",
            "folder_id": "b1gqe649cpgjsd7qhnu5",
            "id": "ds7h2qqpjthdru6jmvht",
            "labels": null,
            "name": "web-tg",
            "target": [
              {
                "ip_address": "192.168.20.14",
                "private_ipv4_address": false,
                "subnet_id": "e9bqp011mj5948r8pmes"
              },
              {
                "ip_address": "192.168.30.4",
                "private_ipv4_address": false,
                "subnet_id": "e2lj2uf81i8bi0e17r3p"
              }
            ],
            "timeouts": null
          },
          "sensitive_attributes": [],
          "identity_schema_version": 0,
          "private": "eyJlMmJmYjczMC1lY2FhLTExZTYtOGY4OC0zNDM2M2JjN2M0YzAiOnsiY3JlYXRlIjozMDAwMDAwMDAwMDAsImRlbGV0ZSI6MzAwMDAwMDAwMDAwLCJ1cGRhdGUiOjMwMDAwMDAwMDAwMH19",
          "dependencies": [
            "yandex_compute_instance.web-1",
            "yandex_compute_instance.web-2",
            "yandex_iam_service_account.vm-sa",
            "yandex_vpc_gateway.nat-gateway",
            "yandex_vpc_network.diploma-network",
            "yandex_vpc_route_table.private-rt",
            "yandex_vpc_security_group.alb-sg",
            "yandex_vpc_security_group.bastion-sg",
            "yandex_vpc_security_group.web-sg",
            "yandex_vpc_security_group.zabbix-sg",
            "yandex_vpc_subnet.private-subnet",
            "yandex_vpc_subnet.private-subnet-b"
          ]
        }
      ]
    },
    {
      "mode": "managed",
      "type": "yandex_alb_virtual_host",
      "name": "web-vh",
      "provider": "provider[\"registry.terraform.io/yandex-cloud/yandex\"]",
      "instances": [
        {
          "schema_version": 0,
          "attributes": {
            "authority": null,
            "http_router_id": "ds7l8o1j7fdtm5ipk5o3",
            "id": "ds7l8o1j7fdtm5ipk5o3/web-vh",
            "modify_request_headers": [],
            "modify_response_headers": [],
            "name": "web-vh",
            "rate_limit": [],
            "route": [
              {
                "disable_security_profile": false,
                "grpc_route": [],
                "http_route": [
                  {
                    "direct_response_action": [],
                    "http_match": [],
                    "http_route_action": [
                      {
                        "auto_host_rewrite": false,
                        "backend_group_id": "ds7keqr1n74lff3h1l80",
                        "host_rewrite": "",
                        "idle_timeout": "",
                        "prefix_rewrite": "",
                        "rate_limit": [],
                        "regex_rewrite": [],
                        "timeout": "1m0s",
                        "upgrade_types": null
                      }
                    ],
                    "redirect_action": []
                  }
                ],
                "name": "route",
                "route_options": []
              }
            ],
            "route_options": [],
            "timeouts": null
          },
          "sensitive_attributes": [],
          "identity_schema_version": 0,
          "private": "eyJlMmJmYjczMC1lY2FhLTExZTYtOGY4OC0zNDM2M2JjN2M0YzAiOnsiY3JlYXRlIjozMDAwMDAwMDAwMDAsImRlbGV0ZSI6MzAwMDAwMDAwMDAwLCJ1cGRhdGUiOjMwMDAwMDAwMDAwMH19",
          "dependencies": [
            "yandex_alb_backend_group.web-bg",
            "yandex_alb_http_router.web-router",
            "yandex_alb_target_group.web-tg",
            "yandex_compute_instance.web-1",
            "yandex_compute_instance.web-2",
            "yandex_iam_service_account.vm-sa",
            "yandex_vpc_gateway.nat-gateway",
            "yandex_vpc_network.diploma-network",
            "yandex_vpc_route_table.private-rt",
            "yandex_vpc_security_group.alb-sg",
            "yandex_vpc_security_group.bastion-sg",
            "yandex_vpc_security_group.web-sg",
            "yandex_vpc_security_group.zabbix-sg",
            "yandex_vpc_subnet.private-subnet",
            "yandex_vpc_subnet.private-subnet-b"
          ]
        }
      ]
    },
    {
      "mode": "managed",
      "type": "yandex_compute_instance",
      "name": "bastion",
      "provider": "provider[\"registry.terraform.io/yandex-cloud/yandex\"]",
      "instances": [
        {
          "schema_version": 1,
          "attributes": {
            "allow_recreate": null,
            "allow_stopping_for_update": null,
            "boot_disk": [
              {
                "auto_delete": true,
                "device_name": "fhmv5bhg407fl9v3bd2c",
                "disk_id": "fhmv5bhg407fl9v3bd2c",
                "initialize_params": [
                  {
                    "block_size": 4096,
                    "description": "",
                    "image_id": "fd827b91d99psvq5fjit",
                    "kms_key_id": "",
                    "name": "",
                    "size": 10,
                    "snapshot_id": "",
                    "type": "network-hdd"
                  }
                ],
                "mode": "READ_WRITE"
              }
            ],
            "created_at": "2025-09-22T13:09:41Z",
            "description": "",
            "filesystem": [],
            "folder_id": "b1gqe649cpgjsd7qhnu5",
            "fqdn": "bastion.ru-central1.internal",
            "gpu_cluster_id": "",
            "hardware_generation": [
              {
                "generation2_features": [],
                "legacy_features": [
                  {
                    "pci_topology": "PCI_TOPOLOGY_V1"
                  }
                ]
              }
            ],
            "hostname": "bastion",
            "id": "fhmr67stllhgm51l05ej",
            "labels": null,
            "local_disk": [],
            "maintenance_grace_period": "",
            "maintenance_policy": null,
            "metadata": {
              "serial-port-enable": "1",
              "ssh-keys": "user:ssh-rsa AAAAB3NzaC1yc2EAAAADAQABAAABAQC1Lj6LQUHClkT1OY6RnoRDNAploYo96iDxkHuQwHlbsenIoSOOWsElcMqbWgJqigUGWiCU78KVLZl6HCxFWYD9EDao/nmnaob2mym/doVHCuucI+5yYAMsWw2dXJbIGuMK49ExOiD6oW4Ls16hPV+nTtlr6/WdCK7VyOi4AFtmj2w5dNCedom3jN7rWBolhouvDBB64Ka4ueRlE6eVdoI8kNadKcQpcz82FREnZPfNnWnWz0sUTcEl0skdc/gMioyEu7sXAZx9A45Al5XlUAu8v3o7WHTc3WV392CZ4xkgxdrjJqLUUIVjBsGyBk9TmEuahKR1SnJM06+iqqJTbzdD art@debian-test-CLEAN\n",
              "user-data": "#cloud-config\nusers:\n  - name: user\n    groups: sudo\n    shell: /bin/bash\n    sudo: [\"ALL=(ALL) NOPASSWD:ALL\"]\n    ssh_authorized_keys:\n      - ssh-ed25519 AAAAC3NzaC1lZDI1NTE5AAAAIOxAJ9lQnCS5JnQrSrV5PpbAMGxoODP0VzQhRewbrJtn art@debian-test-CLEAN\n\n  - name: admin\n    groups: sudo\n    shell: /bin/bash\n    sudo: [\"ALL=(ALL) NOPASSWD:ALL\"]\n    lock_passwd: false\n    passwd: \"$6$rounds=4096$wPs2z7VqC9$X6q5h7W8pY2rT3sV1qZ9mN0bC4dF7gH2jK5lP8oR6tS9uY4vAxE3zB1cM6nDf\" \n    # Пароль: 123456\nssh_pwauth: true\ndisable_root: false"
            },
            "metadata_options": [
              {
                "aws_v1_http_endpoint": 1,
                "aws_v1_http_token": 2,
                "gce_http_endpoint": 1,
                "gce_http_token": 1
              }
            ],
            "name": "bastion",
            "network_acceleration_type": "standard",
            "network_interface": [
              {
                "dns_record": [],
                "index": 0,
                "ip_address": "192.168.10.15",
                "ipv4": true,
                "ipv6": false,
                "ipv6_address": "",
                "ipv6_dns_record": [],
                "mac_address": "d0:0d:1b:31:f9:da",
                "nat": true,
                "nat_dns_record": [],
                "nat_ip_address": "51.250.82.140",
                "nat_ip_version": "IPV4",
                "security_group_ids": [
                  "enp7uh8ivi1482mkq821"
                ],
                "subnet_id": "e9bg4kjgm105omdmqllm"
              }
            ],
            "placement_policy": [
              {
                "host_affinity_rules": [],
                "placement_group_id": "",
                "placement_group_partition": 0
              }
            ],
            "platform_id": "standard-v3",
            "resources": [
              {
                "core_fraction": 100,
                "cores": 2,
                "gpus": 0,
                "memory": 2
              }
            ],
            "scheduling_policy": [
              {
                "preemptible": true
              }
            ],
            "secondary_disk": [],
            "service_account_id": "",
            "status": "running",
            "timeouts": null,
            "zone": "ru-central1-a"
          },
          "sensitive_attributes": [],
          "identity_schema_version": 0,
          "private": "eyJlMmJmYjczMC1lY2FhLTExZTYtOGY4OC0zNDM2M2JjN2M0YzAiOnsiY3JlYXRlIjozMDAwMDAwMDAwMDAsImRlbGV0ZSI6MzAwMDAwMDAwMDAwLCJ1cGRhdGUiOjMwMDAwMDAwMDAwMH0sInNjaGVtYV92ZXJzaW9uIjoiMSJ9",
          "dependencies": [
            "yandex_vpc_network.diploma-network",
            "yandex_vpc_security_group.bastion-sg",
            "yandex_vpc_subnet.public-subnet"
          ]
        }
      ]
    },
    {
      "mode": "managed",
      "type": "yandex_compute_instance",
      "name": "elastic",
      "provider": "provider[\"registry.terraform.io/yandex-cloud/yandex\"]",
      "instances": [
        {
          "schema_version": 1,
          "attributes": {
            "allow_recreate": null,
            "allow_stopping_for_update": null,
            "boot_disk": [
              {
                "auto_delete": true,
                "device_name": "fhmtdbtgpfdlhn39a4s6",
                "disk_id": "fhmtdbtgpfdlhn39a4s6",
                "initialize_params": [
                  {
                    "block_size": 4096,
                    "description": "",
                    "image_id": "fd827b91d99psvq5fjit",
                    "kms_key_id": "",
                    "name": "",
                    "size": 10,
                    "snapshot_id": "",
                    "type": "network-hdd"
                  }
                ],
                "mode": "READ_WRITE"
              }
            ],
            "created_at": "2025-09-22T13:10:07Z",
            "description": "",
            "filesystem": [],
            "folder_id": "b1gqe649cpgjsd7qhnu5",
            "fqdn": "elastic.ru-central1.internal",
            "gpu_cluster_id": "",
            "hardware_generation": [
              {
                "generation2_features": [],
                "legacy_features": [
                  {
                    "pci_topology": "PCI_TOPOLOGY_V1"
                  }
                ]
              }
            ],
            "hostname": "elastic",
            "id": "fhmgn15k803t901bjhuh",
            "labels": null,
            "local_disk": [],
            "maintenance_grace_period": "",
            "maintenance_policy": null,
            "metadata": {
              "serial-port-enable": "1",
              "ssh-keys": "user:ssh-rsa AAAAB3NzaC1yc2EAAAADAQABAAABAQC1Lj6LQUHClkT1OY6RnoRDNAploYo96iDxkHuQwHlbsenIoSOOWsElcMqbWgJqigUGWiCU78KVLZl6HCxFWYD9EDao/nmnaob2mym/doVHCuucI+5yYAMsWw2dXJbIGuMK49ExOiD6oW4Ls16hPV+nTtlr6/WdCK7VyOi4AFtmj2w5dNCedom3jN7rWBolhouvDBB64Ka4ueRlE6eVdoI8kNadKcQpcz82FREnZPfNnWnWz0sUTcEl0skdc/gMioyEu7sXAZx9A45Al5XlUAu8v3o7WHTc3WV392CZ4xkgxdrjJqLUUIVjBsGyBk9TmEuahKR1SnJM06+iqqJTbzdD art@debian-test-CLEAN\n",
              "user-data": "#cloud-config\nusers:\n  - name: user\n    groups: sudo\n    shell: /bin/bash\n    sudo: [\"ALL=(ALL) NOPASSWD:ALL\"]\n    ssh_authorized_keys:\n      - ssh-ed25519 AAAAC3NzaC1lZDI1NTE5AAAAIOxAJ9lQnCS5JnQrSrV5PpbAMGxoODP0VzQhRewbrJtn art@debian-test-CLEAN\n\n  - name: admin\n    groups: sudo\n    shell: /bin/bash\n    sudo: [\"ALL=(ALL) NOPASSWD:ALL\"]\n    lock_passwd: false\n    passwd: \"$6$rounds=4096$wPs2z7VqC9$X6q5h7W8pY2rT3sV1qZ9mN0bC4dF7gH2jK5lP8oR6tS9uY4vAxE3zB1cM6nDf\" \n    # Пароль: 123456\nssh_pwauth: true\ndisable_root: false"
            },
            "metadata_options": [
              {
                "aws_v1_http_endpoint": 1,
                "aws_v1_http_token": 2,
                "gce_http_endpoint": 1,
                "gce_http_token": 1
              }
            ],
            "name": "elastic",
            "network_acceleration_type": "standard",
            "network_interface": [
              {
                "dns_record": [],
                "index": 0,
                "ip_address": "192.168.20.19",
                "ipv4": true,
                "ipv6": false,
                "ipv6_address": "",
                "ipv6_dns_record": [],
                "mac_address": "d0:0d:10:b8:4b:44",
                "nat": false,
                "nat_dns_record": [],
                "nat_ip_address": "",
                "nat_ip_version": "",
                "security_group_ids": [
                  "enpp4pv07g2m8qmemrvf"
                ],
                "subnet_id": "e9bqp011mj5948r8pmes"
              }
            ],
            "placement_policy": [
              {
                "host_affinity_rules": [],
                "placement_group_id": "",
                "placement_group_partition": 0
              }
            ],
            "platform_id": "standard-v3",
            "resources": [
              {
                "core_fraction": 100,
                "cores": 2,
                "gpus": 0,
                "memory": 4
              }
            ],
            "scheduling_policy": [
              {
                "preemptible": true
              }
            ],
            "secondary_disk": [],
            "service_account_id": "ajeer2r2qec38u80jtss",
            "status": "running",
            "timeouts": null,
            "zone": "ru-central1-a"
          },
          "sensitive_attributes": [],
          "identity_schema_version": 0,
          "private": "eyJlMmJmYjczMC1lY2FhLTExZTYtOGY4OC0zNDM2M2JjN2M0YzAiOnsiY3JlYXRlIjozMDAwMDAwMDAwMDAsImRlbGV0ZSI6MzAwMDAwMDAwMDAwLCJ1cGRhdGUiOjMwMDAwMDAwMDAwMH0sInNjaGVtYV92ZXJzaW9uIjoiMSJ9",
          "dependencies": [
            "yandex_iam_service_account.vm-sa",
            "yandex_vpc_gateway.nat-gateway",
            "yandex_vpc_network.diploma-network",
            "yandex_vpc_route_table.private-rt",
            "yandex_vpc_security_group.bastion-sg",
            "yandex_vpc_security_group.elastic-sg",
            "yandex_vpc_security_group.kibana-sg",
            "yandex_vpc_subnet.private-subnet"
          ]
        }
      ]
    },
    {
      "mode": "managed",
      "type": "yandex_compute_instance",
      "name": "kibana",
      "provider": "provider[\"registry.terraform.io/yandex-cloud/yandex\"]",
      "instances": [
        {
          "schema_version": 1,
          "attributes": {
            "allow_recreate": null,
            "allow_stopping_for_update": null,
            "boot_disk": [
              {
                "auto_delete": true,
                "device_name": "fhmguiu68kdb8jnl4nkj",
                "disk_id": "fhmguiu68kdb8jnl4nkj",
                "initialize_params": [
                  {
                    "block_size": 4096,
                    "description": "",
                    "image_id": "fd827b91d99psvq5fjit",
                    "kms_key_id": "",
                    "name": "",
                    "size": 10,
                    "snapshot_id": "",
                    "type": "network-hdd"
                  }
                ],
                "mode": "READ_WRITE"
              }
            ],
            "created_at": "2025-09-22T13:10:00Z",
            "description": "",
            "filesystem": [],
            "folder_id": "b1gqe649cpgjsd7qhnu5",
            "fqdn": "kibana.ru-central1.internal",
            "gpu_cluster_id": "",
            "hardware_generation": [
              {
                "generation2_features": [],
                "legacy_features": [
                  {
                    "pci_topology": "PCI_TOPOLOGY_V1"
                  }
                ]
              }
            ],
            "hostname": "kibana",
            "id": "fhmupsvt6ovr92dluej4",
            "labels": null,
            "local_disk": [],
            "maintenance_grace_period": "",
            "maintenance_policy": null,
            "metadata": {
              "serial-port-enable": "1",
              "ssh-keys": "ubuntu:ssh-rsa AAAAB3NzaC1yc2EAAAADAQABAAABAQC1Lj6LQUHClkT1OY6RnoRDNAploYo96iDxkHuQwHlbsenIoSOOWsElcMqbWgJqigUGWiCU78KVLZl6HCxFWYD9EDao/nmnaob2mym/doVHCuucI+5yYAMsWw2dXJbIGuMK49ExOiD6oW4Ls16hPV+nTtlr6/WdCK7VyOi4AFtmj2w5dNCedom3jN7rWBolhouvDBB64Ka4ueRlE6eVdoI8kNadKcQpcz82FREnZPfNnWnWz0sUTcEl0skdc/gMioyEu7sXAZx9A45Al5XlUAu8v3o7WHTc3WV392CZ4xkgxdrjJqLUUIVjBsGyBk9TmEuahKR1SnJM06+iqqJTbzdD art@debian-test-CLEAN\n",
              "user-data": "#cloud-config\nusers:\n  - name: user\n    groups: sudo\n    shell: /bin/bash\n    sudo: [\"ALL=(ALL) NOPASSWD:ALL\"]\n    ssh_authorized_keys:\n      - ssh-ed25519 AAAAC3NzaC1lZDI1NTE5AAAAIOxAJ9lQnCS5JnQrSrV5PpbAMGxoODP0VzQhRewbrJtn art@debian-test-CLEAN\n\n  - name: admin\n    groups: sudo\n    shell: /bin/bash\n    sudo: [\"ALL=(ALL) NOPASSWD:ALL\"]\n    lock_passwd: false\n    passwd: \"$6$rounds=4096$wPs2z7VqC9$X6q5h7W8pY2rT3sV1qZ9mN0bC4dF7gH2jK5lP8oR6tS9uY4vAxE3zB1cM6nDf\" \n    # Пароль: 123456\nssh_pwauth: true\ndisable_root: false"
            },
            "metadata_options": [
              {
                "aws_v1_http_endpoint": 1,
                "aws_v1_http_token": 2,
                "gce_http_endpoint": 1,
                "gce_http_token": 1
              }
            ],
            "name": "kibana",
            "network_acceleration_type": "standard",
            "network_interface": [
              {
                "dns_record": [],
                "index": 0,
                "ip_address": "192.168.10.4",
                "ipv4": true,
                "ipv6": false,
                "ipv6_address": "",
                "ipv6_dns_record": [],
                "mac_address": "d0:0d:1e:cf:3f:d3",
                "nat": true,
                "nat_dns_record": [],
                "nat_ip_address": "158.160.105.45",
                "nat_ip_version": "IPV4",
                "security_group_ids": [
                  "enp325hnlqedi80mpm7j"
                ],
                "subnet_id": "e9bg4kjgm105omdmqllm"
              }
            ],
            "placement_policy": [
              {
                "host_affinity_rules": [],
                "placement_group_id": "",
                "placement_group_partition": 0
              }
            ],
            "platform_id": "standard-v3",
            "resources": [
              {
                "core_fraction": 100,
                "cores": 2,
                "gpus": 0,
                "memory": 2
              }
            ],
            "scheduling_policy": [
              {
                "preemptible": true
              }
            ],
            "secondary_disk": [],
            "service_account_id": "",
            "status": "running",
            "timeouts": null,
            "zone": "ru-central1-a"
          },
          "sensitive_attributes": [],
          "identity_schema_version": 0,
          "private": "eyJlMmJmYjczMC1lY2FhLTExZTYtOGY4OC0zNDM2M2JjN2M0YzAiOnsiY3JlYXRlIjozMDAwMDAwMDAwMDAsImRlbGV0ZSI6MzAwMDAwMDAwMDAwLCJ1cGRhdGUiOjMwMDAwMDAwMDAwMH0sInNjaGVtYV92ZXJzaW9uIjoiMSJ9",
          "dependencies": [
            "yandex_vpc_network.diploma-network",
            "yandex_vpc_security_group.bastion-sg",
            "yandex_vpc_security_group.kibana-sg",
            "yandex_vpc_subnet.public-subnet"
          ]
        }
      ]
    },
    {
      "mode": "managed",
      "type": "yandex_compute_instance",
      "name": "web-1",
      "provider": "provider[\"registry.terraform.io/yandex-cloud/yandex\"]",
      "instances": [
        {
          "schema_version": 1,
          "attributes": {
            "allow_recreate": null,
            "allow_stopping_for_update": null,
            "boot_disk": [
              {
                "auto_delete": true,
                "device_name": "fhmdv22n0f3jtp1667n5",
                "disk_id": "fhmdv22n0f3jtp1667n5",
                "initialize_params": [
                  {
                    "block_size": 4096,
                    "description": "",
                    "image_id": "fd827b91d99psvq5fjit",
                    "kms_key_id": "",
                    "name": "",
                    "size": 10,
                    "snapshot_id": "",
                    "type": "network-hdd"
                  }
                ],
                "mode": "READ_WRITE"
              }
            ],
            "created_at": "2025-09-22T13:09:49Z",
            "description": "",
            "filesystem": [],
            "folder_id": "b1gqe649cpgjsd7qhnu5",
            "fqdn": "web-1.ru-central1.internal",
            "gpu_cluster_id": "",
            "hardware_generation": [
              {
                "generation2_features": [],
                "legacy_features": [
                  {
                    "pci_topology": "PCI_TOPOLOGY_V1"
                  }
                ]
              }
            ],
            "hostname": "web-1",
            "id": "fhmf5nimc64obhm54ma5",
            "labels": null,
            "local_disk": [],
            "maintenance_grace_period": "",
            "maintenance_policy": null,
            "metadata": {
              "serial-port-enable": "1",
              "ssh-keys": "user:ssh-rsa AAAAB3NzaC1yc2EAAAADAQABAAABAQC1Lj6LQUHClkT1OY6RnoRDNAploYo96iDxkHuQwHlbsenIoSOOWsElcMqbWgJqigUGWiCU78KVLZl6HCxFWYD9EDao/nmnaob2mym/doVHCuucI+5yYAMsWw2dXJbIGuMK49ExOiD6oW4Ls16hPV+nTtlr6/WdCK7VyOi4AFtmj2w5dNCedom3jN7rWBolhouvDBB64Ka4ueRlE6eVdoI8kNadKcQpcz82FREnZPfNnWnWz0sUTcEl0skdc/gMioyEu7sXAZx9A45Al5XlUAu8v3o7WHTc3WV392CZ4xkgxdrjJqLUUIVjBsGyBk9TmEuahKR1SnJM06+iqqJTbzdD art@debian-test-CLEAN\n",
              "user-data": "#cloud-config\nusers:\n  - name: user\n    groups: sudo\n    shell: /bin/bash\n    sudo: [\"ALL=(ALL) NOPASSWD:ALL\"]\n    ssh_authorized_keys:\n      - ssh-ed25519 AAAAC3NzaC1lZDI1NTE5AAAAIOxAJ9lQnCS5JnQrSrV5PpbAMGxoODP0VzQhRewbrJtn art@debian-test-CLEAN\n\n  - name: admin\n    groups: sudo\n    shell: /bin/bash\n    sudo: [\"ALL=(ALL) NOPASSWD:ALL\"]\n    lock_passwd: false\n    passwd: \"$6$rounds=4096$wPs2z7VqC9$X6q5h7W8pY2rT3sV1qZ9mN0bC4dF7gH2jK5lP8oR6tS9uY4vAxE3zB1cM6nDf\" \n    # Пароль: 123456\nssh_pwauth: true\ndisable_root: false"
            },
            "metadata_options": [
              {
                "aws_v1_http_endpoint": 1,
                "aws_v1_http_token": 2,
                "gce_http_endpoint": 1,
                "gce_http_token": 1
              }
            ],
            "name": "web-1",
            "network_acceleration_type": "standard",
            "network_interface": [
              {
                "dns_record": [],
                "index": 0,
                "ip_address": "192.168.20.14",
                "ipv4": true,
                "ipv6": false,
                "ipv6_address": "",
                "ipv6_dns_record": [],
                "mac_address": "d0:0d:f2:de:56:61",
                "nat": false,
                "nat_dns_record": [],
                "nat_ip_address": "",
                "nat_ip_version": "",
                "security_group_ids": [
                  "enp9korks3utveppkdal"
                ],
                "subnet_id": "e9bqp011mj5948r8pmes"
              }
            ],
            "placement_policy": [
              {
                "host_affinity_rules": [],
                "placement_group_id": "",
                "placement_group_partition": 0
              }
            ],
            "platform_id": "standard-v3",
            "resources": [
              {
                "core_fraction": 100,
                "cores": 2,
                "gpus": 0,
                "memory": 2
              }
            ],
            "scheduling_policy": [
              {
                "preemptible": true
              }
            ],
            "secondary_disk": [],
            "service_account_id": "ajeer2r2qec38u80jtss",
            "status": "running",
            "timeouts": null,
            "zone": "ru-central1-a"
          },
          "sensitive_attributes": [],
          "identity_schema_version": 0,
          "private": "eyJlMmJmYjczMC1lY2FhLTExZTYtOGY4OC0zNDM2M2JjN2M0YzAiOnsiY3JlYXRlIjozMDAwMDAwMDAwMDAsImRlbGV0ZSI6MzAwMDAwMDAwMDAwLCJ1cGRhdGUiOjMwMDAwMDAwMDAwMH0sInNjaGVtYV92ZXJzaW9uIjoiMSJ9",
          "dependencies": [
            "yandex_iam_service_account.vm-sa",
            "yandex_vpc_gateway.nat-gateway",
            "yandex_vpc_network.diploma-network",
            "yandex_vpc_route_table.private-rt",
            "yandex_vpc_security_group.alb-sg",
            "yandex_vpc_security_group.bastion-sg",
            "yandex_vpc_security_group.web-sg",
            "yandex_vpc_security_group.zabbix-sg",
            "yandex_vpc_subnet.private-subnet"
          ]
        }
      ]
    },
    {
      "mode": "managed",
      "type": "yandex_compute_instance",
      "name": "web-2",
      "provider": "provider[\"registry.terraform.io/yandex-cloud/yandex\"]",
      "instances": [
        {
          "schema_version": 1,
          "attributes": {
            "allow_recreate": null,
            "allow_stopping_for_update": null,
            "boot_disk": [
              {
                "auto_delete": true,
                "device_name": "epd89qn1679qid4btagn",
                "disk_id": "epd89qn1679qid4btagn",
                "initialize_params": [
                  {
                    "block_size": 4096,
                    "description": "",
                    "image_id": "fd827b91d99psvq5fjit",
                    "kms_key_id": "",
                    "name": "",
                    "size": 10,
                    "snapshot_id": "",
                    "type": "network-hdd"
                  }
                ],
                "mode": "READ_WRITE"
              }
            ],
            "created_at": "2025-09-22T13:09:49Z",
            "description": "",
            "filesystem": [],
            "folder_id": "b1gqe649cpgjsd7qhnu5",
            "fqdn": "web-2.ru-central1.internal",
            "gpu_cluster_id": "",
            "hardware_generation": [
              {
                "generation2_features": [],
                "legacy_features": [
                  {
                    "pci_topology": "PCI_TOPOLOGY_V1"
                  }
                ]
              }
            ],
            "hostname": "web-2",
            "id": "epdv9s3mf35eec58j1mg",
            "labels": null,
            "local_disk": [],
            "maintenance_grace_period": "",
            "maintenance_policy": null,
            "metadata": {
              "serial-port-enable": "1",
              "ssh-keys": "user:ssh-rsa AAAAB3NzaC1yc2EAAAADAQABAAABAQC1Lj6LQUHClkT1OY6RnoRDNAploYo96iDxkHuQwHlbsenIoSOOWsElcMqbWgJqigUGWiCU78KVLZl6HCxFWYD9EDao/nmnaob2mym/doVHCuucI+5yYAMsWw2dXJbIGuMK49ExOiD6oW4Ls16hPV+nTtlr6/WdCK7VyOi4AFtmj2w5dNCedom3jN7rWBolhouvDBB64Ka4ueRlE6eVdoI8kNadKcQpcz82FREnZPfNnWnWz0sUTcEl0skdc/gMioyEu7sXAZx9A45Al5XlUAu8v3o7WHTc3WV392CZ4xkgxdrjJqLUUIVjBsGyBk9TmEuahKR1SnJM06+iqqJTbzdD art@debian-test-CLEAN\n",
              "user-data": "#cloud-config\nusers:\n  - name: user\n    groups: sudo\n    shell: /bin/bash\n    sudo: [\"ALL=(ALL) NOPASSWD:ALL\"]\n    ssh_authorized_keys:\n      - ssh-ed25519 AAAAC3NzaC1lZDI1NTE5AAAAIOxAJ9lQnCS5JnQrSrV5PpbAMGxoODP0VzQhRewbrJtn art@debian-test-CLEAN\n\n  - name: admin\n    groups: sudo\n    shell: /bin/bash\n    sudo: [\"ALL=(ALL) NOPASSWD:ALL\"]\n    lock_passwd: false\n    passwd: \"$6$rounds=4096$wPs2z7VqC9$X6q5h7W8pY2rT3sV1qZ9mN0bC4dF7gH2jK5lP8oR6tS9uY4vAxE3zB1cM6nDf\" \n    # Пароль: 123456\nssh_pwauth: true\ndisable_root: false"
            },
            "metadata_options": [
              {
                "aws_v1_http_endpoint": 1,
                "aws_v1_http_token": 2,
                "gce_http_endpoint": 1,
                "gce_http_token": 1
              }
            ],
            "name": "web-2",
            "network_acceleration_type": "standard",
            "network_interface": [
              {
                "dns_record": [],
                "index": 0,
                "ip_address": "192.168.30.4",
                "ipv4": true,
                "ipv6": false,
                "ipv6_address": "",
                "ipv6_dns_record": [],
                "mac_address": "d0:0d:1f:4f:07:67",
                "nat": false,
                "nat_dns_record": [],
                "nat_ip_address": "",
                "nat_ip_version": "",
                "security_group_ids": [
                  "enp9korks3utveppkdal"
                ],
                "subnet_id": "e2lj2uf81i8bi0e17r3p"
              }
            ],
            "placement_policy": [
              {
                "host_affinity_rules": [],
                "placement_group_id": "",
                "placement_group_partition": 0
              }
            ],
            "platform_id": "standard-v3",
            "resources": [
              {
                "core_fraction": 100,
                "cores": 2,
                "gpus": 0,
                "memory": 2
              }
            ],
            "scheduling_policy": [
              {
                "preemptible": true
              }
            ],
            "secondary_disk": [],
            "service_account_id": "ajeer2r2qec38u80jtss",
            "status": "running",
            "timeouts": null,
            "zone": "ru-central1-b"
          },
          "sensitive_attributes": [],
          "identity_schema_version": 0,
          "private": "eyJlMmJmYjczMC1lY2FhLTExZTYtOGY4OC0zNDM2M2JjN2M0YzAiOnsiY3JlYXRlIjozMDAwMDAwMDAwMDAsImRlbGV0ZSI6MzAwMDAwMDAwMDAwLCJ1cGRhdGUiOjMwMDAwMDAwMDAwMH0sInNjaGVtYV92ZXJzaW9uIjoiMSJ9",
          "dependencies": [
            "yandex_iam_service_account.vm-sa",
            "yandex_vpc_gateway.nat-gateway",
            "yandex_vpc_network.diploma-network",
            "yandex_vpc_route_table.private-rt",
            "yandex_vpc_security_group.alb-sg",
            "yandex_vpc_security_group.bastion-sg",
            "yandex_vpc_security_group.web-sg",
            "yandex_vpc_security_group.zabbix-sg",
            "yandex_vpc_subnet.private-subnet-b"
          ]
        }
      ]
    },
    {
      "mode": "managed",
      "type": "yandex_compute_instance",
      "name": "zabbix",
      "provider": "provider[\"registry.terraform.io/yandex-cloud/yandex\"]",
      "instances": [
        {
          "schema_version": 1,
          "attributes": {
            "allow_recreate": null,
            "allow_stopping_for_update": null,
            "boot_disk": [
              {
                "auto_delete": true,
                "device_name": "fhmjpsi875pcad5le5d8",
                "disk_id": "fhmjpsi875pcad5le5d8",
                "initialize_params": [
                  {
                    "block_size": 4096,
                    "description": "",
                    "image_id": "fd827b91d99psvq5fjit",
                    "kms_key_id": "",
                    "name": "",
                    "size": 10,
                    "snapshot_id": "",
                    "type": "network-hdd"
                  }
                ],
                "mode": "READ_WRITE"
              }
            ],
            "created_at": "2025-09-22T13:09:46Z",
            "description": "",
            "filesystem": [],
            "folder_id": "b1gqe649cpgjsd7qhnu5",
            "fqdn": "zabbix.ru-central1.internal",
            "gpu_cluster_id": "",
            "hardware_generation": [
              {
                "generation2_features": [],
                "legacy_features": [
                  {
                    "pci_topology": "PCI_TOPOLOGY_V1"
                  }
                ]
              }
            ],
            "hostname": "zabbix",
            "id": "fhmkg36erfk8hoi0gqc4",
            "labels": null,
            "local_disk": [],
            "maintenance_grace_period": "",
            "maintenance_policy": null,
            "metadata": {
              "serial-port-enable": "1",
              "ssh-keys": "user:ssh-rsa AAAAB3NzaC1yc2EAAAADAQABAAABAQC1Lj6LQUHClkT1OY6RnoRDNAploYo96iDxkHuQwHlbsenIoSOOWsElcMqbWgJqigUGWiCU78KVLZl6HCxFWYD9EDao/nmnaob2mym/doVHCuucI+5yYAMsWw2dXJbIGuMK49ExOiD6oW4Ls16hPV+nTtlr6/WdCK7VyOi4AFtmj2w5dNCedom3jN7rWBolhouvDBB64Ka4ueRlE6eVdoI8kNadKcQpcz82FREnZPfNnWnWz0sUTcEl0skdc/gMioyEu7sXAZx9A45Al5XlUAu8v3o7WHTc3WV392CZ4xkgxdrjJqLUUIVjBsGyBk9TmEuahKR1SnJM06+iqqJTbzdD art@debian-test-CLEAN\n",
              "user-data": "#cloud-config\nusers:\n  - name: user\n    groups: sudo\n    shell: /bin/bash\n    sudo: [\"ALL=(ALL) NOPASSWD:ALL\"]\n    ssh_authorized_keys:\n      - ssh-ed25519 AAAAC3NzaC1lZDI1NTE5AAAAIOxAJ9lQnCS5JnQrSrV5PpbAMGxoODP0VzQhRewbrJtn art@debian-test-CLEAN\n\n  - name: admin\n    groups: sudo\n    shell: /bin/bash\n    sudo: [\"ALL=(ALL) NOPASSWD:ALL\"]\n    lock_passwd: false\n    passwd: \"$6$rounds=4096$wPs2z7VqC9$X6q5h7W8pY2rT3sV1qZ9mN0bC4dF7gH2jK5lP8oR6tS9uY4vAxE3zB1cM6nDf\" \n    # Пароль: 123456\nssh_pwauth: true\ndisable_root: false"
            },
            "metadata_options": [
              {
                "aws_v1_http_endpoint": 1,
                "aws_v1_http_token": 2,
                "gce_http_endpoint": 1,
                "gce_http_token": 1
              }
            ],
            "name": "zabbix",
            "network_acceleration_type": "standard",
            "network_interface": [
              {
                "dns_record": [],
                "index": 0,
                "ip_address": "192.168.10.16",
                "ipv4": true,
                "ipv6": false,
                "ipv6_address": "",
                "ipv6_dns_record": [],
                "mac_address": "d0:0d:14:80:cc:ed",
                "nat": true,
                "nat_dns_record": [],
                "nat_ip_address": "51.250.2.200",
                "nat_ip_version": "IPV4",
                "security_group_ids": [
                  "enpig8non6djflqqtmrr"
                ],
                "subnet_id": "e9bg4kjgm105omdmqllm"
              }
            ],
            "placement_policy": [
              {
                "host_affinity_rules": [],
                "placement_group_id": "",
                "placement_group_partition": 0
              }
            ],
            "platform_id": "standard-v3",
            "resources": [
              {
                "core_fraction": 100,
                "cores": 2,
                "gpus": 0,
                "memory": 4
              }
            ],
            "scheduling_policy": [
              {
                "preemptible": true
              }
            ],
            "secondary_disk": [],
            "service_account_id": "",
            "status": "running",
            "timeouts": null,
            "zone": "ru-central1-a"
          },
          "sensitive_attributes": [],
          "identity_schema_version": 0,
          "private": "eyJlMmJmYjczMC1lY2FhLTExZTYtOGY4OC0zNDM2M2JjN2M0YzAiOnsiY3JlYXRlIjozMDAwMDAwMDAwMDAsImRlbGV0ZSI6MzAwMDAwMDAwMDAwLCJ1cGRhdGUiOjMwMDAwMDAwMDAwMH0sInNjaGVtYV92ZXJzaW9uIjoiMSJ9",
          "dependencies": [
            "yandex_vpc_network.diploma-network",
            "yandex_vpc_security_group.bastion-sg",
            "yandex_vpc_security_group.zabbix-sg",
            "yandex_vpc_subnet.public-subnet"
          ]
        }
      ]
    },
    {
      "mode": "managed",
      "type": "yandex_compute_snapshot_schedule",
      "name": "daily-snapshots",
      "provider": "provider[\"registry.terraform.io/yandex-cloud/yandex\"]",
      "instances": [
        {
          "schema_version": 0,
          "attributes": {
            "created_at": "2025-09-22T13:11:04Z",
            "description": "",
            "disk_ids": [
              "epd89qn1679qid4btagn",
              "fhmdv22n0f3jtp1667n5",
              "fhmguiu68kdb8jnl4nkj",
              "fhmjpsi875pcad5le5d8",
              "fhmtdbtgpfdlhn39a4s6",
              "fhmv5bhg407fl9v3bd2c"
            ],
            "folder_id": "b1gqe649cpgjsd7qhnu5",
            "id": "fd8gvota9j06u27lb761",
            "labels": null,
            "name": "daily-snapshots",
            "retention_period": "",
            "schedule_policy": [
              {
                "expression": "0 2 * * *",
                "start_at": "1970-01-01T00:00:00Z"
              }
            ],
            "snapshot_count": 7,
            "snapshot_spec": [
              {
                "description": "",
                "labels": {}
              }
            ],
            "status": "active",
            "timeouts": null
          },
          "sensitive_attributes": [],
          "identity_schema_version": 0,
          "private": "eyJlMmJmYjczMC1lY2FhLTExZTYtOGY4OC0zNDM2M2JjN2M0YzAiOnsiY3JlYXRlIjozMDAwMDAwMDAwMDAsImRlbGV0ZSI6MzAwMDAwMDAwMDAwLCJ1cGRhdGUiOjMwMDAwMDAwMDAwMH19",
          "dependencies": [
            "yandex_compute_instance.bastion",
            "yandex_compute_instance.elastic",
            "yandex_compute_instance.kibana",
            "yandex_compute_instance.web-1",
            "yandex_compute_instance.web-2",
            "yandex_compute_instance.zabbix",
            "yandex_iam_service_account.vm-sa",
            "yandex_vpc_gateway.nat-gateway",
            "yandex_vpc_network.diploma-network",
            "yandex_vpc_route_table.private-rt",
            "yandex_vpc_security_group.alb-sg",
            "yandex_vpc_security_group.bastion-sg",
            "yandex_vpc_security_group.elastic-sg",
            "yandex_vpc_security_group.kibana-sg",
            "yandex_vpc_security_group.web-sg",
            "yandex_vpc_security_group.zabbix-sg",
            "yandex_vpc_subnet.private-subnet",
            "yandex_vpc_subnet.private-subnet-b",
            "yandex_vpc_subnet.public-subnet"
          ]
        }
      ]
    },
    {
      "mode": "managed",
      "type": "yandex_iam_service_account",
      "name": "vm-sa",
      "provider": "provider[\"registry.terraform.io/yandex-cloud/yandex\"]",
      "instances": [
        {
          "schema_version": 0,
          "attributes": {
            "created_at": "2025-09-22T13:09:26Z",
            "description": "",
            "folder_id": "b1gqe649cpgjsd7qhnu5",
            "id": "ajeer2r2qec38u80jtss",
            "name": "vm-sa",
            "timeouts": null
          },
          "sensitive_attributes": [],
          "identity_schema_version": 0,
          "private": "eyJlMmJmYjczMC1lY2FhLTExZTYtOGY4OC0zNDM2M2JjN2M0YzAiOnsiY3JlYXRlIjo2MDAwMDAwMDAwMCwiZGVsZXRlIjo2MDAwMDAwMDAwMCwidXBkYXRlIjo2MDAwMDAwMDAwMH19"
        }
      ]
    },
    {
      "mode": "managed",
      "type": "yandex_resourcemanager_folder_iam_member",
      "name": "snapshotter",
      "provider": "provider[\"registry.terraform.io/yandex-cloud/yandex\"]",
      "instances": [
        {
          "schema_version": 0,
          "attributes": {
            "folder_id": "b1gqe649cpgjsd7qhnu5",
            "id": "b1gqe649cpgjsd7qhnu5/editor/serviceAccount:ajeer2r2qec38u80jtss",
            "member": "serviceAccount:ajeer2r2qec38u80jtss",
            "role": "editor",
            "sleep_after": null,
            "timeouts": null
          },
          "sensitive_attributes": [
            [
              {
                "type": "get_attr",
                "value": "folder_id"
              }
            ]
          ],
          "identity_schema_version": 0,
          "private": "eyJlMmJmYjczMC1lY2FhLTExZTYtOGY4OC0zNDM2M2JjN2M0YzAiOnsiY3JlYXRlIjoxODAwMDAwMDAwMDAwLCJkZWZhdWx0IjoxODAwMDAwMDAwMDAwLCJkZWxldGUiOjE4MDAwMDAwMDAwMDAsInJlYWQiOjE4MDAwMDAwMDAwMDAsInVwZGF0ZSI6MTgwMDAwMDAwMDAwMH19",
          "dependencies": [
            "yandex_iam_service_account.vm-sa"
          ]
        }
      ]
    },
    {
      "mode": "managed",
      "type": "yandex_vpc_gateway",
      "name": "nat-gateway",
      "provider": "provider[\"registry.terraform.io/yandex-cloud/yandex\"]",
      "instances": [
        {
          "schema_version": 0,
          "attributes": {
            "created_at": "2025-09-22T13:09:26Z",
            "description": "",
            "folder_id": "b1gqe649cpgjsd7qhnu5",
            "id": "enpkq110pdb2hvuu6reh",
            "labels": {},
            "name": "nat-gateway",
            "shared_egress_gateway": [
              {}
            ],
            "timeouts": null
          },
          "sensitive_attributes": [],
          "identity_schema_version": 0,
          "private": "eyJlMmJmYjczMC1lY2FhLTExZTYtOGY4OC0zNDM2M2JjN2M0YzAiOnsiY3JlYXRlIjo2MDAwMDAwMDAwMCwiZGVsZXRlIjo2MDAwMDAwMDAwMCwidXBkYXRlIjo2MDAwMDAwMDAwMH19"
        }
      ]
    },
    {
      "mode": "managed",
      "type": "yandex_vpc_network",
      "name": "diploma-network",
      "provider": "provider[\"registry.terraform.io/yandex-cloud/yandex\"]",
      "instances": [
        {
          "schema_version": 0,
          "attributes": {
            "created_at": "2025-09-22T13:09:26Z",
            "default_security_group_id": "enpsflq53l0u5efc1bom",
            "description": "",
            "folder_id": "b1gqe649cpgjsd7qhnu5",
            "id": "enpuk063i3js4ruevti3",
            "labels": {},
            "name": "diploma-network",
            "subnet_ids": [],
            "timeouts": null
          },
          "sensitive_attributes": [],
          "identity_schema_version": 0,
          "private": "eyJlMmJmYjczMC1lY2FhLTExZTYtOGY4OC0zNDM2M2JjN2M0YzAiOnsiY3JlYXRlIjo2MDAwMDAwMDAwMCwiZGVsZXRlIjo2MDAwMDAwMDAwMCwidXBkYXRlIjo2MDAwMDAwMDAwMH19"
        }
      ]
    },
    {
      "mode": "managed",
      "type": "yandex_vpc_route_table",
      "name": "private-rt",
      "provider": "provider[\"registry.terraform.io/yandex-cloud/yandex\"]",
      "instances": [
        {
          "schema_version": 0,
          "attributes": {
            "created_at": "2025-09-22T13:09:31Z",
            "description": "",
            "folder_id": "b1gqe649cpgjsd7qhnu5",
            "id": "enpd1la5ecr9gjdpjlcb",
            "labels": {},
            "name": "private-rt",
            "network_id": "enpuk063i3js4ruevti3",
            "static_route": [
              {
                "destination_prefix": "0.0.0.0/0",
                "gateway_id": "enpkq110pdb2hvuu6reh",
                "next_hop_address": ""
              }
            ],
            "timeouts": null
          },
          "sensitive_attributes": [],
          "identity_schema_version": 0,
          "private": "eyJlMmJmYjczMC1lY2FhLTExZTYtOGY4OC0zNDM2M2JjN2M0YzAiOnsiY3JlYXRlIjoxODAwMDAwMDAwMDAsImRlbGV0ZSI6MTgwMDAwMDAwMDAwLCJ1cGRhdGUiOjE4MDAwMDAwMDAwMH19",
          "dependencies": [
            "yandex_vpc_gateway.nat-gateway",
            "yandex_vpc_network.diploma-network"
          ]
        }
      ]
    },
    {
      "mode": "managed",
      "type": "yandex_vpc_security_group",
      "name": "alb-sg",
      "provider": "provider[\"registry.terraform.io/yandex-cloud/yandex\"]",
      "instances": [
        {
          "schema_version": 0,
          "attributes": {
            "created_at": "2025-09-22T13:09:34Z",
            "description": "",
            "egress": [
              {
                "description": "",
                "from_port": 0,
                "id": "enp3v2ib8devp27o12m1",
                "labels": {},
                "port": -1,
                "predefined_target": "",
                "protocol": "ANY",
                "security_group_id": "",
                "to_port": 65535,
                "v4_cidr_blocks": [
                  "0.0.0.0/0"
                ],
                "v6_cidr_blocks": []
              }
            ],
            "folder_id": "b1gqe649cpgjsd7qhnu5",
            "id": "enpks1utgjpuj90kjssr",
            "ingress": [
              {
                "description": "HTTP",
                "from_port": -1,
                "id": "enpq02cdl96jopfv6ebi",
                "labels": {},
                "port": 80,
                "predefined_target": "",
                "protocol": "TCP",
                "security_group_id": "",
                "to_port": -1,
                "v4_cidr_blocks": [
                  "0.0.0.0/0"
                ],
                "v6_cidr_blocks": []
              },
              {
                "description": "Health Checks from Yandex ALB",
                "from_port": 30000,
                "id": "enp1bnia336g39tsk362",
                "labels": {},
                "port": -1,
                "predefined_target": "",
                "protocol": "TCP",
                "security_group_id": "",
                "to_port": 65535,
                "v4_cidr_blocks": [
                  "198.18.235.0/24",
                  "198.18.248.0/24"
                ],
                "v6_cidr_blocks": []
              }
            ],
            "labels": {},
            "name": "alb-sg",
            "network_id": "enpuk063i3js4ruevti3",
            "status": "ACTIVE",
            "timeouts": null
          },
          "sensitive_attributes": [],
          "identity_schema_version": 0,
          "private": "eyJlMmJmYjczMC1lY2FhLTExZTYtOGY4OC0zNDM2M2JjN2M0YzAiOnsiY3JlYXRlIjoxODAwMDAwMDAwMDAsImRlbGV0ZSI6MTgwMDAwMDAwMDAwLCJ1cGRhdGUiOjE4MDAwMDAwMDAwMH19",
          "dependencies": [
            "yandex_vpc_network.diploma-network"
          ]
        }
      ]
    },
    {
      "mode": "managed",
      "type": "yandex_vpc_security_group",
      "name": "bastion-sg",
      "provider": "provider[\"registry.terraform.io/yandex-cloud/yandex\"]",
      "instances": [
        {
          "schema_version": 0,
          "attributes": {
            "created_at": "2025-09-22T13:09:39Z",
            "description": "",
            "egress": [
              {
                "description": "",
                "from_port": 0,
                "id": "enp879f24ucop8huv0pu",
                "labels": {},
                "port": -1,
                "predefined_target": "",
                "protocol": "ANY",
                "security_group_id": "",
                "to_port": 65535,
                "v4_cidr_blocks": [
                  "0.0.0.0/0"
                ],
                "v6_cidr_blocks": []
              }
            ],
            "folder_id": "b1gqe649cpgjsd7qhnu5",
            "id": "enp7uh8ivi1482mkq821",
            "ingress": [
              {
                "description": "SSH",
                "from_port": -1,
                "id": "enp3c4sd1uejbv2h8a3d",
                "labels": {},
                "port": 22,
                "predefined_target": "",
                "protocol": "TCP",
                "security_group_id": "",
                "to_port": -1,
                "v4_cidr_blocks": [
                  "0.0.0.0/0"
                ],
                "v6_cidr_blocks": []
              }
            ],
            "labels": {},
            "name": "bastion-sg",
            "network_id": "enpuk063i3js4ruevti3",
            "status": "ACTIVE",
            "timeouts": null
          },
          "sensitive_attributes": [],
          "identity_schema_version": 0,
          "private": "eyJlMmJmYjczMC1lY2FhLTExZTYtOGY4OC0zNDM2M2JjN2M0YzAiOnsiY3JlYXRlIjoxODAwMDAwMDAwMDAsImRlbGV0ZSI6MTgwMDAwMDAwMDAwLCJ1cGRhdGUiOjE4MDAwMDAwMDAwMH19",
          "dependencies": [
            "yandex_vpc_network.diploma-network"
          ]
        }
      ]
    },
    {
      "mode": "managed",
      "type": "yandex_vpc_security_group",
      "name": "elastic-sg",
      "provider": "provider[\"registry.terraform.io/yandex-cloud/yandex\"]",
      "instances": [
        {
          "schema_version": 0,
          "attributes": {
            "created_at": "2025-09-22T13:10:06Z",
            "description": "",
            "egress": [
              {
                "description": "",
                "from_port": 0,
                "id": "enp5o8mn78dsi3j296c6",
                "labels": {},
                "port": -1,
                "predefined_target": "",
                "protocol": "ANY",
                "security_group_id": "",
                "to_port": 65535,
                "v4_cidr_blocks": [
                  "0.0.0.0/0"
                ],
                "v6_cidr_blocks": []
              }
            ],
            "folder_id": "b1gqe649cpgjsd7qhnu5",
            "id": "enpp4pv07g2m8qmemrvf",
            "ingress": [
              {
                "description": "Elasticsearch cluster",
                "from_port": -1,
                "id": "enppvt44q4lao24bb90k",
                "labels": {},
                "port": 9300,
                "predefined_target": "self_security_group",
                "protocol": "TCP",
                "security_group_id": "",
                "to_port": -1,
                "v4_cidr_blocks": [],
                "v6_cidr_blocks": []
              },
              {
                "description": "Elasticsearch from Kibana and Filebeat",
                "from_port": -1,
                "id": "enpp3r756s2s2ar8bfdm",
                "labels": {},
                "port": 9200,
                "predefined_target": "",
                "protocol": "TCP",
                "security_group_id": "enp325hnlqedi80mpm7j",
                "to_port": -1,
                "v4_cidr_blocks": [],
                "v6_cidr_blocks": []
              },
              {
                "description": "SSH from Bastion",
                "from_port": -1,
                "id": "enplpioubrbuucq8tqlu",
                "labels": {},
                "port": 22,
                "predefined_target": "",
                "protocol": "TCP",
                "security_group_id": "enp7uh8ivi1482mkq821",
                "to_port": -1,
                "v4_cidr_blocks": [],
                "v6_cidr_blocks": []
              }
            ],
            "labels": {},
            "name": "elastic-sg",
            "network_id": "enpuk063i3js4ruevti3",
            "status": "ACTIVE",
            "timeouts": null
          },
          "sensitive_attributes": [],
          "identity_schema_version": 0,
          "private": "eyJlMmJmYjczMC1lY2FhLTExZTYtOGY4OC0zNDM2M2JjN2M0YzAiOnsiY3JlYXRlIjoxODAwMDAwMDAwMDAsImRlbGV0ZSI6MTgwMDAwMDAwMDAwLCJ1cGRhdGUiOjE4MDAwMDAwMDAwMH19",
          "dependencies": [
            "yandex_vpc_network.diploma-network",
            "yandex_vpc_security_group.bastion-sg",
            "yandex_vpc_security_group.kibana-sg"
          ]
        }
      ]
    },
    {
      "mode": "managed",
      "type": "yandex_vpc_security_group",
      "name": "kibana-sg",
      "provider": "provider[\"registry.terraform.io/yandex-cloud/yandex\"]",
      "instances": [
        {
          "schema_version": 0,
          "attributes": {
            "created_at": "2025-09-22T13:09:58Z",
            "description": "",
            "egress": [
              {
                "description": "",
                "from_port": 0,
                "id": "enpgmu8kfs3ci030jr4d",
                "labels": {},
                "port": -1,
                "predefined_target": "",
                "protocol": "ANY",
                "security_group_id": "",
                "to_port": 65535,
                "v4_cidr_blocks": [
                  "0.0.0.0/0"
                ],
                "v6_cidr_blocks": []
              }
            ],
            "folder_id": "b1gqe649cpgjsd7qhnu5",
            "id": "enp325hnlqedi80mpm7j",
            "ingress": [
              {
                "description": "Kibana Web",
                "from_port": -1,
                "id": "enpciq2qdj8im92qehl9",
                "labels": {},
                "port": 5601,
                "predefined_target": "",
                "protocol": "TCP",
                "security_group_id": "",
                "to_port": -1,
                "v4_cidr_blocks": [
                  "0.0.0.0/0"
                ],
                "v6_cidr_blocks": []
              },
              {
                "description": "SSH from Bastion",
                "from_port": -1,
                "id": "enpesqt61h242551v35e",
                "labels": {},
                "port": 22,
                "predefined_target": "",
                "protocol": "TCP",
                "security_group_id": "enp7uh8ivi1482mkq821",
                "to_port": -1,
                "v4_cidr_blocks": [],
                "v6_cidr_blocks": []
              }
            ],
            "labels": {},
            "name": "kibana-sg",
            "network_id": "enpuk063i3js4ruevti3",
            "status": "ACTIVE",
            "timeouts": null
          },
          "sensitive_attributes": [],
          "identity_schema_version": 0,
          "private": "eyJlMmJmYjczMC1lY2FhLTExZTYtOGY4OC0zNDM2M2JjN2M0YzAiOnsiY3JlYXRlIjoxODAwMDAwMDAwMDAsImRlbGV0ZSI6MTgwMDAwMDAwMDAwLCJ1cGRhdGUiOjE4MDAwMDAwMDAwMH19",
          "dependencies": [
            "yandex_vpc_network.diploma-network",
            "yandex_vpc_security_group.bastion-sg"
          ]
        }
      ]
    },
    {
      "mode": "managed",
      "type": "yandex_vpc_security_group",
      "name": "web-sg",
      "provider": "provider[\"registry.terraform.io/yandex-cloud/yandex\"]",
      "instances": [
        {
          "schema_version": 0,
          "attributes": {
            "created_at": "2025-09-22T13:09:48Z",
            "description": "",
            "egress": [
              {
                "description": "",
                "from_port": 0,
                "id": "enpa9eto1osfhr2478e3",
                "labels": {},
                "port": -1,
                "predefined_target": "",
                "protocol": "ANY",
                "security_group_id": "",
                "to_port": 65535,
                "v4_cidr_blocks": [
                  "0.0.0.0/0"
                ],
                "v6_cidr_blocks": []
              }
            ],
            "folder_id": "b1gqe649cpgjsd7qhnu5",
            "id": "enp9korks3utveppkdal",
            "ingress": [
              {
                "description": "HTTP from ALB",
                "from_port": -1,
                "id": "enp0e4jhiul2kttvr263",
                "labels": {},
                "port": 80,
                "predefined_target": "",
                "protocol": "TCP",
                "security_group_id": "enpks1utgjpuj90kjssr",
                "to_port": -1,
                "v4_cidr_blocks": [],
                "v6_cidr_blocks": []
              },
              {
                "description": "Health Checks from Yandex ALB",
                "from_port": -1,
                "id": "enp72cv14o82kuc1c1a2",
                "labels": {},
                "port": 80,
                "predefined_target": "",
                "protocol": "TCP",
                "security_group_id": "",
                "to_port": -1,
                "v4_cidr_blocks": [
                  "198.18.235.0/24",
                  "198.18.248.0/24"
                ],
                "v6_cidr_blocks": []
              },
              {
                "description": "SSH from Bastion",
                "from_port": -1,
                "id": "enpvgsoer00ic00667qc",
                "labels": {},
                "port": 22,
                "predefined_target": "",
                "protocol": "TCP",
                "security_group_id": "enp7uh8ivi1482mkq821",
                "to_port": -1,
                "v4_cidr_blocks": [],
                "v6_cidr_blocks": []
              },
              {
                "description": "Zabbix Agent",
                "from_port": -1,
                "id": "enpte3920vtn556s3iik",
                "labels": {},
                "port": 10050,
                "predefined_target": "",
                "protocol": "TCP",
                "security_group_id": "enpig8non6djflqqtmrr",
                "to_port": -1,
                "v4_cidr_blocks": [],
                "v6_cidr_blocks": []
              }
            ],
            "labels": {},
            "name": "web-sg",
            "network_id": "enpuk063i3js4ruevti3",
            "status": "ACTIVE",
            "timeouts": null
          },
          "sensitive_attributes": [],
          "identity_schema_version": 0,
          "private": "eyJlMmJmYjczMC1lY2FhLTExZTYtOGY4OC0zNDM2M2JjN2M0YzAiOnsiY3JlYXRlIjoxODAwMDAwMDAwMDAsImRlbGV0ZSI6MTgwMDAwMDAwMDAwLCJ1cGRhdGUiOjE4MDAwMDAwMDAwMH19",
          "dependencies": [
            "yandex_vpc_network.diploma-network",
            "yandex_vpc_security_group.alb-sg",
            "yandex_vpc_security_group.bastion-sg",
            "yandex_vpc_security_group.zabbix-sg"
          ]
        }
      ]
    },
    {
      "mode": "managed",
      "type": "yandex_vpc_security_group",
      "name": "zabbix-sg",
      "provider": "provider[\"registry.terraform.io/yandex-cloud/yandex\"]",
      "instances": [
        {
          "schema_version": 0,
          "attributes": {
            "created_at": "2025-09-22T13:09:45Z",
            "description": "",
            "egress": [
              {
                "description": "",
                "from_port": 0,
                "id": "enp5chqi8tv2nr4nug4h",
                "labels": {},
                "port": -1,
                "predefined_target": "",
                "protocol": "ANY",
                "security_group_id": "",
                "to_port": 65535,
                "v4_cidr_blocks": [
                  "0.0.0.0/0"
                ],
                "v6_cidr_blocks": []
              }
            ],
            "folder_id": "b1gqe649cpgjsd7qhnu5",
            "id": "enpig8non6djflqqtmrr",
            "ingress": [
              {
                "description": "HTTP",
                "from_port": -1,
                "id": "enp3ptia8kmu86t4ev6h",
                "labels": {},
                "port": 80,
                "predefined_target": "",
                "protocol": "TCP",
                "security_group_id": "",
                "to_port": -1,
                "v4_cidr_blocks": [
                  "0.0.0.0/0"
                ],
                "v6_cidr_blocks": []
              },
              {
                "description": "HTTPS",
                "from_port": -1,
                "id": "enpovsbltirj3j8d7afo",
                "labels": {},
                "port": 443,
                "predefined_target": "",
                "protocol": "TCP",
                "security_group_id": "",
                "to_port": -1,
                "v4_cidr_blocks": [
                  "0.0.0.0/0"
                ],
                "v6_cidr_blocks": []
              },
              {
                "description": "SSH from Bastion",
                "from_port": -1,
                "id": "enpq61ht48rdkiit9rpo",
                "labels": {},
                "port": 22,
                "predefined_target": "",
                "protocol": "TCP",
                "security_group_id": "enp7uh8ivi1482mkq821",
                "to_port": -1,
                "v4_cidr_blocks": [],
                "v6_cidr_blocks": []
              },
              {
                "description": "Zabbix Server",
                "from_port": -1,
                "id": "enp9vojcj4knbdmokdqt",
                "labels": {},
                "port": 10051,
                "predefined_target": "",
                "protocol": "TCP",
                "security_group_id": "",
                "to_port": -1,
                "v4_cidr_blocks": [
                  "0.0.0.0/0"
                ],
                "v6_cidr_blocks": []
              }
            ],
            "labels": {},
            "name": "zabbix-sg",
            "network_id": "enpuk063i3js4ruevti3",
            "status": "ACTIVE",
            "timeouts": null
          },
          "sensitive_attributes": [],
          "identity_schema_version": 0,
          "private": "eyJlMmJmYjczMC1lY2FhLTExZTYtOGY4OC0zNDM2M2JjN2M0YzAiOnsiY3JlYXRlIjoxODAwMDAwMDAwMDAsImRlbGV0ZSI6MTgwMDAwMDAwMDAwLCJ1cGRhdGUiOjE4MDAwMDAwMDAwMH19",
          "dependencies": [
            "yandex_vpc_network.diploma-network",
            "yandex_vpc_security_group.bastion-sg"
          ]
        }
      ]
    },
    {
      "mode": "managed",
      "type": "yandex_vpc_subnet",
      "name": "private-subnet",
      "provider": "provider[\"registry.terraform.io/yandex-cloud/yandex\"]",
      "instances": [
        {
          "schema_version": 0,
          "attributes": {
            "created_at": "2025-09-22T13:09:34Z",
            "description": "",
            "dhcp_options": [],
            "folder_id": "b1gqe649cpgjsd7qhnu5",
            "id": "e9bqp011mj5948r8pmes",
            "labels": {},
            "name": "private-subnet",
            "network_id": "enpuk063i3js4ruevti3",
            "route_table_id": "enpd1la5ecr9gjdpjlcb",
            "timeouts": null,
            "v4_cidr_blocks": [
              "192.168.20.0/24"
            ],
            "v6_cidr_blocks": [],
            "zone": "ru-central1-a"
          },
          "sensitive_attributes": [],
          "identity_schema_version": 0,
          "private": "eyJlMmJmYjczMC1lY2FhLTExZTYtOGY4OC0zNDM2M2JjN2M0YzAiOnsiY3JlYXRlIjoxODAwMDAwMDAwMDAsImRlbGV0ZSI6MTgwMDAwMDAwMDAwLCJ1cGRhdGUiOjE4MDAwMDAwMDAwMH19",
          "dependencies": [
            "yandex_vpc_gateway.nat-gateway",
            "yandex_vpc_network.diploma-network",
            "yandex_vpc_route_table.private-rt"
          ]
        }
      ]
    },
    {
      "mode": "managed",
      "type": "yandex_vpc_subnet",
      "name": "private-subnet-b",
      "provider": "provider[\"registry.terraform.io/yandex-cloud/yandex\"]",
      "instances": [
        {
          "schema_version": 0,
          "attributes": {
            "created_at": "2025-09-22T13:09:33Z",
            "description": "",
            "dhcp_options": [],
            "folder_id": "b1gqe649cpgjsd7qhnu5",
            "id": "e2lj2uf81i8bi0e17r3p",
            "labels": {},
            "name": "private-subnet-b",
            "network_id": "enpuk063i3js4ruevti3",
            "route_table_id": "enpd1la5ecr9gjdpjlcb",
            "timeouts": null,
            "v4_cidr_blocks": [
              "192.168.30.0/24"
            ],
            "v6_cidr_blocks": [],
            "zone": "ru-central1-b"
          },
          "sensitive_attributes": [],
          "identity_schema_version": 0,
          "private": "eyJlMmJmYjczMC1lY2FhLTExZTYtOGY4OC0zNDM2M2JjN2M0YzAiOnsiY3JlYXRlIjoxODAwMDAwMDAwMDAsImRlbGV0ZSI6MTgwMDAwMDAwMDAwLCJ1cGRhdGUiOjE4MDAwMDAwMDAwMH19",
          "dependencies": [
            "yandex_vpc_gateway.nat-gateway",
            "yandex_vpc_network.diploma-network",
            "yandex_vpc_route_table.private-rt"
          ]
        }
      ]
    },
    {
      "mode": "managed",
      "type": "yandex_vpc_subnet",
      "name": "public-subnet",
      "provider": "provider[\"registry.terraform.io/yandex-cloud/yandex\"]",
      "instances": [
        {
          "schema_version": 0,
          "attributes": {
            "created_at": "2025-09-22T13:09:30Z",
            "description": "",
            "dhcp_options": [],
            "folder_id": "b1gqe649cpgjsd7qhnu5",
            "id": "e9bg4kjgm105omdmqllm",
            "labels": {},
            "name": "public-subnet",
            "network_id": "enpuk063i3js4ruevti3",
            "route_table_id": "",
            "timeouts": null,
            "v4_cidr_blocks": [
              "192.168.10.0/24"
            ],
            "v6_cidr_blocks": [],
            "zone": "ru-central1-a"
          },
          "sensitive_attributes": [],
          "identity_schema_version": 0,
          "private": "eyJlMmJmYjczMC1lY2FhLTExZTYtOGY4OC0zNDM2M2JjN2M0YzAiOnsiY3JlYXRlIjoxODAwMDAwMDAwMDAsImRlbGV0ZSI6MTgwMDAwMDAwMDAwLCJ1cGRhdGUiOjE4MDAwMDAwMDAwMH19",
          "dependencies": [
            "yandex_vpc_network.diploma-network"
          ]
        }
      ]
    }
  ],
  "check_results": null
}
