{
  "version": 4,
  "terraform_version": "1.13.3",
  "serial": 2182,
  "lineage": "a3a895f2-1f80-1124-3f2f-c60c2f84b33b",
  "outputs": {
    "alb_external_ip": {
      "value": "158.160.204.144",
      "type": "string"
    },
    "bastion_external_ip": {
      "value": "158.160.114.78",
      "type": "string"
    },
    "elastic_internal_ip": {
      "value": "192.168.20.21",
      "type": "string"
    },
    "kibana_external_ip": {
      "value": "158.160.104.48",
      "type": "string"
    },
    "kibana_internal_ip": {
      "value": "192.168.10.24",
      "type": "string"
    },
    "web_1_internal_ip": {
      "value": "192.168.20.18",
      "type": "string"
    },
    "web_2_internal_ip": {
      "value": "192.168.30.13",
      "type": "string"
    },
    "zabbix_external_ip": {
      "value": "158.160.122.131",
      "type": "string"
    },
    "zabbix_internal_ip": {
      "value": "192.168.10.5",
      "type": "string"
    }
  },
  "resources": [
    {
      "mode": "managed",
      "type": "yandex_alb_backend_group",
      "name": "web-bg",
      "provider": "provider[\"registry.terraform.io/yandex-cloud/yandex\"]",
      "instances": [
        {
          "schema_version": 0,
          "attributes": {
            "created_at": "2025-10-08T11:00:29Z",
            "description": "",
            "folder_id": "b1gqe649cpgjsd7qhnu5",
            "grpc_backend": [],
            "http_backend": [
              {
                "healthcheck": [
                  {
                    "grpc_healthcheck": [],
                    "healthcheck_port": 0,
                    "healthy_threshold": 0,
                    "http_healthcheck": [
                      {
                        "expected_statuses": [],
                        "host": "",
                        "http2": false,
                        "path": "/"
                      }
                    ],
                    "interval": "2s",
                    "interval_jitter_percent": 0,
                    "stream_healthcheck": [],
                    "timeout": "10s",
                    "unhealthy_threshold": 0
                  }
                ],
                "http2": false,
                "load_balancing_config": [],
                "name": "web-backend",
                "port": 80,
                "storage_bucket": "",
                "target_group_ids": [
                  "ds7ke0g8cm3hbn1r2av1"
                ],
                "tls": [],
                "weight": 1
              }
            ],
            "id": "ds7jeo7l0dq03s51shts",
            "labels": {},
            "name": "web-bg",
            "session_affinity": [],
            "stream_backend": [],
            "timeouts": null
          },
          "sensitive_attributes": [],
          "identity_schema_version": 0,
          "private": "eyJlMmJmYjczMC1lY2FhLTExZTYtOGY4OC0zNDM2M2JjN2M0YzAiOnsiY3JlYXRlIjozMDAwMDAwMDAwMDAsImRlbGV0ZSI6MzAwMDAwMDAwMDAwLCJ1cGRhdGUiOjMwMDAwMDAwMDAwMH19",
          "dependencies": [
            "yandex_alb_target_group.web-tg",
            "yandex_compute_instance.web-1",
            "yandex_compute_instance.web-2",
            "yandex_iam_service_account.vm-sa",
            "yandex_vpc_gateway.nat-gateway",
            "yandex_vpc_network.diploma-network",
            "yandex_vpc_route_table.private-rt",
            "yandex_vpc_security_group.alb-sg",
            "yandex_vpc_security_group.internal-sg",
            "yandex_vpc_security_group.web-sg",
            "yandex_vpc_subnet.private-subnet",
            "yandex_vpc_subnet.private-subnet-b"
          ]
        }
      ]
    },
    {
      "mode": "managed",
      "type": "yandex_alb_http_router",
      "name": "web-router",
      "provider": "provider[\"registry.terraform.io/yandex-cloud/yandex\"]",
      "instances": [
        {
          "schema_version": 0,
          "attributes": {
            "created_at": "2025-10-08T10:59:04Z",
            "description": "",
            "folder_id": "b1gqe649cpgjsd7qhnu5",
            "id": "ds70qiuci9q86epqma20",
            "labels": {},
            "name": "web-router",
            "route_options": [],
            "timeouts": null
          },
          "sensitive_attributes": [],
          "identity_schema_version": 0,
          "private": "eyJlMmJmYjczMC1lY2FhLTExZTYtOGY4OC0zNDM2M2JjN2M0YzAiOnsiY3JlYXRlIjozMDAwMDAwMDAwMDAsImRlbGV0ZSI6MzAwMDAwMDAwMDAwLCJ1cGRhdGUiOjMwMDAwMDAwMDAwMH19"
        }
      ]
    },
    {
      "mode": "managed",
      "type": "yandex_alb_load_balancer",
      "name": "web-alb",
      "provider": "provider[\"registry.terraform.io/yandex-cloud/yandex\"]",
      "instances": [
        {
          "schema_version": 0,
          "attributes": {
            "allocation_policy": [
              {
                "location": [
                  {
                    "disable_traffic": false,
                    "subnet_id": "e9bls2vpt66rq4m002cn",
                    "zone_id": "ru-central1-a"
                  }
                ]
              }
            ],
            "allow_zonal_shift": false,
            "auto_scale_policy": [],
            "created_at": "2025-10-08T10:59:12Z",
            "description": "",
            "folder_id": "b1gqe649cpgjsd7qhnu5",
            "id": "ds7dh4ld3h2h6uu3cdci",
            "labels": {},
            "listener": [
              {
                "endpoint": [
                  {
                    "address": [
                      {
                        "external_ipv4_address": [
                          {
                            "address": "158.160.204.144"
                          }
                        ],
                        "external_ipv6_address": [],
                        "internal_ipv4_address": []
                      }
                    ],
                    "ports": [
                      80
                    ]
                  }
                ],
                "http": [
                  {
                    "handler": [
                      {
                        "allow_http10": false,
                        "http2_options": [],
                        "http_router_id": "ds70qiuci9q86epqma20",
                        "rewrite_request_id": false
                      }
                    ],
                    "redirects": []
                  }
                ],
                "name": "web-listener",
                "stream": [],
                "tls": []
              }
            ],
            "log_group_id": "",
            "log_options": [],
            "name": "web-alb",
            "network_id": "enpe3qh5dcl6vu7n1njt",
            "region_id": "",
            "security_group_ids": [
              "enp9sa4s8oo18bf4ou1p"
            ],
            "status": "active",
            "timeouts": null
          },
          "sensitive_attributes": [],
          "identity_schema_version": 0,
          "private": "eyJlMmJmYjczMC1lY2FhLTExZTYtOGY4OC0zNDM2M2JjN2M0YzAiOnsiY3JlYXRlIjo2MDAwMDAwMDAwMDAsImRlbGV0ZSI6NjAwMDAwMDAwMDAwLCJ1cGRhdGUiOjYwMDAwMDAwMDAwMH19",
          "dependencies": [
            "yandex_alb_http_router.web-router",
            "yandex_vpc_network.diploma-network",
            "yandex_vpc_security_group.alb-sg",
            "yandex_vpc_subnet.public-subnet"
          ]
        }
      ]
    },
    {
      "mode": "managed",
      "type": "yandex_alb_target_group",
      "name": "web-tg",
      "provider": "provider[\"registry.terraform.io/yandex-cloud/yandex\"]",
      "instances": [
        {
          "schema_version": 0,
          "attributes": {
            "created_at": "2025-10-08T11:00:29Z",
            "description": "",
            "folder_id": "b1gqe649cpgjsd7qhnu5",
            "id": "ds7ke0g8cm3hbn1r2av1",
            "labels": {},
            "name": "web-tg",
            "target": [
              {
                "ip_address": "192.168.20.18",
                "private_ipv4_address": false,
                "subnet_id": "e9bn6ccj1podju89neso"
              },
              {
                "ip_address": "192.168.30.13",
                "private_ipv4_address": false,
                "subnet_id": "e2lkhnlef9epj5r2paal"
              }
            ],
            "timeouts": null
          },
          "sensitive_attributes": [],
          "identity_schema_version": 0,
          "private": "eyJlMmJmYjczMC1lY2FhLTExZTYtOGY4OC0zNDM2M2JjN2M0YzAiOnsiY3JlYXRlIjozMDAwMDAwMDAwMDAsImRlbGV0ZSI6MzAwMDAwMDAwMDAwLCJ1cGRhdGUiOjMwMDAwMDAwMDAwMH19",
          "dependencies": [
            "yandex_compute_instance.web-1",
            "yandex_compute_instance.web-2",
            "yandex_iam_service_account.vm-sa",
            "yandex_vpc_gateway.nat-gateway",
            "yandex_vpc_network.diploma-network",
            "yandex_vpc_route_table.private-rt",
            "yandex_vpc_security_group.alb-sg",
            "yandex_vpc_security_group.internal-sg",
            "yandex_vpc_security_group.web-sg",
            "yandex_vpc_subnet.private-subnet",
            "yandex_vpc_subnet.private-subnet-b"
          ]
        }
      ]
    },
    {
      "mode": "managed",
      "type": "yandex_alb_virtual_host",
      "name": "web-vh",
      "provider": "provider[\"registry.terraform.io/yandex-cloud/yandex\"]",
      "instances": [
        {
          "schema_version": 0,
          "attributes": {
            "authority": [],
            "http_router_id": "ds70qiuci9q86epqma20",
            "id": "ds70qiuci9q86epqma20/web-vh",
            "modify_request_headers": [],
            "modify_response_headers": [],
            "name": "web-vh",
            "rate_limit": [],
            "route": [
              {
                "disable_security_profile": false,
                "grpc_route": [],
                "http_route": [
                  {
                    "direct_response_action": [],
                    "http_match": [],
                    "http_route_action": [
                      {
                        "auto_host_rewrite": false,
                        "backend_group_id": "ds7jeo7l0dq03s51shts",
                        "host_rewrite": "",
                        "idle_timeout": "",
                        "prefix_rewrite": "",
                        "rate_limit": [],
                        "regex_rewrite": [],
                        "timeout": "1m0s",
                        "upgrade_types": []
                      }
                    ],
                    "redirect_action": []
                  }
                ],
                "name": "route",
                "route_options": []
              }
            ],
            "route_options": [],
            "timeouts": null
          },
          "sensitive_attributes": [],
          "identity_schema_version": 0,
          "private": "eyJlMmJmYjczMC1lY2FhLTExZTYtOGY4OC0zNDM2M2JjN2M0YzAiOnsiY3JlYXRlIjozMDAwMDAwMDAwMDAsImRlbGV0ZSI6MzAwMDAwMDAwMDAwLCJ1cGRhdGUiOjMwMDAwMDAwMDAwMH19",
          "dependencies": [
            "yandex_alb_backend_group.web-bg",
            "yandex_alb_http_router.web-router",
            "yandex_alb_target_group.web-tg",
            "yandex_compute_instance.web-1",
            "yandex_compute_instance.web-2",
            "yandex_iam_service_account.vm-sa",
            "yandex_vpc_gateway.nat-gateway",
            "yandex_vpc_network.diploma-network",
            "yandex_vpc_route_table.private-rt",
            "yandex_vpc_security_group.alb-sg",
            "yandex_vpc_security_group.internal-sg",
            "yandex_vpc_security_group.web-sg",
            "yandex_vpc_subnet.private-subnet",
            "yandex_vpc_subnet.private-subnet-b"
          ]
        }
      ]
    },
    {
      "mode": "managed",
      "type": "yandex_compute_instance",
      "name": "bastion",
      "provider": "provider[\"registry.terraform.io/yandex-cloud/yandex\"]",
      "instances": [
        {
          "schema_version": 1,
          "attributes": {
            "allow_recreate": null,
            "allow_stopping_for_update": null,
            "boot_disk": [
              {
                "auto_delete": true,
                "device_name": "fhmoahal04ui0mqudrnv",
                "disk_id": "fhmoahal04ui0mqudrnv",
                "initialize_params": [
                  {
                    "block_size": 4096,
                    "description": "",
                    "image_id": "fd827b91d99psvq5fjit",
                    "kms_key_id": "",
                    "name": "",
                    "size": 10,
                    "snapshot_id": "",
                    "type": "network-hdd"
                  }
                ],
                "mode": "READ_WRITE"
              }
            ],
            "created_at": "2025-10-08T10:59:36Z",
            "description": "",
            "filesystem": [],
            "folder_id": "b1gqe649cpgjsd7qhnu5",
            "fqdn": "bastion.ru-central1.internal",
            "gpu_cluster_id": "",
            "hardware_generation": [
              {
                "generation2_features": [],
                "legacy_features": [
                  {
                    "pci_topology": "PCI_TOPOLOGY_V1"
                  }
                ]
              }
            ],
            "hostname": "bastion",
            "id": "fhm3s0n7ketaanro1l5b",
            "labels": {},
            "local_disk": [],
            "maintenance_grace_period": "",
            "maintenance_policy": null,
            "metadata": {
              "serial-port-enable": "1",
              "user-data": "#cloud-config\nusers:\n  - name: user\n    groups: sudo\n    shell: /bin/bash\n    sudo: ['ALL=(ALL) NOPASSWD:ALL']\n    ssh_authorized_keys:\n      - ssh-ed25519 AAAAC3NzaC1lZDI1NTE5AAAAIOxAJ9lQnCS5JnQrSrV5PpbAMGxoODP0VzQhRewbrJtn art@debian-test-CLEAN\n\n  - name: admin\n    groups: sudo\n    shell: /bin/bash\n    sudo: ['ALL=(ALL) NOPASSWD:ALL']\n    lock_passwd: false\n    passwd: \"$6$rounds=4096$wPs2z7VqC9$X6q5h7W8pY2rT3sV1qZ9mN0bC4dF7gH2jK5lP8oR6tS9uY4vAxE3zB1cM6nDf\"\n\nssh_pwauth: true\ndisable_root: false\nchpasswd:\n  list: |\n    admin:123456\n  expire: false\n\nruncmd:\n  # Разрешаем весь трафик внутри VPC\n  - iptables -I INPUT -s 192.168.10.0/24 -j ACCEPT\n  - iptables -I INPUT -s 192.168.20.0/24 -j ACCEPT\n  - iptables -I INPUT -s 192.168.30.0/24 -j ACCEPT\n  - iptables-save \u003e /etc/iptables/rules.v4"
            },
            "metadata_options": [
              {
                "aws_v1_http_endpoint": 1,
                "aws_v1_http_token": 2,
                "gce_http_endpoint": 1,
                "gce_http_token": 1
              }
            ],
            "name": "bastion",
            "network_acceleration_type": "standard",
            "network_interface": [
              {
                "dns_record": [],
                "index": 0,
                "ip_address": "192.168.10.14",
                "ipv4": true,
                "ipv6": false,
                "ipv6_address": "",
                "ipv6_dns_record": [],
                "mac_address": "d0:0d:3e:02:e7:a3",
                "nat": true,
                "nat_dns_record": [],
                "nat_ip_address": "158.160.114.78",
                "nat_ip_version": "IPV4",
                "security_group_ids": [
                  "enp8i7vochfhan0e3udo",
                  "enpa77qj1cshedn0krk5"
                ],
                "subnet_id": "e9bls2vpt66rq4m002cn"
              }
            ],
            "placement_policy": [
              {
                "host_affinity_rules": [],
                "placement_group_id": "",
                "placement_group_partition": 0
              }
            ],
            "platform_id": "standard-v3",
            "resources": [
              {
                "core_fraction": 100,
                "cores": 2,
                "gpus": 0,
                "memory": 2
              }
            ],
            "scheduling_policy": [
              {
                "preemptible": true
              }
            ],
            "secondary_disk": [],
            "service_account_id": "",
            "status": "running",
            "timeouts": null,
            "zone": "ru-central1-a"
          },
          "sensitive_attributes": [],
          "identity_schema_version": 0,
          "private": "eyJlMmJmYjczMC1lY2FhLTExZTYtOGY4OC0zNDM2M2JjN2M0YzAiOnsiY3JlYXRlIjozMDAwMDAwMDAwMDAsImRlbGV0ZSI6MzAwMDAwMDAwMDAwLCJ1cGRhdGUiOjMwMDAwMDAwMDAwMH0sInNjaGVtYV92ZXJzaW9uIjoiMSJ9",
          "dependencies": [
            "yandex_vpc_network.diploma-network",
            "yandex_vpc_security_group.bastion-sg",
            "yandex_vpc_security_group.internal-sg",
            "yandex_vpc_subnet.public-subnet"
          ]
        }
      ]
    },
    {
      "mode": "managed",
      "type": "yandex_compute_instance",
      "name": "elastic",
      "provider": "provider[\"registry.terraform.io/yandex-cloud/yandex\"]",
      "instances": [
        {
          "schema_version": 1,
          "attributes": {
            "allow_recreate": null,
            "allow_stopping_for_update": null,
            "boot_disk": [
              {
                "auto_delete": true,
                "device_name": "fhm960stootph52i53hb",
                "disk_id": "fhm960stootph52i53hb",
                "initialize_params": [
                  {
                    "block_size": 4096,
                    "description": "",
                    "image_id": "fd827b91d99psvq5fjit",
                    "kms_key_id": "",
                    "name": "",
                    "size": 10,
                    "snapshot_id": "",
                    "type": "network-hdd"
                  }
                ],
                "mode": "READ_WRITE"
              }
            ],
            "created_at": "2025-10-08T11:58:07Z",
            "description": "",
            "filesystem": [],
            "folder_id": "b1gqe649cpgjsd7qhnu5",
            "fqdn": "elastic.ru-central1.internal",
            "gpu_cluster_id": "",
            "hardware_generation": [
              {
                "generation2_features": [],
                "legacy_features": [
                  {
                    "pci_topology": "PCI_TOPOLOGY_V1"
                  }
                ]
              }
            ],
            "hostname": "elastic",
            "id": "fhmqcacvgimfvjrmnmcg",
            "labels": {},
            "local_disk": [],
            "maintenance_grace_period": "",
            "maintenance_policy": null,
            "metadata": {
              "serial-port-enable": "1",
              "user-data": "#cloud-config\nusers:\n  - name: user\n    groups: sudo\n    shell: /bin/bash\n    sudo: ['ALL=(ALL) NOPASSWD:ALL']\n    ssh_authorized_keys:\n      - ssh-ed25519 AAAAC3NzaC1lZDI1NTE5AAAAIOxAJ9lQnCS5JnQrSrV5PpbAMGxoODP0VzQhRewbrJtn art@debian-test-CLEAN\n\n  - name: admin\n    groups: sudo\n    shell: /bin/bash\n    sudo: ['ALL=(ALL) NOPASSWD:ALL']\n    lock_passwd: false\n    passwd: \"$6$rounds=4096$wPs2z7VqC9$X6q5h7W8pY2rT3sV1qZ9mN0bC4dF7gH2jK5lP8oR6tS9uY4vAxE3zB1cM6nDf\"\n\nssh_pwauth: true\ndisable_root: false\nchpasswd:\n  list: |\n    admin:123456\n  expire: false\n\nruncmd:\n  # Разрешаем весь трафик внутри VPC\n  - iptables -I INPUT -s 192.168.10.0/24 -j ACCEPT\n  - iptables -I INPUT -s 192.168.20.0/24 -j ACCEPT\n  - iptables -I INPUT -s 192.168.30.0/24 -j ACCEPT\n  - iptables-save \u003e /etc/iptables/rules.v4"
            },
            "metadata_options": [
              {
                "aws_v1_http_endpoint": 1,
                "aws_v1_http_token": 2,
                "gce_http_endpoint": 1,
                "gce_http_token": 1
              }
            ],
            "name": "elastic",
            "network_acceleration_type": "standard",
            "network_interface": [
              {
                "dns_record": [],
                "index": 0,
                "ip_address": "192.168.20.21",
                "ipv4": true,
                "ipv6": false,
                "ipv6_address": "",
                "ipv6_dns_record": [],
                "mac_address": "d0:0d:1a:62:99:f8",
                "nat": false,
                "nat_dns_record": [],
                "nat_ip_address": "",
                "nat_ip_version": "",
                "security_group_ids": [
                  "enp2k6pl15dndssvsf2p",
                  "enpa77qj1cshedn0krk5"
                ],
                "subnet_id": "e9bn6ccj1podju89neso"
              }
            ],
            "placement_policy": [
              {
                "host_affinity_rules": [],
                "placement_group_id": "",
                "placement_group_partition": 0
              }
            ],
            "platform_id": "standard-v3",
            "resources": [
              {
                "core_fraction": 100,
                "cores": 2,
                "gpus": 0,
                "memory": 4
              }
            ],
            "scheduling_policy": [
              {
                "preemptible": true
              }
            ],
            "secondary_disk": [],
            "service_account_id": "aje3oiat5j3pgp6qb569",
            "status": "running",
            "timeouts": null,
            "zone": "ru-central1-a"
          },
          "sensitive_attributes": [],
          "identity_schema_version": 0,
          "private": "eyJlMmJmYjczMC1lY2FhLTExZTYtOGY4OC0zNDM2M2JjN2M0YzAiOnsiY3JlYXRlIjozMDAwMDAwMDAwMDAsImRlbGV0ZSI6MzAwMDAwMDAwMDAwLCJ1cGRhdGUiOjMwMDAwMDAwMDAwMH0sInNjaGVtYV92ZXJzaW9uIjoiMSJ9",
          "dependencies": [
            "yandex_iam_service_account.vm-sa",
            "yandex_vpc_gateway.nat-gateway",
            "yandex_vpc_network.diploma-network",
            "yandex_vpc_route_table.private-rt",
            "yandex_vpc_security_group.elastic-sg",
            "yandex_vpc_security_group.internal-sg",
            "yandex_vpc_subnet.private-subnet"
          ]
        }
      ]
    },
    {
      "mode": "managed",
      "type": "yandex_compute_instance",
      "name": "kibana",
      "provider": "provider[\"registry.terraform.io/yandex-cloud/yandex\"]",
      "instances": [
        {
          "schema_version": 1,
          "attributes": {
            "allow_recreate": null,
            "allow_stopping_for_update": null,
            "boot_disk": [
              {
                "auto_delete": true,
                "device_name": "fhmsb40hhcnbvlt6kn33",
                "disk_id": "fhmsb40hhcnbvlt6kn33",
                "initialize_params": [
                  {
                    "block_size": 4096,
                    "description": "",
                    "image_id": "fd827b91d99psvq5fjit",
                    "kms_key_id": "",
                    "name": "",
                    "size": 10,
                    "snapshot_id": "",
                    "type": "network-hdd"
                  }
                ],
                "mode": "READ_WRITE"
              }
            ],
            "created_at": "2025-10-08T10:59:23Z",
            "description": "",
            "filesystem": [],
            "folder_id": "b1gqe649cpgjsd7qhnu5",
            "fqdn": "kibana.ru-central1.internal",
            "gpu_cluster_id": "",
            "hardware_generation": [
              {
                "generation2_features": [],
                "legacy_features": [
                  {
                    "pci_topology": "PCI_TOPOLOGY_V1"
                  }
                ]
              }
            ],
            "hostname": "kibana",
            "id": "fhmgigcpdl16i5eeo0e7",
            "labels": {},
            "local_disk": [],
            "maintenance_grace_period": "",
            "maintenance_policy": null,
            "metadata": {
              "serial-port-enable": "1",
              "user-data": "#cloud-config\nusers:\n  - name: user\n    groups: sudo\n    shell: /bin/bash\n    sudo: ['ALL=(ALL) NOPASSWD:ALL']\n    ssh_authorized_keys:\n      - ssh-ed25519 AAAAC3NzaC1lZDI1NTE5AAAAIOxAJ9lQnCS5JnQrSrV5PpbAMGxoODP0VzQhRewbrJtn art@debian-test-CLEAN\n\n  - name: admin\n    groups: sudo\n    shell: /bin/bash\n    sudo: ['ALL=(ALL) NOPASSWD:ALL']\n    lock_passwd: false\n    passwd: \"$6$rounds=4096$wPs2z7VqC9$X6q5h7W8pY2rT3sV1qZ9mN0bC4dF7gH2jK5lP8oR6tS9uY4vAxE3zB1cM6nDf\"\n\nssh_pwauth: true\ndisable_root: false\nchpasswd:\n  list: |\n    admin:123456\n  expire: false\n\nruncmd:\n  # Разрешаем весь трафик внутри VPC\n  - iptables -I INPUT -s 192.168.10.0/24 -j ACCEPT\n  - iptables -I INPUT -s 192.168.20.0/24 -j ACCEPT\n  - iptables -I INPUT -s 192.168.30.0/24 -j ACCEPT\n  - iptables-save \u003e /etc/iptables/rules.v4"
            },
            "metadata_options": [
              {
                "aws_v1_http_endpoint": 1,
                "aws_v1_http_token": 2,
                "gce_http_endpoint": 1,
                "gce_http_token": 1
              }
            ],
            "name": "kibana",
            "network_acceleration_type": "standard",
            "network_interface": [
              {
                "dns_record": [],
                "index": 0,
                "ip_address": "192.168.10.24",
                "ipv4": true,
                "ipv6": false,
                "ipv6_address": "",
                "ipv6_dns_record": [],
                "mac_address": "d0:0d:10:94:19:96",
                "nat": true,
                "nat_dns_record": [],
                "nat_ip_address": "158.160.104.48",
                "nat_ip_version": "IPV4",
                "security_group_ids": [
                  "enp8bo35rmkloicq4tkb",
                  "enpa77qj1cshedn0krk5"
                ],
                "subnet_id": "e9bls2vpt66rq4m002cn"
              }
            ],
            "placement_policy": [
              {
                "host_affinity_rules": [],
                "placement_group_id": "",
                "placement_group_partition": 0
              }
            ],
            "platform_id": "standard-v3",
            "resources": [
              {
                "core_fraction": 100,
                "cores": 2,
                "gpus": 0,
                "memory": 2
              }
            ],
            "scheduling_policy": [
              {
                "preemptible": true
              }
            ],
            "secondary_disk": [],
            "service_account_id": "",
            "status": "running",
            "timeouts": null,
            "zone": "ru-central1-a"
          },
          "sensitive_attributes": [],
          "identity_schema_version": 0,
          "private": "eyJlMmJmYjczMC1lY2FhLTExZTYtOGY4OC0zNDM2M2JjN2M0YzAiOnsiY3JlYXRlIjozMDAwMDAwMDAwMDAsImRlbGV0ZSI6MzAwMDAwMDAwMDAwLCJ1cGRhdGUiOjMwMDAwMDAwMDAwMH0sInNjaGVtYV92ZXJzaW9uIjoiMSJ9",
          "dependencies": [
            "yandex_vpc_network.diploma-network",
            "yandex_vpc_security_group.internal-sg",
            "yandex_vpc_security_group.kibana-sg",
            "yandex_vpc_subnet.public-subnet"
          ]
        }
      ]
    },
    {
      "mode": "managed",
      "type": "yandex_compute_instance",
      "name": "web-1",
      "provider": "provider[\"registry.terraform.io/yandex-cloud/yandex\"]",
      "instances": [
        {
          "schema_version": 1,
          "attributes": {
            "allow_recreate": null,
            "allow_stopping_for_update": null,
            "boot_disk": [
              {
                "auto_delete": true,
                "device_name": "fhm1s16od8pu5a3v4li6",
                "disk_id": "fhm1s16od8pu5a3v4li6",
                "initialize_params": [
                  {
                    "block_size": 4096,
                    "description": "",
                    "image_id": "fd827b91d99psvq5fjit",
                    "kms_key_id": "",
                    "name": "",
                    "size": 10,
                    "snapshot_id": "",
                    "type": "network-hdd"
                  }
                ],
                "mode": "READ_WRITE"
              }
            ],
            "created_at": "2025-10-08T10:59:16Z",
            "description": "",
            "filesystem": [],
            "folder_id": "b1gqe649cpgjsd7qhnu5",
            "fqdn": "web-1.ru-central1.internal",
            "gpu_cluster_id": "",
            "hardware_generation": [
              {
                "generation2_features": [],
                "legacy_features": [
                  {
                    "pci_topology": "PCI_TOPOLOGY_V1"
                  }
                ]
              }
            ],
            "hostname": "web-1",
            "id": "fhm0puvi68fbn1rpg3si",
            "labels": {},
            "local_disk": [],
            "maintenance_grace_period": "",
            "maintenance_policy": null,
            "metadata": {
              "serial-port-enable": "1",
              "user-data": "#cloud-config\nusers:\n  - name: user\n    groups: sudo\n    shell: /bin/bash\n    sudo: ['ALL=(ALL) NOPASSWD:ALL']\n    ssh_authorized_keys:\n      - ssh-ed25519 AAAAC3NzaC1lZDI1NTE5AAAAIOxAJ9lQnCS5JnQrSrV5PpbAMGxoODP0VzQhRewbrJtn art@debian-test-CLEAN\n\n  - name: admin\n    groups: sudo\n    shell: /bin/bash\n    sudo: ['ALL=(ALL) NOPASSWD:ALL']\n    lock_passwd: false\n    passwd: \"$6$rounds=4096$wPs2z7VqC9$X6q5h7W8pY2rT3sV1qZ9mN0bC4dF7gH2jK5lP8oR6tS9uY4vAxE3zB1cM6nDf\"\n\nssh_pwauth: true\ndisable_root: false\nchpasswd:\n  list: |\n    admin:123456\n  expire: false\n\nruncmd:\n  # Разрешаем весь трафик внутри VPC\n  - iptables -I INPUT -s 192.168.10.0/24 -j ACCEPT\n  - iptables -I INPUT -s 192.168.20.0/24 -j ACCEPT\n  - iptables -I INPUT -s 192.168.30.0/24 -j ACCEPT\n  - iptables-save \u003e /etc/iptables/rules.v4"
            },
            "metadata_options": [
              {
                "aws_v1_http_endpoint": 1,
                "aws_v1_http_token": 2,
                "gce_http_endpoint": 1,
                "gce_http_token": 1
              }
            ],
            "name": "web-1",
            "network_acceleration_type": "standard",
            "network_interface": [
              {
                "dns_record": [],
                "index": 0,
                "ip_address": "192.168.20.18",
                "ipv4": true,
                "ipv6": false,
                "ipv6_address": "",
                "ipv6_dns_record": [],
                "mac_address": "d0:0d:cf:bf:23:21",
                "nat": false,
                "nat_dns_record": [],
                "nat_ip_address": "",
                "nat_ip_version": "",
                "security_group_ids": [
                  "enpa77qj1cshedn0krk5",
                  "enpsbc2864iqnk79j7ai"
                ],
                "subnet_id": "e9bn6ccj1podju89neso"
              }
            ],
            "placement_policy": [
              {
                "host_affinity_rules": [],
                "placement_group_id": "",
                "placement_group_partition": 0
              }
            ],
            "platform_id": "standard-v3",
            "resources": [
              {
                "core_fraction": 100,
                "cores": 2,
                "gpus": 0,
                "memory": 2
              }
            ],
            "scheduling_policy": [
              {
                "preemptible": true
              }
            ],
            "secondary_disk": [],
            "service_account_id": "aje3oiat5j3pgp6qb569",
            "status": "running",
            "timeouts": null,
            "zone": "ru-central1-a"
          },
          "sensitive_attributes": [],
          "identity_schema_version": 0,
          "private": "eyJlMmJmYjczMC1lY2FhLTExZTYtOGY4OC0zNDM2M2JjN2M0YzAiOnsiY3JlYXRlIjozMDAwMDAwMDAwMDAsImRlbGV0ZSI6MzAwMDAwMDAwMDAwLCJ1cGRhdGUiOjMwMDAwMDAwMDAwMH0sInNjaGVtYV92ZXJzaW9uIjoiMSJ9",
          "dependencies": [
            "yandex_iam_service_account.vm-sa",
            "yandex_vpc_gateway.nat-gateway",
            "yandex_vpc_network.diploma-network",
            "yandex_vpc_route_table.private-rt",
            "yandex_vpc_security_group.alb-sg",
            "yandex_vpc_security_group.internal-sg",
            "yandex_vpc_security_group.web-sg",
            "yandex_vpc_subnet.private-subnet"
          ]
        }
      ]
    },
    {
      "mode": "managed",
      "type": "yandex_compute_instance",
      "name": "web-2",
      "provider": "provider[\"registry.terraform.io/yandex-cloud/yandex\"]",
      "instances": [
        {
          "schema_version": 1,
          "attributes": {
            "allow_recreate": null,
            "allow_stopping_for_update": null,
            "boot_disk": [
              {
                "auto_delete": true,
                "device_name": "epd8hojtg0nd3rqs79ff",
                "disk_id": "epd8hojtg0nd3rqs79ff",
                "initialize_params": [
                  {
                    "block_size": 4096,
                    "description": "",
                    "image_id": "fd827b91d99psvq5fjit",
                    "kms_key_id": "",
                    "name": "",
                    "size": 10,
                    "snapshot_id": "",
                    "type": "network-hdd"
                  }
                ],
                "mode": "READ_WRITE"
              }
            ],
            "created_at": "2025-10-08T10:59:16Z",
            "description": "",
            "filesystem": [],
            "folder_id": "b1gqe649cpgjsd7qhnu5",
            "fqdn": "web-2.ru-central1.internal",
            "gpu_cluster_id": "",
            "hardware_generation": [
              {
                "generation2_features": [],
                "legacy_features": [
                  {
                    "pci_topology": "PCI_TOPOLOGY_V1"
                  }
                ]
              }
            ],
            "hostname": "web-2",
            "id": "epdf6i774ppeqkiv3trs",
            "labels": {},
            "local_disk": [],
            "maintenance_grace_period": "",
            "maintenance_policy": null,
            "metadata": {
              "serial-port-enable": "1",
              "user-data": "#cloud-config\nusers:\n  - name: user\n    groups: sudo\n    shell: /bin/bash\n    sudo: ['ALL=(ALL) NOPASSWD:ALL']\n    ssh_authorized_keys:\n      - ssh-ed25519 AAAAC3NzaC1lZDI1NTE5AAAAIOxAJ9lQnCS5JnQrSrV5PpbAMGxoODP0VzQhRewbrJtn art@debian-test-CLEAN\n\n  - name: admin\n    groups: sudo\n    shell: /bin/bash\n    sudo: ['ALL=(ALL) NOPASSWD:ALL']\n    lock_passwd: false\n    passwd: \"$6$rounds=4096$wPs2z7VqC9$X6q5h7W8pY2rT3sV1qZ9mN0bC4dF7gH2jK5lP8oR6tS9uY4vAxE3zB1cM6nDf\"\n\nssh_pwauth: true\ndisable_root: false\nchpasswd:\n  list: |\n    admin:123456\n  expire: false\n\nruncmd:\n  # Разрешаем весь трафик внутри VPC\n  - iptables -I INPUT -s 192.168.10.0/24 -j ACCEPT\n  - iptables -I INPUT -s 192.168.20.0/24 -j ACCEPT\n  - iptables -I INPUT -s 192.168.30.0/24 -j ACCEPT\n  - iptables-save \u003e /etc/iptables/rules.v4"
            },
            "metadata_options": [
              {
                "aws_v1_http_endpoint": 1,
                "aws_v1_http_token": 2,
                "gce_http_endpoint": 1,
                "gce_http_token": 1
              }
            ],
            "name": "web-2",
            "network_acceleration_type": "standard",
            "network_interface": [
              {
                "dns_record": [],
                "index": 0,
                "ip_address": "192.168.30.13",
                "ipv4": true,
                "ipv6": false,
                "ipv6_address": "",
                "ipv6_dns_record": [],
                "mac_address": "d0:0d:f3:48:e7:26",
                "nat": false,
                "nat_dns_record": [],
                "nat_ip_address": "",
                "nat_ip_version": "",
                "security_group_ids": [
                  "enpa77qj1cshedn0krk5",
                  "enpsbc2864iqnk79j7ai"
                ],
                "subnet_id": "e2lkhnlef9epj5r2paal"
              }
            ],
            "placement_policy": [
              {
                "host_affinity_rules": [],
                "placement_group_id": "",
                "placement_group_partition": 0
              }
            ],
            "platform_id": "standard-v3",
            "resources": [
              {
                "core_fraction": 100,
                "cores": 2,
                "gpus": 0,
                "memory": 2
              }
            ],
            "scheduling_policy": [
              {
                "preemptible": true
              }
            ],
            "secondary_disk": [],
            "service_account_id": "aje3oiat5j3pgp6qb569",
            "status": "running",
            "timeouts": null,
            "zone": "ru-central1-b"
          },
          "sensitive_attributes": [],
          "identity_schema_version": 0,
          "private": "eyJlMmJmYjczMC1lY2FhLTExZTYtOGY4OC0zNDM2M2JjN2M0YzAiOnsiY3JlYXRlIjozMDAwMDAwMDAwMDAsImRlbGV0ZSI6MzAwMDAwMDAwMDAwLCJ1cGRhdGUiOjMwMDAwMDAwMDAwMH0sInNjaGVtYV92ZXJzaW9uIjoiMSJ9",
          "dependencies": [
            "yandex_iam_service_account.vm-sa",
            "yandex_vpc_gateway.nat-gateway",
            "yandex_vpc_network.diploma-network",
            "yandex_vpc_route_table.private-rt",
            "yandex_vpc_security_group.alb-sg",
            "yandex_vpc_security_group.internal-sg",
            "yandex_vpc_security_group.web-sg",
            "yandex_vpc_subnet.private-subnet-b"
          ]
        }
      ]
    },
    {
      "mode": "managed",
      "type": "yandex_compute_instance",
      "name": "zabbix",
      "provider": "provider[\"registry.terraform.io/yandex-cloud/yandex\"]",
      "instances": [
        {
          "schema_version": 1,
          "attributes": {
            "allow_recreate": null,
            "allow_stopping_for_update": null,
            "boot_disk": [
              {
                "auto_delete": true,
                "device_name": "fhmsn8gtqqrrekf1f9fc",
                "disk_id": "fhmsn8gtqqrrekf1f9fc",
                "initialize_params": [
                  {
                    "block_size": 4096,
                    "description": "",
                    "image_id": "fd827b91d99psvq5fjit",
                    "kms_key_id": "",
                    "name": "",
                    "size": 10,
                    "snapshot_id": "",
                    "type": "network-hdd"
                  }
                ],
                "mode": "READ_WRITE"
              }
            ],
            "created_at": "2025-10-08T10:59:20Z",
            "description": "",
            "filesystem": [],
            "folder_id": "b1gqe649cpgjsd7qhnu5",
            "fqdn": "zabbix.ru-central1.internal",
            "gpu_cluster_id": "",
            "hardware_generation": [
              {
                "generation2_features": [],
                "legacy_features": [
                  {
                    "pci_topology": "PCI_TOPOLOGY_V1"
                  }
                ]
              }
            ],
            "hostname": "zabbix",
            "id": "fhmbqn5sbgu7mjbcphj2",
            "labels": {},
            "local_disk": [],
            "maintenance_grace_period": "",
            "maintenance_policy": null,
            "metadata": {
              "serial-port-enable": "1",
              "user-data": "#cloud-config\nusers:\n  - name: user\n    groups: sudo\n    shell: /bin/bash\n    sudo: ['ALL=(ALL) NOPASSWD:ALL']\n    ssh_authorized_keys:\n      - ssh-ed25519 AAAAC3NzaC1lZDI1NTE5AAAAIOxAJ9lQnCS5JnQrSrV5PpbAMGxoODP0VzQhRewbrJtn art@debian-test-CLEAN\n\n  - name: admin\n    groups: sudo\n    shell: /bin/bash\n    sudo: ['ALL=(ALL) NOPASSWD:ALL']\n    lock_passwd: false\n    passwd: \"$6$rounds=4096$wPs2z7VqC9$X6q5h7W8pY2rT3sV1qZ9mN0bC4dF7gH2jK5lP8oR6tS9uY4vAxE3zB1cM6nDf\"\n\nssh_pwauth: true\ndisable_root: false\nchpasswd:\n  list: |\n    admin:123456\n  expire: false\n\nruncmd:\n  # Разрешаем весь трафик внутри VPC\n  - iptables -I INPUT -s 192.168.10.0/24 -j ACCEPT\n  - iptables -I INPUT -s 192.168.20.0/24 -j ACCEPT\n  - iptables -I INPUT -s 192.168.30.0/24 -j ACCEPT\n  - iptables-save \u003e /etc/iptables/rules.v4"
            },
            "metadata_options": [
              {
                "aws_v1_http_endpoint": 1,
                "aws_v1_http_token": 2,
                "gce_http_endpoint": 1,
                "gce_http_token": 1
              }
            ],
            "name": "zabbix",
            "network_acceleration_type": "standard",
            "network_interface": [
              {
                "dns_record": [],
                "index": 0,
                "ip_address": "192.168.10.5",
                "ipv4": true,
                "ipv6": false,
                "ipv6_address": "",
                "ipv6_dns_record": [],
                "mac_address": "d0:0d:bd:5c:bc:5c",
                "nat": true,
                "nat_dns_record": [],
                "nat_ip_address": "158.160.122.131",
                "nat_ip_version": "IPV4",
                "security_group_ids": [
                  "enp5itjqlsjpus24qlh4",
                  "enpa77qj1cshedn0krk5"
                ],
                "subnet_id": "e9bls2vpt66rq4m002cn"
              }
            ],
            "placement_policy": [
              {
                "host_affinity_rules": [],
                "placement_group_id": "",
                "placement_group_partition": 0
              }
            ],
            "platform_id": "standard-v3",
            "resources": [
              {
                "core_fraction": 100,
                "cores": 2,
                "gpus": 0,
                "memory": 4
              }
            ],
            "scheduling_policy": [
              {
                "preemptible": true
              }
            ],
            "secondary_disk": [],
            "service_account_id": "",
            "status": "running",
            "timeouts": null,
            "zone": "ru-central1-a"
          },
          "sensitive_attributes": [],
          "identity_schema_version": 0,
          "private": "eyJlMmJmYjczMC1lY2FhLTExZTYtOGY4OC0zNDM2M2JjN2M0YzAiOnsiY3JlYXRlIjozMDAwMDAwMDAwMDAsImRlbGV0ZSI6MzAwMDAwMDAwMDAwLCJ1cGRhdGUiOjMwMDAwMDAwMDAwMH0sInNjaGVtYV92ZXJzaW9uIjoiMSJ9",
          "dependencies": [
            "yandex_vpc_network.diploma-network",
            "yandex_vpc_security_group.internal-sg",
            "yandex_vpc_security_group.zabbix-sg",
            "yandex_vpc_subnet.public-subnet"
          ]
        }
      ]
    },
    {
      "mode": "managed",
      "type": "yandex_compute_snapshot_schedule",
      "name": "daily-snapshots",
      "provider": "provider[\"registry.terraform.io/yandex-cloud/yandex\"]",
      "instances": [
        {
          "schema_version": 0,
          "attributes": {
            "created_at": "2025-10-08T11:01:27Z",
            "description": "",
            "disk_ids": [
              "epd8hojtg0nd3rqs79ff",
              "fhm1s16od8pu5a3v4li6",
              "fhm960stootph52i53hb",
              "fhmoahal04ui0mqudrnv",
              "fhmsb40hhcnbvlt6kn33",
              "fhmsn8gtqqrrekf1f9fc"
            ],
            "folder_id": "b1gqe649cpgjsd7qhnu5",
            "id": "fd81ekev93q7pfgo8pdl",
            "labels": {},
            "name": "daily-snapshots",
            "retention_period": "",
            "schedule_policy": [
              {
                "expression": "0 2 * * *",
                "start_at": "1970-01-01T00:00:00Z"
              }
            ],
            "snapshot_count": 7,
            "snapshot_spec": [
              {
                "description": "",
                "labels": {}
              }
            ],
            "status": "active",
            "timeouts": null
          },
          "sensitive_attributes": [],
          "identity_schema_version": 0,
          "private": "eyJlMmJmYjczMC1lY2FhLTExZTYtOGY4OC0zNDM2M2JjN2M0YzAiOnsiY3JlYXRlIjozMDAwMDAwMDAwMDAsImRlbGV0ZSI6MzAwMDAwMDAwMDAwLCJ1cGRhdGUiOjMwMDAwMDAwMDAwMH19",
          "dependencies": [
            "yandex_compute_instance.bastion",
            "yandex_compute_instance.elastic",
            "yandex_compute_instance.kibana",
            "yandex_compute_instance.web-1",
            "yandex_compute_instance.web-2",
            "yandex_compute_instance.zabbix",
            "yandex_iam_service_account.vm-sa",
            "yandex_vpc_gateway.nat-gateway",
            "yandex_vpc_network.diploma-network",
            "yandex_vpc_route_table.private-rt",
            "yandex_vpc_security_group.alb-sg",
            "yandex_vpc_security_group.bastion-sg",
            "yandex_vpc_security_group.elastic-sg",
            "yandex_vpc_security_group.internal-sg",
            "yandex_vpc_security_group.kibana-sg",
            "yandex_vpc_security_group.web-sg",
            "yandex_vpc_security_group.zabbix-sg",
            "yandex_vpc_subnet.private-subnet",
            "yandex_vpc_subnet.private-subnet-b",
            "yandex_vpc_subnet.public-subnet"
          ]
        }
      ]
    },
    {
      "mode": "managed",
      "type": "yandex_iam_service_account",
      "name": "vm-sa",
      "provider": "provider[\"registry.terraform.io/yandex-cloud/yandex\"]",
      "instances": [
        {
          "schema_version": 0,
          "attributes": {
            "created_at": "2025-10-08T10:59:04Z",
            "description": "",
            "folder_id": "b1gqe649cpgjsd7qhnu5",
            "id": "aje3oiat5j3pgp6qb569",
            "name": "vm-sa",
            "timeouts": null
          },
          "sensitive_attributes": [],
          "identity_schema_version": 0,
          "private": "eyJlMmJmYjczMC1lY2FhLTExZTYtOGY4OC0zNDM2M2JjN2M0YzAiOnsiY3JlYXRlIjo2MDAwMDAwMDAwMCwiZGVsZXRlIjo2MDAwMDAwMDAwMCwidXBkYXRlIjo2MDAwMDAwMDAwMH19"
        }
      ]
    },
    {
      "mode": "managed",
      "type": "yandex_resourcemanager_folder_iam_member",
      "name": "snapshotter",
      "provider": "provider[\"registry.terraform.io/yandex-cloud/yandex\"]",
      "instances": [
        {
          "schema_version": 0,
          "attributes": {
            "folder_id": "b1gqe649cpgjsd7qhnu5",
            "id": "b1gqe649cpgjsd7qhnu5/editor/serviceAccount:aje3oiat5j3pgp6qb569",
            "member": "serviceAccount:aje3oiat5j3pgp6qb569",
            "role": "editor",
            "sleep_after": null,
            "timeouts": null
          },
          "sensitive_attributes": [
            [
              {
                "type": "get_attr",
                "value": "folder_id"
              }
            ]
          ],
          "identity_schema_version": 0,
          "private": "eyJlMmJmYjczMC1lY2FhLTExZTYtOGY4OC0zNDM2M2JjN2M0YzAiOnsiY3JlYXRlIjoxODAwMDAwMDAwMDAwLCJkZWZhdWx0IjoxODAwMDAwMDAwMDAwLCJkZWxldGUiOjE4MDAwMDAwMDAwMDAsInJlYWQiOjE4MDAwMDAwMDAwMDAsInVwZGF0ZSI6MTgwMDAwMDAwMDAwMH19",
          "dependencies": [
            "yandex_iam_service_account.vm-sa"
          ]
        }
      ]
    },
    {
      "mode": "managed",
      "type": "yandex_vpc_gateway",
      "name": "nat-gateway",
      "provider": "provider[\"registry.terraform.io/yandex-cloud/yandex\"]",
      "instances": [
        {
          "schema_version": 0,
          "attributes": {
            "created_at": "2025-10-08T10:59:04Z",
            "description": "",
            "folder_id": "b1gqe649cpgjsd7qhnu5",
            "id": "enpkq1hblrlq0c60otup",
            "labels": {},
            "name": "nat-gateway",
            "shared_egress_gateway": [
              {}
            ],
            "timeouts": null
          },
          "sensitive_attributes": [],
          "identity_schema_version": 0,
          "private": "eyJlMmJmYjczMC1lY2FhLTExZTYtOGY4OC0zNDM2M2JjN2M0YzAiOnsiY3JlYXRlIjo2MDAwMDAwMDAwMCwiZGVsZXRlIjo2MDAwMDAwMDAwMCwidXBkYXRlIjo2MDAwMDAwMDAwMH19"
        }
      ]
    },
    {
      "mode": "managed",
      "type": "yandex_vpc_network",
      "name": "diploma-network",
      "provider": "provider[\"registry.terraform.io/yandex-cloud/yandex\"]",
      "instances": [
        {
          "schema_version": 0,
          "attributes": {
            "created_at": "2025-10-08T10:59:04Z",
            "default_security_group_id": "enp4tdprmv44shkhrsmu",
            "description": "",
            "folder_id": "b1gqe649cpgjsd7qhnu5",
            "id": "enpe3qh5dcl6vu7n1njt",
            "labels": {},
            "name": "diploma-network",
            "subnet_ids": [
              "e2lkhnlef9epj5r2paal",
              "e9bls2vpt66rq4m002cn",
              "e9bn6ccj1podju89neso"
            ],
            "timeouts": null
          },
          "sensitive_attributes": [],
          "identity_schema_version": 0,
          "private": "eyJlMmJmYjczMC1lY2FhLTExZTYtOGY4OC0zNDM2M2JjN2M0YzAiOnsiY3JlYXRlIjo2MDAwMDAwMDAwMCwiZGVsZXRlIjo2MDAwMDAwMDAwMCwidXBkYXRlIjo2MDAwMDAwMDAwMH19"
        }
      ]
    },
    {
      "mode": "managed",
      "type": "yandex_vpc_route_table",
      "name": "private-rt",
      "provider": "provider[\"registry.terraform.io/yandex-cloud/yandex\"]",
      "instances": [
        {
          "schema_version": 0,
          "attributes": {
            "created_at": "2025-10-08T10:59:08Z",
            "description": "",
            "folder_id": "b1gqe649cpgjsd7qhnu5",
            "id": "enp1phim1qpa0avbokod",
            "labels": {},
            "name": "private-rt",
            "network_id": "enpe3qh5dcl6vu7n1njt",
            "static_route": [
              {
                "destination_prefix": "0.0.0.0/0",
                "gateway_id": "enpkq1hblrlq0c60otup",
                "next_hop_address": ""
              }
            ],
            "timeouts": null
          },
          "sensitive_attributes": [],
          "identity_schema_version": 0,
          "private": "eyJlMmJmYjczMC1lY2FhLTExZTYtOGY4OC0zNDM2M2JjN2M0YzAiOnsiY3JlYXRlIjoxODAwMDAwMDAwMDAsImRlbGV0ZSI6MTgwMDAwMDAwMDAwLCJ1cGRhdGUiOjE4MDAwMDAwMDAwMH19",
          "dependencies": [
            "yandex_vpc_gateway.nat-gateway",
            "yandex_vpc_network.diploma-network"
          ]
        }
      ]
    },
    {
      "mode": "managed",
      "type": "yandex_vpc_security_group",
      "name": "alb-sg",
      "provider": "provider[\"registry.terraform.io/yandex-cloud/yandex\"]",
      "instances": [
        {
          "schema_version": 0,
          "attributes": {
            "created_at": "2025-10-08T10:59:11Z",
            "description": "",
            "egress": [
              {
                "description": "Весь исходящий трафик",
                "from_port": 0,
                "id": "enp1kto1i2i234bqql1k",
                "labels": {},
                "port": -1,
                "predefined_target": "",
                "protocol": "ANY",
                "security_group_id": "",
                "to_port": 65535,
                "v4_cidr_blocks": [
                  "0.0.0.0/0"
                ],
                "v6_cidr_blocks": []
              }
            ],
            "folder_id": "b1gqe649cpgjsd7qhnu5",
            "id": "enp9sa4s8oo18bf4ou1p",
            "ingress": [
              {
                "description": "HTTP из интернета",
                "from_port": -1,
                "id": "enpkks8ej6ald5442la8",
                "labels": {},
                "port": 80,
                "predefined_target": "",
                "protocol": "TCP",
                "security_group_id": "",
                "to_port": -1,
                "v4_cidr_blocks": [
                  "0.0.0.0/0"
                ],
                "v6_cidr_blocks": []
              },
              {
                "description": "Health Checks от Yandex ALB",
                "from_port": 30000,
                "id": "enpi8plub5m9h45tkldh",
                "labels": {},
                "port": -1,
                "predefined_target": "",
                "protocol": "TCP",
                "security_group_id": "",
                "to_port": 65535,
                "v4_cidr_blocks": [
                  "198.18.235.0/24",
                  "198.18.248.0/24"
                ],
                "v6_cidr_blocks": []
              }
            ],
            "labels": {},
            "name": "alb-sg",
            "network_id": "enpe3qh5dcl6vu7n1njt",
            "status": "ACTIVE",
            "timeouts": null
          },
          "sensitive_attributes": [],
          "identity_schema_version": 0,
          "private": "eyJlMmJmYjczMC1lY2FhLTExZTYtOGY4OC0zNDM2M2JjN2M0YzAiOnsiY3JlYXRlIjoxODAwMDAwMDAwMDAsImRlbGV0ZSI6MTgwMDAwMDAwMDAwLCJ1cGRhdGUiOjE4MDAwMDAwMDAwMH19",
          "dependencies": [
            "yandex_vpc_network.diploma-network"
          ]
        }
      ]
    },
    {
      "mode": "managed",
      "type": "yandex_vpc_security_group",
      "name": "bastion-sg",
      "provider": "provider[\"registry.terraform.io/yandex-cloud/yandex\"]",
      "instances": [
        {
          "schema_version": 0,
          "attributes": {
            "created_at": "2025-10-08T10:59:35Z",
            "description": "",
            "egress": [
              {
                "description": "Весь исходящий трафик",
                "from_port": 0,
                "id": "enpj2224ssiim5mh7or9",
                "labels": {},
                "port": -1,
                "predefined_target": "",
                "protocol": "ANY",
                "security_group_id": "",
                "to_port": 65535,
                "v4_cidr_blocks": [
                  "0.0.0.0/0"
                ],
                "v6_cidr_blocks": []
              }
            ],
            "folder_id": "b1gqe649cpgjsd7qhnu5",
            "id": "enp8i7vochfhan0e3udo",
            "ingress": [
              {
                "description": "SSH из интернета",
                "from_port": -1,
                "id": "enp0n86hqk9lkmgb19cb",
                "labels": {},
                "port": 22,
                "predefined_target": "",
                "protocol": "TCP",
                "security_group_id": "",
                "to_port": -1,
                "v4_cidr_blocks": [
                  "0.0.0.0/0"
                ],
                "v6_cidr_blocks": []
              }
            ],
            "labels": {},
            "name": "bastion-sg",
            "network_id": "enpe3qh5dcl6vu7n1njt",
            "status": "ACTIVE",
            "timeouts": null
          },
          "sensitive_attributes": [],
          "identity_schema_version": 0,
          "private": "eyJlMmJmYjczMC1lY2FhLTExZTYtOGY4OC0zNDM2M2JjN2M0YzAiOnsiY3JlYXRlIjoxODAwMDAwMDAwMDAsImRlbGV0ZSI6MTgwMDAwMDAwMDAwLCJ1cGRhdGUiOjE4MDAwMDAwMDAwMH19",
          "dependencies": [
            "yandex_vpc_network.diploma-network"
          ]
        }
      ]
    },
    {
      "mode": "managed",
      "type": "yandex_vpc_security_group",
      "name": "elastic-sg",
      "provider": "provider[\"registry.terraform.io/yandex-cloud/yandex\"]",
      "instances": [
        {
          "schema_version": 0,
          "attributes": {
            "created_at": "2025-10-08T10:59:13Z",
            "description": "",
            "egress": [
              {
                "description": "Весь исходящий трафик",
                "from_port": 0,
                "id": "enpfb7s52pu651rcmj1n",
                "labels": {},
                "port": -1,
                "predefined_target": "",
                "protocol": "ANY",
                "security_group_id": "",
                "to_port": 65535,
                "v4_cidr_blocks": [
                  "0.0.0.0/0"
                ],
                "v6_cidr_blocks": []
              }
            ],
            "folder_id": "b1gqe649cpgjsd7qhnu5",
            "id": "enp2k6pl15dndssvsf2p",
            "ingress": [],
            "labels": {},
            "name": "elastic-sg",
            "network_id": "enpe3qh5dcl6vu7n1njt",
            "status": "ACTIVE",
            "timeouts": null
          },
          "sensitive_attributes": [],
          "identity_schema_version": 0,
          "private": "eyJlMmJmYjczMC1lY2FhLTExZTYtOGY4OC0zNDM2M2JjN2M0YzAiOnsiY3JlYXRlIjoxODAwMDAwMDAwMDAsImRlbGV0ZSI6MTgwMDAwMDAwMDAwLCJ1cGRhdGUiOjE4MDAwMDAwMDAwMH19",
          "dependencies": [
            "yandex_vpc_network.diploma-network"
          ]
        }
      ]
    },
    {
      "mode": "managed",
      "type": "yandex_vpc_security_group",
      "name": "internal-sg",
      "provider": "provider[\"registry.terraform.io/yandex-cloud/yandex\"]",
      "instances": [
        {
          "schema_version": 0,
          "attributes": {
            "created_at": "2025-10-08T10:59:09Z",
            "description": "Разрешает весь трафик внутри облачной сети",
            "egress": [
              {
                "description": "Весь исходящий трафик внутри VPC",
                "from_port": -1,
                "id": "enpj4r3a1n6pgdp4r43g",
                "labels": {},
                "port": -1,
                "predefined_target": "",
                "protocol": "ANY",
                "security_group_id": "",
                "to_port": -1,
                "v4_cidr_blocks": [
                  "192.168.10.0/24",
                  "192.168.20.0/24",
                  "192.168.30.0/24"
                ],
                "v6_cidr_blocks": []
              }
            ],
            "folder_id": "b1gqe649cpgjsd7qhnu5",
            "id": "enpa77qj1cshedn0krk5",
            "ingress": [
              {
                "description": "Весь входящий трафик внутри VPC",
                "from_port": -1,
                "id": "enp4gf4gfpailbd04l56",
                "labels": {},
                "port": -1,
                "predefined_target": "",
                "protocol": "ANY",
                "security_group_id": "",
                "to_port": -1,
                "v4_cidr_blocks": [
                  "192.168.10.0/24",
                  "192.168.20.0/24",
                  "192.168.30.0/24"
                ],
                "v6_cidr_blocks": []
              }
            ],
            "labels": {},
            "name": "internal-sg",
            "network_id": "enpe3qh5dcl6vu7n1njt",
            "status": "ACTIVE",
            "timeouts": null
          },
          "sensitive_attributes": [],
          "identity_schema_version": 0,
          "private": "eyJlMmJmYjczMC1lY2FhLTExZTYtOGY4OC0zNDM2M2JjN2M0YzAiOnsiY3JlYXRlIjoxODAwMDAwMDAwMDAsImRlbGV0ZSI6MTgwMDAwMDAwMDAwLCJ1cGRhdGUiOjE4MDAwMDAwMDAwMH19",
          "dependencies": [
            "yandex_vpc_network.diploma-network"
          ]
        }
      ]
    },
    {
      "mode": "managed",
      "type": "yandex_vpc_security_group",
      "name": "kibana-sg",
      "provider": "provider[\"registry.terraform.io/yandex-cloud/yandex\"]",
      "instances": [
        {
          "schema_version": 0,
          "attributes": {
            "created_at": "2025-10-08T10:59:22Z",
            "description": "",
            "egress": [
              {
                "description": "Весь исходящий трафик",
                "from_port": 0,
                "id": "enpv7j897cl5kuueac0o",
                "labels": {},
                "port": -1,
                "predefined_target": "",
                "protocol": "ANY",
                "security_group_id": "",
                "to_port": 65535,
                "v4_cidr_blocks": [
                  "0.0.0.0/0"
                ],
                "v6_cidr_blocks": []
              }
            ],
            "folder_id": "b1gqe649cpgjsd7qhnu5",
            "id": "enp8bo35rmkloicq4tkb",
            "ingress": [
              {
                "description": "Kibana Web интерфейс",
                "from_port": -1,
                "id": "enp9o0k2qu58f5q2uqee",
                "labels": {},
                "port": 5601,
                "predefined_target": "",
                "protocol": "TCP",
                "security_group_id": "",
                "to_port": -1,
                "v4_cidr_blocks": [
                  "0.0.0.0/0"
                ],
                "v6_cidr_blocks": []
              }
            ],
            "labels": {},
            "name": "kibana-sg",
            "network_id": "enpe3qh5dcl6vu7n1njt",
            "status": "ACTIVE",
            "timeouts": null
          },
          "sensitive_attributes": [],
          "identity_schema_version": 0,
          "private": "eyJlMmJmYjczMC1lY2FhLTExZTYtOGY4OC0zNDM2M2JjN2M0YzAiOnsiY3JlYXRlIjoxODAwMDAwMDAwMDAsImRlbGV0ZSI6MTgwMDAwMDAwMDAwLCJ1cGRhdGUiOjE4MDAwMDAwMDAwMH19",
          "dependencies": [
            "yandex_vpc_network.diploma-network"
          ]
        }
      ]
    },
    {
      "mode": "managed",
      "type": "yandex_vpc_security_group",
      "name": "web-sg",
      "provider": "provider[\"registry.terraform.io/yandex-cloud/yandex\"]",
      "instances": [
        {
          "schema_version": 0,
          "attributes": {
            "created_at": "2025-10-08T10:59:15Z",
            "description": "",
            "egress": [
              {
                "description": "Весь исходящий трафик",
                "from_port": 0,
                "id": "enpld8a8geq3am8k1c7s",
                "labels": {},
                "port": -1,
                "predefined_target": "",
                "protocol": "ANY",
                "security_group_id": "",
                "to_port": 65535,
                "v4_cidr_blocks": [
                  "0.0.0.0/0"
                ],
                "v6_cidr_blocks": []
              }
            ],
            "folder_id": "b1gqe649cpgjsd7qhnu5",
            "id": "enpsbc2864iqnk79j7ai",
            "ingress": [
              {
                "description": "HTTP от ALB",
                "from_port": -1,
                "id": "enpnqqful2ggvh5qntif",
                "labels": {},
                "port": 80,
                "predefined_target": "",
                "protocol": "TCP",
                "security_group_id": "enp9sa4s8oo18bf4ou1p",
                "to_port": -1,
                "v4_cidr_blocks": [],
                "v6_cidr_blocks": []
              },
              {
                "description": "Health Checks от Yandex ALB",
                "from_port": -1,
                "id": "enp7spur5e3dk2q5r5cg",
                "labels": {},
                "port": 80,
                "predefined_target": "",
                "protocol": "TCP",
                "security_group_id": "",
                "to_port": -1,
                "v4_cidr_blocks": [
                  "198.18.235.0/24",
                  "198.18.248.0/24"
                ],
                "v6_cidr_blocks": []
              }
            ],
            "labels": {},
            "name": "web-sg",
            "network_id": "enpe3qh5dcl6vu7n1njt",
            "status": "ACTIVE",
            "timeouts": null
          },
          "sensitive_attributes": [],
          "identity_schema_version": 0,
          "private": "eyJlMmJmYjczMC1lY2FhLTExZTYtOGY4OC0zNDM2M2JjN2M0YzAiOnsiY3JlYXRlIjoxODAwMDAwMDAwMDAsImRlbGV0ZSI6MTgwMDAwMDAwMDAwLCJ1cGRhdGUiOjE4MDAwMDAwMDAwMH19",
          "dependencies": [
            "yandex_vpc_network.diploma-network",
            "yandex_vpc_security_group.alb-sg"
          ]
        }
      ]
    },
    {
      "mode": "managed",
      "type": "yandex_vpc_security_group",
      "name": "zabbix-sg",
      "provider": "provider[\"registry.terraform.io/yandex-cloud/yandex\"]",
      "instances": [
        {
          "schema_version": 0,
          "attributes": {
            "created_at": "2025-10-08T10:59:19Z",
            "description": "",
            "egress": [
              {
                "description": "Весь исходящий трафик",
                "from_port": 0,
                "id": "enp4ac8gb3druh7eou18",
                "labels": {},
                "port": -1,
                "predefined_target": "",
                "protocol": "ANY",
                "security_group_id": "",
                "to_port": 65535,
                "v4_cidr_blocks": [
                  "0.0.0.0/0"
                ],
                "v6_cidr_blocks": []
              }
            ],
            "folder_id": "b1gqe649cpgjsd7qhnu5",
            "id": "enp5itjqlsjpus24qlh4",
            "ingress": [
              {
                "description": "HTTP из интернета",
                "from_port": -1,
                "id": "enp1f6moil98l4g7re4n",
                "labels": {},
                "port": 80,
                "predefined_target": "",
                "protocol": "TCP",
                "security_group_id": "",
                "to_port": -1,
                "v4_cidr_blocks": [
                  "0.0.0.0/0"
                ],
                "v6_cidr_blocks": []
              },
              {
                "description": "HTTPS из интернета",
                "from_port": -1,
                "id": "enplh4o2d8beqckavtr7",
                "labels": {},
                "port": 443,
                "predefined_target": "",
                "protocol": "TCP",
                "security_group_id": "",
                "to_port": -1,
                "v4_cidr_blocks": [
                  "0.0.0.0/0"
                ],
                "v6_cidr_blocks": []
              },
              {
                "description": "Zabbix Server порт",
                "from_port": -1,
                "id": "enp3kj1ib8ncdscov2v2",
                "labels": {},
                "port": 10051,
                "predefined_target": "",
                "protocol": "TCP",
                "security_group_id": "",
                "to_port": -1,
                "v4_cidr_blocks": [
                  "0.0.0.0/0"
                ],
                "v6_cidr_blocks": []
              }
            ],
            "labels": {},
            "name": "zabbix-sg",
            "network_id": "enpe3qh5dcl6vu7n1njt",
            "status": "ACTIVE",
            "timeouts": null
          },
          "sensitive_attributes": [],
          "identity_schema_version": 0,
          "private": "eyJlMmJmYjczMC1lY2FhLTExZTYtOGY4OC0zNDM2M2JjN2M0YzAiOnsiY3JlYXRlIjoxODAwMDAwMDAwMDAsImRlbGV0ZSI6MTgwMDAwMDAwMDAwLCJ1cGRhdGUiOjE4MDAwMDAwMDAwMH19",
          "dependencies": [
            "yandex_vpc_network.diploma-network"
          ]
        }
      ]
    },
    {
      "mode": "managed",
      "type": "yandex_vpc_subnet",
      "name": "private-subnet",
      "provider": "provider[\"registry.terraform.io/yandex-cloud/yandex\"]",
      "instances": [
        {
          "schema_version": 0,
          "attributes": {
            "created_at": "2025-10-08T10:59:09Z",
            "description": "",
            "dhcp_options": [],
            "folder_id": "b1gqe649cpgjsd7qhnu5",
            "id": "e9bn6ccj1podju89neso",
            "labels": {},
            "name": "private-subnet",
            "network_id": "enpe3qh5dcl6vu7n1njt",
            "route_table_id": "enp1phim1qpa0avbokod",
            "timeouts": null,
            "v4_cidr_blocks": [
              "192.168.20.0/24"
            ],
            "v6_cidr_blocks": [],
            "zone": "ru-central1-a"
          },
          "sensitive_attributes": [],
          "identity_schema_version": 0,
          "private": "eyJlMmJmYjczMC1lY2FhLTExZTYtOGY4OC0zNDM2M2JjN2M0YzAiOnsiY3JlYXRlIjoxODAwMDAwMDAwMDAsImRlbGV0ZSI6MTgwMDAwMDAwMDAwLCJ1cGRhdGUiOjE4MDAwMDAwMDAwMH19",
          "dependencies": [
            "yandex_vpc_gateway.nat-gateway",
            "yandex_vpc_network.diploma-network",
            "yandex_vpc_route_table.private-rt"
          ]
        }
      ]
    },
    {
      "mode": "managed",
      "type": "yandex_vpc_subnet",
      "name": "private-subnet-b",
      "provider": "provider[\"registry.terraform.io/yandex-cloud/yandex\"]",
      "instances": [
        {
          "schema_version": 0,
          "attributes": {
            "created_at": "2025-10-08T10:59:10Z",
            "description": "",
            "dhcp_options": [],
            "folder_id": "b1gqe649cpgjsd7qhnu5",
            "id": "e2lkhnlef9epj5r2paal",
            "labels": {},
            "name": "private-subnet-b",
            "network_id": "enpe3qh5dcl6vu7n1njt",
            "route_table_id": "enp1phim1qpa0avbokod",
            "timeouts": null,
            "v4_cidr_blocks": [
              "192.168.30.0/24"
            ],
            "v6_cidr_blocks": [],
            "zone": "ru-central1-b"
          },
          "sensitive_attributes": [],
          "identity_schema_version": 0,
          "private": "eyJlMmJmYjczMC1lY2FhLTExZTYtOGY4OC0zNDM2M2JjN2M0YzAiOnsiY3JlYXRlIjoxODAwMDAwMDAwMDAsImRlbGV0ZSI6MTgwMDAwMDAwMDAwLCJ1cGRhdGUiOjE4MDAwMDAwMDAwMH19",
          "dependencies": [
            "yandex_vpc_gateway.nat-gateway",
            "yandex_vpc_network.diploma-network",
            "yandex_vpc_route_table.private-rt"
          ]
        }
      ]
    },
    {
      "mode": "managed",
      "type": "yandex_vpc_subnet",
      "name": "public-subnet",
      "provider": "provider[\"registry.terraform.io/yandex-cloud/yandex\"]",
      "instances": [
        {
          "schema_version": 0,
          "attributes": {
            "created_at": "2025-10-08T10:59:07Z",
            "description": "",
            "dhcp_options": [],
            "folder_id": "b1gqe649cpgjsd7qhnu5",
            "id": "e9bls2vpt66rq4m002cn",
            "labels": {},
            "name": "public-subnet",
            "network_id": "enpe3qh5dcl6vu7n1njt",
            "route_table_id": "",
            "timeouts": null,
            "v4_cidr_blocks": [
              "192.168.10.0/24"
            ],
            "v6_cidr_blocks": [],
            "zone": "ru-central1-a"
          },
          "sensitive_attributes": [],
          "identity_schema_version": 0,
          "private": "eyJlMmJmYjczMC1lY2FhLTExZTYtOGY4OC0zNDM2M2JjN2M0YzAiOnsiY3JlYXRlIjoxODAwMDAwMDAwMDAsImRlbGV0ZSI6MTgwMDAwMDAwMDAwLCJ1cGRhdGUiOjE4MDAwMDAwMDAwMH19",
          "dependencies": [
            "yandex_vpc_network.diploma-network"
          ]
        }
      ]
    }
  ],
  "check_results": null
}
