{
  "version": 4,
  "terraform_version": "1.13.3",
  "serial": 2007,
  "lineage": "a3a895f2-1f80-1124-3f2f-c60c2f84b33b",
  "outputs": {
    "alb_external_ip": {
      "value": "158.160.186.183",
      "type": "string"
    },
    "bastion_external_ip": {
      "value": "158.160.60.64",
      "type": "string"
    },
    "elastic_internal_ip": {
      "value": "192.168.20.24",
      "type": "string"
    },
    "kibana_external_ip": {
      "value": "89.169.152.76",
      "type": "string"
    },
    "kibana_internal_ip": {
      "value": "192.168.10.13",
      "type": "string"
    },
    "web_1_internal_ip": {
      "value": "192.168.20.25",
      "type": "string"
    },
    "web_2_internal_ip": {
      "value": "192.168.30.18",
      "type": "string"
    },
    "zabbix_external_ip": {
      "value": "89.169.150.149",
      "type": "string"
    },
    "zabbix_internal_ip": {
      "value": "192.168.10.35",
      "type": "string"
    }
  },
  "resources": [
    {
      "mode": "managed",
      "type": "yandex_alb_backend_group",
      "name": "web-bg",
      "provider": "provider[\"registry.terraform.io/yandex-cloud/yandex\"]",
      "instances": [
        {
          "schema_version": 0,
          "attributes": {
            "created_at": "2025-10-06T09:53:26Z",
            "description": "",
            "folder_id": "b1gqe649cpgjsd7qhnu5",
            "grpc_backend": [],
            "http_backend": [
              {
                "healthcheck": [
                  {
                    "grpc_healthcheck": [],
                    "healthcheck_port": 0,
                    "healthy_threshold": 0,
                    "http_healthcheck": [
                      {
                        "expected_statuses": [],
                        "host": "",
                        "http2": false,
                        "path": "/"
                      }
                    ],
                    "interval": "2s",
                    "interval_jitter_percent": 0,
                    "stream_healthcheck": [],
                    "timeout": "10s",
                    "unhealthy_threshold": 0
                  }
                ],
                "http2": false,
                "load_balancing_config": [],
                "name": "web-backend",
                "port": 80,
                "storage_bucket": "",
                "target_group_ids": [
                  "ds72cpg7lsu98visb99b"
                ],
                "tls": [],
                "weight": 1
              }
            ],
            "id": "ds751dih4ln7709ici7l",
            "labels": {},
            "name": "web-bg",
            "session_affinity": [],
            "stream_backend": [],
            "timeouts": null
          },
          "sensitive_attributes": [],
          "identity_schema_version": 0,
          "private": "eyJlMmJmYjczMC1lY2FhLTExZTYtOGY4OC0zNDM2M2JjN2M0YzAiOnsiY3JlYXRlIjozMDAwMDAwMDAwMDAsImRlbGV0ZSI6MzAwMDAwMDAwMDAwLCJ1cGRhdGUiOjMwMDAwMDAwMDAwMH19",
          "dependencies": [
            "yandex_alb_target_group.web-tg",
            "yandex_compute_instance.web-1",
            "yandex_compute_instance.web-2",
            "yandex_iam_service_account.vm-sa",
            "yandex_vpc_gateway.nat-gateway",
            "yandex_vpc_network.diploma-network",
            "yandex_vpc_route_table.private-rt",
            "yandex_vpc_security_group.alb-sg",
            "yandex_vpc_security_group.internal-sg",
            "yandex_vpc_security_group.web-sg",
            "yandex_vpc_subnet.private-subnet",
            "yandex_vpc_subnet.private-subnet-b"
          ]
        }
      ]
    },
    {
      "mode": "managed",
      "type": "yandex_alb_http_router",
      "name": "web-router",
      "provider": "provider[\"registry.terraform.io/yandex-cloud/yandex\"]",
      "instances": [
        {
          "schema_version": 0,
          "attributes": {
            "created_at": "2025-10-06T09:52:07Z",
            "description": "",
            "folder_id": "b1gqe649cpgjsd7qhnu5",
            "id": "ds7rltjbjjgrdur5tbpu",
            "labels": {},
            "name": "web-router",
            "route_options": [],
            "timeouts": null
          },
          "sensitive_attributes": [],
          "identity_schema_version": 0,
          "private": "eyJlMmJmYjczMC1lY2FhLTExZTYtOGY4OC0zNDM2M2JjN2M0YzAiOnsiY3JlYXRlIjozMDAwMDAwMDAwMDAsImRlbGV0ZSI6MzAwMDAwMDAwMDAwLCJ1cGRhdGUiOjMwMDAwMDAwMDAwMH19"
        }
      ]
    },
    {
      "mode": "managed",
      "type": "yandex_alb_load_balancer",
      "name": "web-alb",
      "provider": "provider[\"registry.terraform.io/yandex-cloud/yandex\"]",
      "instances": [
        {
          "schema_version": 0,
          "attributes": {
            "allocation_policy": [
              {
                "location": [
                  {
                    "disable_traffic": false,
                    "subnet_id": "e9bvgppaqup2ja7uj8os",
                    "zone_id": "ru-central1-a"
                  }
                ]
              }
            ],
            "allow_zonal_shift": false,
            "auto_scale_policy": [],
            "created_at": "2025-10-06T09:52:11Z",
            "description": "",
            "folder_id": "b1gqe649cpgjsd7qhnu5",
            "id": "ds7hmafef508totao56n",
            "labels": {},
            "listener": [
              {
                "endpoint": [
                  {
                    "address": [
                      {
                        "external_ipv4_address": [
                          {
                            "address": "158.160.186.183"
                          }
                        ],
                        "external_ipv6_address": [],
                        "internal_ipv4_address": []
                      }
                    ],
                    "ports": [
                      80
                    ]
                  }
                ],
                "http": [
                  {
                    "handler": [
                      {
                        "allow_http10": false,
                        "http2_options": [],
                        "http_router_id": "ds7rltjbjjgrdur5tbpu",
                        "rewrite_request_id": false
                      }
                    ],
                    "redirects": []
                  }
                ],
                "name": "web-listener",
                "stream": [],
                "tls": []
              }
            ],
            "log_group_id": "",
            "log_options": [],
            "name": "web-alb",
            "network_id": "enpgb8vlh3cf39f1lh50",
            "region_id": "",
            "security_group_ids": [
              "enp2ufq0cdv3kem34m17"
            ],
            "status": "active",
            "timeouts": null
          },
          "sensitive_attributes": [],
          "identity_schema_version": 0,
          "private": "eyJlMmJmYjczMC1lY2FhLTExZTYtOGY4OC0zNDM2M2JjN2M0YzAiOnsiY3JlYXRlIjo2MDAwMDAwMDAwMDAsImRlbGV0ZSI6NjAwMDAwMDAwMDAwLCJ1cGRhdGUiOjYwMDAwMDAwMDAwMH19",
          "dependencies": [
            "yandex_alb_http_router.web-router",
            "yandex_vpc_network.diploma-network",
            "yandex_vpc_security_group.alb-sg",
            "yandex_vpc_subnet.public-subnet"
          ]
        }
      ]
    },
    {
      "mode": "managed",
      "type": "yandex_alb_target_group",
      "name": "web-tg",
      "provider": "provider[\"registry.terraform.io/yandex-cloud/yandex\"]",
      "instances": [
        {
          "schema_version": 0,
          "attributes": {
            "created_at": "2025-10-06T09:53:26Z",
            "description": "",
            "folder_id": "b1gqe649cpgjsd7qhnu5",
            "id": "ds72cpg7lsu98visb99b",
            "labels": {},
            "name": "web-tg",
            "target": [
              {
                "ip_address": "192.168.20.25",
                "private_ipv4_address": false,
                "subnet_id": "e9bc665o8piai6p0omm3"
              },
              {
                "ip_address": "192.168.30.18",
                "private_ipv4_address": false,
                "subnet_id": "e2leqbogm6a458shnkj1"
              }
            ],
            "timeouts": null
          },
          "sensitive_attributes": [],
          "identity_schema_version": 0,
          "private": "eyJlMmJmYjczMC1lY2FhLTExZTYtOGY4OC0zNDM2M2JjN2M0YzAiOnsiY3JlYXRlIjozMDAwMDAwMDAwMDAsImRlbGV0ZSI6MzAwMDAwMDAwMDAwLCJ1cGRhdGUiOjMwMDAwMDAwMDAwMH19",
          "dependencies": [
            "yandex_compute_instance.web-1",
            "yandex_compute_instance.web-2",
            "yandex_iam_service_account.vm-sa",
            "yandex_vpc_gateway.nat-gateway",
            "yandex_vpc_network.diploma-network",
            "yandex_vpc_route_table.private-rt",
            "yandex_vpc_security_group.alb-sg",
            "yandex_vpc_security_group.internal-sg",
            "yandex_vpc_security_group.web-sg",
            "yandex_vpc_subnet.private-subnet",
            "yandex_vpc_subnet.private-subnet-b"
          ]
        }
      ]
    },
    {
      "mode": "managed",
      "type": "yandex_alb_virtual_host",
      "name": "web-vh",
      "provider": "provider[\"registry.terraform.io/yandex-cloud/yandex\"]",
      "instances": [
        {
          "schema_version": 0,
          "attributes": {
            "authority": [],
            "http_router_id": "ds7rltjbjjgrdur5tbpu",
            "id": "ds7rltjbjjgrdur5tbpu/web-vh",
            "modify_request_headers": [],
            "modify_response_headers": [],
            "name": "web-vh",
            "rate_limit": [],
            "route": [
              {
                "disable_security_profile": false,
                "grpc_route": [],
                "http_route": [
                  {
                    "direct_response_action": [],
                    "http_match": [],
                    "http_route_action": [
                      {
                        "auto_host_rewrite": false,
                        "backend_group_id": "ds751dih4ln7709ici7l",
                        "host_rewrite": "",
                        "idle_timeout": "",
                        "prefix_rewrite": "",
                        "rate_limit": [],
                        "regex_rewrite": [],
                        "timeout": "1m0s",
                        "upgrade_types": []
                      }
                    ],
                    "redirect_action": []
                  }
                ],
                "name": "route",
                "route_options": []
              }
            ],
            "route_options": [],
            "timeouts": null
          },
          "sensitive_attributes": [],
          "identity_schema_version": 0,
          "private": "eyJlMmJmYjczMC1lY2FhLTExZTYtOGY4OC0zNDM2M2JjN2M0YzAiOnsiY3JlYXRlIjozMDAwMDAwMDAwMDAsImRlbGV0ZSI6MzAwMDAwMDAwMDAwLCJ1cGRhdGUiOjMwMDAwMDAwMDAwMH19",
          "dependencies": [
            "yandex_alb_backend_group.web-bg",
            "yandex_alb_http_router.web-router",
            "yandex_alb_target_group.web-tg",
            "yandex_compute_instance.web-1",
            "yandex_compute_instance.web-2",
            "yandex_iam_service_account.vm-sa",
            "yandex_vpc_gateway.nat-gateway",
            "yandex_vpc_network.diploma-network",
            "yandex_vpc_route_table.private-rt",
            "yandex_vpc_security_group.alb-sg",
            "yandex_vpc_security_group.internal-sg",
            "yandex_vpc_security_group.web-sg",
            "yandex_vpc_subnet.private-subnet",
            "yandex_vpc_subnet.private-subnet-b"
          ]
        }
      ]
    },
    {
      "mode": "managed",
      "type": "yandex_compute_instance",
      "name": "bastion",
      "provider": "provider[\"registry.terraform.io/yandex-cloud/yandex\"]",
      "instances": [
        {
          "schema_version": 1,
          "attributes": {
            "allow_recreate": null,
            "allow_stopping_for_update": null,
            "boot_disk": [
              {
                "auto_delete": true,
                "device_name": "fhmggsv06fmugem4o58l",
                "disk_id": "fhmggsv06fmugem4o58l",
                "initialize_params": [
                  {
                    "block_size": 4096,
                    "description": "",
                    "image_id": "fd827b91d99psvq5fjit",
                    "kms_key_id": "",
                    "name": "",
                    "size": 10,
                    "snapshot_id": "",
                    "type": "network-hdd"
                  }
                ],
                "mode": "READ_WRITE"
              }
            ],
            "created_at": "2025-10-06T09:52:14Z",
            "description": "",
            "filesystem": [],
            "folder_id": "b1gqe649cpgjsd7qhnu5",
            "fqdn": "bastion.ru-central1.internal",
            "gpu_cluster_id": "",
            "hardware_generation": [
              {
                "generation2_features": [],
                "legacy_features": [
                  {
                    "pci_topology": "PCI_TOPOLOGY_V1"
                  }
                ]
              }
            ],
            "hostname": "bastion",
            "id": "fhm0k59o9ri5qmbs0ian",
            "labels": {},
            "local_disk": [],
            "maintenance_grace_period": "",
            "maintenance_policy": null,
            "metadata": {
              "serial-port-enable": "1",
              "user-data": "#cloud-config\nusers:\n  - name: user\n    groups: sudo\n    shell: /bin/bash\n    sudo: ['ALL=(ALL) NOPASSWD:ALL']\n    ssh_authorized_keys:\n      - ssh-ed25519 AAAAC3NzaC1lZDI1NTE5AAAAIOxAJ9lQnCS5JnQrSrV5PpbAMGxoODP0VzQhRewbrJtn art@debian-test-CLEAN\n\n  - name: admin\n    groups: sudo\n    shell: /bin/bash\n    sudo: ['ALL=(ALL) NOPASSWD:ALL']\n    lock_passwd: false\n    passwd: \"$6$rounds=4096$wPs2z7VqC9$X6q5h7W8pY2rT3sV1qZ9mN0bC4dF7gH2jK5lP8oR6tS9uY4vAxE3zB1cM6nDf\"\n\nssh_pwauth: true\ndisable_root: false\nchpasswd:\n  list: |\n    admin:123456\n  expire: false\n\nruncmd:\n  # Разрешаем весь трафик внутри VPC\n  - iptables -I INPUT -s 192.168.10.0/24 -j ACCEPT\n  - iptables -I INPUT -s 192.168.20.0/24 -j ACCEPT\n  - iptables -I INPUT -s 192.168.30.0/24 -j ACCEPT\n  - iptables-save \u003e /etc/iptables/rules.v4"
            },
            "metadata_options": [
              {
                "aws_v1_http_endpoint": 1,
                "aws_v1_http_token": 2,
                "gce_http_endpoint": 1,
                "gce_http_token": 1
              }
            ],
            "name": "bastion",
            "network_acceleration_type": "standard",
            "network_interface": [
              {
                "dns_record": [],
                "index": 0,
                "ip_address": "192.168.10.12",
                "ipv4": true,
                "ipv6": false,
                "ipv6_address": "",
                "ipv6_dns_record": [],
                "mac_address": "d0:0d:a1:53:84:ee",
                "nat": true,
                "nat_dns_record": [],
                "nat_ip_address": "158.160.60.64",
                "nat_ip_version": "IPV4",
                "security_group_ids": [
                  "enp0dl1invjudfvol7qj",
                  "enpmd0qe688g24g6c0pk"
                ],
                "subnet_id": "e9bvgppaqup2ja7uj8os"
              }
            ],
            "placement_policy": [
              {
                "host_affinity_rules": [],
                "placement_group_id": "",
                "placement_group_partition": 0
              }
            ],
            "platform_id": "standard-v3",
            "resources": [
              {
                "core_fraction": 100,
                "cores": 2,
                "gpus": 0,
                "memory": 2
              }
            ],
            "scheduling_policy": [
              {
                "preemptible": true
              }
            ],
            "secondary_disk": [],
            "service_account_id": "",
            "status": "running",
            "timeouts": null,
            "zone": "ru-central1-a"
          },
          "sensitive_attributes": [],
          "identity_schema_version": 0,
          "private": "eyJlMmJmYjczMC1lY2FhLTExZTYtOGY4OC0zNDM2M2JjN2M0YzAiOnsiY3JlYXRlIjozMDAwMDAwMDAwMDAsImRlbGV0ZSI6MzAwMDAwMDAwMDAwLCJ1cGRhdGUiOjMwMDAwMDAwMDAwMH0sInNjaGVtYV92ZXJzaW9uIjoiMSJ9",
          "dependencies": [
            "yandex_vpc_network.diploma-network",
            "yandex_vpc_security_group.bastion-sg",
            "yandex_vpc_security_group.internal-sg",
            "yandex_vpc_subnet.public-subnet"
          ]
        }
      ]
    },
    {
      "mode": "managed",
      "type": "yandex_compute_instance",
      "name": "elastic",
      "provider": "provider[\"registry.terraform.io/yandex-cloud/yandex\"]",
      "instances": [
        {
          "schema_version": 1,
          "attributes": {
            "allow_recreate": null,
            "allow_stopping_for_update": null,
            "boot_disk": [
              {
                "auto_delete": true,
                "device_name": "fhm4oonp8a4h3opcl7ug",
                "disk_id": "fhm4oonp8a4h3opcl7ug",
                "initialize_params": [
                  {
                    "block_size": 4096,
                    "description": "",
                    "image_id": "fd827b91d99psvq5fjit",
                    "kms_key_id": "",
                    "name": "",
                    "size": 10,
                    "snapshot_id": "",
                    "type": "network-hdd"
                  }
                ],
                "mode": "READ_WRITE"
              }
            ],
            "created_at": "2025-10-06T11:44:05Z",
            "description": "",
            "filesystem": [],
            "folder_id": "b1gqe649cpgjsd7qhnu5",
            "fqdn": "elastic.ru-central1.internal",
            "gpu_cluster_id": "",
            "hardware_generation": [
              {
                "generation2_features": [],
                "legacy_features": [
                  {
                    "pci_topology": "PCI_TOPOLOGY_V1"
                  }
                ]
              }
            ],
            "hostname": "elastic",
            "id": "fhmpcvlve80b0pji7o98",
            "labels": null,
            "local_disk": [],
            "maintenance_grace_period": "",
            "maintenance_policy": null,
            "metadata": {
              "serial-port-enable": "1",
              "user-data": "#cloud-config\nusers:\n  - name: user\n    groups: sudo\n    shell: /bin/bash\n    sudo: ['ALL=(ALL) NOPASSWD:ALL']\n    ssh_authorized_keys:\n      - ssh-ed25519 AAAAC3NzaC1lZDI1NTE5AAAAIOxAJ9lQnCS5JnQrSrV5PpbAMGxoODP0VzQhRewbrJtn art@debian-test-CLEAN\n\n  - name: admin\n    groups: sudo\n    shell: /bin/bash\n    sudo: ['ALL=(ALL) NOPASSWD:ALL']\n    lock_passwd: false\n    passwd: \"$6$rounds=4096$wPs2z7VqC9$X6q5h7W8pY2rT3sV1qZ9mN0bC4dF7gH2jK5lP8oR6tS9uY4vAxE3zB1cM6nDf\"\n\nssh_pwauth: true\ndisable_root: false\nchpasswd:\n  list: |\n    admin:123456\n  expire: false\n\nruncmd:\n  # Разрешаем весь трафик внутри VPC\n  - iptables -I INPUT -s 192.168.10.0/24 -j ACCEPT\n  - iptables -I INPUT -s 192.168.20.0/24 -j ACCEPT\n  - iptables -I INPUT -s 192.168.30.0/24 -j ACCEPT\n  - iptables-save \u003e /etc/iptables/rules.v4"
            },
            "metadata_options": [
              {
                "aws_v1_http_endpoint": 1,
                "aws_v1_http_token": 2,
                "gce_http_endpoint": 1,
                "gce_http_token": 1
              }
            ],
            "name": "elastic",
            "network_acceleration_type": "standard",
            "network_interface": [
              {
                "dns_record": [],
                "index": 0,
                "ip_address": "192.168.20.24",
                "ipv4": true,
                "ipv6": false,
                "ipv6_address": "",
                "ipv6_dns_record": [],
                "mac_address": "d0:0d:19:67:eb:f7",
                "nat": false,
                "nat_dns_record": [],
                "nat_ip_address": "",
                "nat_ip_version": "",
                "security_group_ids": [
                  "enp0dl1invjudfvol7qj",
                  "enpqo7vhvi9vgqkhh7po"
                ],
                "subnet_id": "e9bc665o8piai6p0omm3"
              }
            ],
            "placement_policy": [
              {
                "host_affinity_rules": [],
                "placement_group_id": "",
                "placement_group_partition": 0
              }
            ],
            "platform_id": "standard-v3",
            "resources": [
              {
                "core_fraction": 100,
                "cores": 2,
                "gpus": 0,
                "memory": 4
              }
            ],
            "scheduling_policy": [
              {
                "preemptible": true
              }
            ],
            "secondary_disk": [],
            "service_account_id": "ajeg1l9j8j5vf2f0f3b4",
            "status": "running",
            "timeouts": null,
            "zone": "ru-central1-a"
          },
          "sensitive_attributes": [],
          "identity_schema_version": 0,
          "private": "eyJlMmJmYjczMC1lY2FhLTExZTYtOGY4OC0zNDM2M2JjN2M0YzAiOnsiY3JlYXRlIjozMDAwMDAwMDAwMDAsImRlbGV0ZSI6MzAwMDAwMDAwMDAwLCJ1cGRhdGUiOjMwMDAwMDAwMDAwMH0sInNjaGVtYV92ZXJzaW9uIjoiMSJ9",
          "dependencies": [
            "yandex_iam_service_account.vm-sa",
            "yandex_vpc_gateway.nat-gateway",
            "yandex_vpc_network.diploma-network",
            "yandex_vpc_route_table.private-rt",
            "yandex_vpc_security_group.elastic-sg",
            "yandex_vpc_security_group.internal-sg",
            "yandex_vpc_subnet.private-subnet"
          ]
        }
      ]
    },
    {
      "mode": "managed",
      "type": "yandex_compute_instance",
      "name": "kibana",
      "provider": "provider[\"registry.terraform.io/yandex-cloud/yandex\"]",
      "instances": [
        {
          "schema_version": 1,
          "attributes": {
            "allow_recreate": null,
            "allow_stopping_for_update": null,
            "boot_disk": [
              {
                "auto_delete": true,
                "device_name": "fhml5ddd7g7rhjdhufni",
                "disk_id": "fhml5ddd7g7rhjdhufni",
                "initialize_params": [
                  {
                    "block_size": 4096,
                    "description": "",
                    "image_id": "fd827b91d99psvq5fjit",
                    "kms_key_id": "",
                    "name": "",
                    "size": 10,
                    "snapshot_id": "",
                    "type": "network-hdd"
                  }
                ],
                "mode": "READ_WRITE"
              }
            ],
            "created_at": "2025-10-06T09:52:16Z",
            "description": "",
            "filesystem": [],
            "folder_id": "b1gqe649cpgjsd7qhnu5",
            "fqdn": "kibana.ru-central1.internal",
            "gpu_cluster_id": "",
            "hardware_generation": [
              {
                "generation2_features": [],
                "legacy_features": [
                  {
                    "pci_topology": "PCI_TOPOLOGY_V1"
                  }
                ]
              }
            ],
            "hostname": "kibana",
            "id": "fhmp2nj4jpcde6dsq73v",
            "labels": {},
            "local_disk": [],
            "maintenance_grace_period": "",
            "maintenance_policy": null,
            "metadata": {
              "serial-port-enable": "1",
              "user-data": "#cloud-config\nusers:\n  - name: user\n    groups: sudo\n    shell: /bin/bash\n    sudo: ['ALL=(ALL) NOPASSWD:ALL']\n    ssh_authorized_keys:\n      - ssh-ed25519 AAAAC3NzaC1lZDI1NTE5AAAAIOxAJ9lQnCS5JnQrSrV5PpbAMGxoODP0VzQhRewbrJtn art@debian-test-CLEAN\n\n  - name: admin\n    groups: sudo\n    shell: /bin/bash\n    sudo: ['ALL=(ALL) NOPASSWD:ALL']\n    lock_passwd: false\n    passwd: \"$6$rounds=4096$wPs2z7VqC9$X6q5h7W8pY2rT3sV1qZ9mN0bC4dF7gH2jK5lP8oR6tS9uY4vAxE3zB1cM6nDf\"\n\nssh_pwauth: true\ndisable_root: false\nchpasswd:\n  list: |\n    admin:123456\n  expire: false\n\nruncmd:\n  # Разрешаем весь трафик внутри VPC\n  - iptables -I INPUT -s 192.168.10.0/24 -j ACCEPT\n  - iptables -I INPUT -s 192.168.20.0/24 -j ACCEPT\n  - iptables -I INPUT -s 192.168.30.0/24 -j ACCEPT\n  - iptables-save \u003e /etc/iptables/rules.v4"
            },
            "metadata_options": [
              {
                "aws_v1_http_endpoint": 1,
                "aws_v1_http_token": 2,
                "gce_http_endpoint": 1,
                "gce_http_token": 1
              }
            ],
            "name": "kibana",
            "network_acceleration_type": "standard",
            "network_interface": [
              {
                "dns_record": [],
                "index": 0,
                "ip_address": "192.168.10.13",
                "ipv4": true,
                "ipv6": false,
                "ipv6_address": "",
                "ipv6_dns_record": [],
                "mac_address": "d0:0d:19:15:e6:49",
                "nat": true,
                "nat_dns_record": [],
                "nat_ip_address": "89.169.152.76",
                "nat_ip_version": "IPV4",
                "security_group_ids": [
                  "enp0dl1invjudfvol7qj",
                  "enpfc4p75eshkldob5n1"
                ],
                "subnet_id": "e9bvgppaqup2ja7uj8os"
              }
            ],
            "placement_policy": [
              {
                "host_affinity_rules": [],
                "placement_group_id": "",
                "placement_group_partition": 0
              }
            ],
            "platform_id": "standard-v3",
            "resources": [
              {
                "core_fraction": 100,
                "cores": 2,
                "gpus": 0,
                "memory": 2
              }
            ],
            "scheduling_policy": [
              {
                "preemptible": true
              }
            ],
            "secondary_disk": [],
            "service_account_id": "",
            "status": "running",
            "timeouts": null,
            "zone": "ru-central1-a"
          },
          "sensitive_attributes": [],
          "identity_schema_version": 0,
          "private": "eyJlMmJmYjczMC1lY2FhLTExZTYtOGY4OC0zNDM2M2JjN2M0YzAiOnsiY3JlYXRlIjozMDAwMDAwMDAwMDAsImRlbGV0ZSI6MzAwMDAwMDAwMDAwLCJ1cGRhdGUiOjMwMDAwMDAwMDAwMH0sInNjaGVtYV92ZXJzaW9uIjoiMSJ9",
          "dependencies": [
            "yandex_vpc_network.diploma-network",
            "yandex_vpc_security_group.internal-sg",
            "yandex_vpc_security_group.kibana-sg",
            "yandex_vpc_subnet.public-subnet"
          ]
        }
      ]
    },
    {
      "mode": "managed",
      "type": "yandex_compute_instance",
      "name": "web-1",
      "provider": "provider[\"registry.terraform.io/yandex-cloud/yandex\"]",
      "instances": [
        {
          "schema_version": 1,
          "attributes": {
            "allow_recreate": null,
            "allow_stopping_for_update": null,
            "boot_disk": [
              {
                "auto_delete": true,
                "device_name": "fhmtssvhoi64nkjmtm4m",
                "disk_id": "fhmtssvhoi64nkjmtm4m",
                "initialize_params": [
                  {
                    "block_size": 4096,
                    "description": "",
                    "image_id": "fd827b91d99psvq5fjit",
                    "kms_key_id": "",
                    "name": "",
                    "size": 10,
                    "snapshot_id": "",
                    "type": "network-hdd"
                  }
                ],
                "mode": "READ_WRITE"
              }
            ],
            "created_at": "2025-10-06T11:43:54Z",
            "description": "",
            "filesystem": [],
            "folder_id": "b1gqe649cpgjsd7qhnu5",
            "fqdn": "web-1.ru-central1.internal",
            "gpu_cluster_id": "",
            "hardware_generation": [
              {
                "generation2_features": [],
                "legacy_features": [
                  {
                    "pci_topology": "PCI_TOPOLOGY_V1"
                  }
                ]
              }
            ],
            "hostname": "web-1",
            "id": "fhme95jt33430bab762c",
            "labels": null,
            "local_disk": [],
            "maintenance_grace_period": "",
            "maintenance_policy": null,
            "metadata": {
              "serial-port-enable": "1",
              "user-data": "#cloud-config\nusers:\n  - name: user\n    groups: sudo\n    shell: /bin/bash\n    sudo: ['ALL=(ALL) NOPASSWD:ALL']\n    ssh_authorized_keys:\n      - ssh-ed25519 AAAAC3NzaC1lZDI1NTE5AAAAIOxAJ9lQnCS5JnQrSrV5PpbAMGxoODP0VzQhRewbrJtn art@debian-test-CLEAN\n\n  - name: admin\n    groups: sudo\n    shell: /bin/bash\n    sudo: ['ALL=(ALL) NOPASSWD:ALL']\n    lock_passwd: false\n    passwd: \"$6$rounds=4096$wPs2z7VqC9$X6q5h7W8pY2rT3sV1qZ9mN0bC4dF7gH2jK5lP8oR6tS9uY4vAxE3zB1cM6nDf\"\n\nssh_pwauth: true\ndisable_root: false\nchpasswd:\n  list: |\n    admin:123456\n  expire: false\n\nruncmd:\n  # Разрешаем весь трафик внутри VPC\n  - iptables -I INPUT -s 192.168.10.0/24 -j ACCEPT\n  - iptables -I INPUT -s 192.168.20.0/24 -j ACCEPT\n  - iptables -I INPUT -s 192.168.30.0/24 -j ACCEPT\n  - iptables-save \u003e /etc/iptables/rules.v4"
            },
            "metadata_options": [
              {
                "aws_v1_http_endpoint": 1,
                "aws_v1_http_token": 2,
                "gce_http_endpoint": 1,
                "gce_http_token": 1
              }
            ],
            "name": "web-1",
            "network_acceleration_type": "standard",
            "network_interface": [
              {
                "dns_record": [],
                "index": 0,
                "ip_address": "192.168.20.25",
                "ipv4": true,
                "ipv6": false,
                "ipv6_address": "",
                "ipv6_dns_record": [],
                "mac_address": "d0:0d:e4:96:7d:18",
                "nat": false,
                "nat_dns_record": [],
                "nat_ip_address": "",
                "nat_ip_version": "",
                "security_group_ids": [
                  "enp0dl1invjudfvol7qj",
                  "enpj0oo0o2ei6uaf3c2f"
                ],
                "subnet_id": "e9bc665o8piai6p0omm3"
              }
            ],
            "placement_policy": [
              {
                "host_affinity_rules": [],
                "placement_group_id": "",
                "placement_group_partition": 0
              }
            ],
            "platform_id": "standard-v3",
            "resources": [
              {
                "core_fraction": 100,
                "cores": 2,
                "gpus": 0,
                "memory": 2
              }
            ],
            "scheduling_policy": [
              {
                "preemptible": true
              }
            ],
            "secondary_disk": [],
            "service_account_id": "ajeg1l9j8j5vf2f0f3b4",
            "status": "running",
            "timeouts": null,
            "zone": "ru-central1-a"
          },
          "sensitive_attributes": [],
          "identity_schema_version": 0,
          "private": "eyJlMmJmYjczMC1lY2FhLTExZTYtOGY4OC0zNDM2M2JjN2M0YzAiOnsiY3JlYXRlIjozMDAwMDAwMDAwMDAsImRlbGV0ZSI6MzAwMDAwMDAwMDAwLCJ1cGRhdGUiOjMwMDAwMDAwMDAwMH0sInNjaGVtYV92ZXJzaW9uIjoiMSJ9",
          "dependencies": [
            "yandex_iam_service_account.vm-sa",
            "yandex_vpc_gateway.nat-gateway",
            "yandex_vpc_network.diploma-network",
            "yandex_vpc_route_table.private-rt",
            "yandex_vpc_security_group.alb-sg",
            "yandex_vpc_security_group.internal-sg",
            "yandex_vpc_security_group.web-sg",
            "yandex_vpc_subnet.private-subnet"
          ]
        }
      ]
    },
    {
      "mode": "managed",
      "type": "yandex_compute_instance",
      "name": "web-2",
      "provider": "provider[\"registry.terraform.io/yandex-cloud/yandex\"]",
      "instances": [
        {
          "schema_version": 1,
          "attributes": {
            "allow_recreate": null,
            "allow_stopping_for_update": null,
            "boot_disk": [
              {
                "auto_delete": true,
                "device_name": "epdnihi86gn643kvft71",
                "disk_id": "epdnihi86gn643kvft71",
                "initialize_params": [
                  {
                    "block_size": 4096,
                    "description": "",
                    "image_id": "fd827b91d99psvq5fjit",
                    "kms_key_id": "",
                    "name": "",
                    "size": 10,
                    "snapshot_id": "",
                    "type": "network-hdd"
                  }
                ],
                "mode": "READ_WRITE"
              }
            ],
            "created_at": "2025-10-06T11:43:54Z",
            "description": "",
            "filesystem": [],
            "folder_id": "b1gqe649cpgjsd7qhnu5",
            "fqdn": "web-2.ru-central1.internal",
            "gpu_cluster_id": "",
            "hardware_generation": [
              {
                "generation2_features": [],
                "legacy_features": [
                  {
                    "pci_topology": "PCI_TOPOLOGY_V1"
                  }
                ]
              }
            ],
            "hostname": "web-2",
            "id": "epd7df3piqbttj5915ki",
            "labels": null,
            "local_disk": [],
            "maintenance_grace_period": "",
            "maintenance_policy": null,
            "metadata": {
              "serial-port-enable": "1",
              "user-data": "#cloud-config\nusers:\n  - name: user\n    groups: sudo\n    shell: /bin/bash\n    sudo: ['ALL=(ALL) NOPASSWD:ALL']\n    ssh_authorized_keys:\n      - ssh-ed25519 AAAAC3NzaC1lZDI1NTE5AAAAIOxAJ9lQnCS5JnQrSrV5PpbAMGxoODP0VzQhRewbrJtn art@debian-test-CLEAN\n\n  - name: admin\n    groups: sudo\n    shell: /bin/bash\n    sudo: ['ALL=(ALL) NOPASSWD:ALL']\n    lock_passwd: false\n    passwd: \"$6$rounds=4096$wPs2z7VqC9$X6q5h7W8pY2rT3sV1qZ9mN0bC4dF7gH2jK5lP8oR6tS9uY4vAxE3zB1cM6nDf\"\n\nssh_pwauth: true\ndisable_root: false\nchpasswd:\n  list: |\n    admin:123456\n  expire: false\n\nruncmd:\n  # Разрешаем весь трафик внутри VPC\n  - iptables -I INPUT -s 192.168.10.0/24 -j ACCEPT\n  - iptables -I INPUT -s 192.168.20.0/24 -j ACCEPT\n  - iptables -I INPUT -s 192.168.30.0/24 -j ACCEPT\n  - iptables-save \u003e /etc/iptables/rules.v4"
            },
            "metadata_options": [
              {
                "aws_v1_http_endpoint": 1,
                "aws_v1_http_token": 2,
                "gce_http_endpoint": 1,
                "gce_http_token": 1
              }
            ],
            "name": "web-2",
            "network_acceleration_type": "standard",
            "network_interface": [
              {
                "dns_record": [],
                "index": 0,
                "ip_address": "192.168.30.18",
                "ipv4": true,
                "ipv6": false,
                "ipv6_address": "",
                "ipv6_dns_record": [],
                "mac_address": "d0:0d:76:bc:79:96",
                "nat": false,
                "nat_dns_record": [],
                "nat_ip_address": "",
                "nat_ip_version": "",
                "security_group_ids": [
                  "enp0dl1invjudfvol7qj",
                  "enpj0oo0o2ei6uaf3c2f"
                ],
                "subnet_id": "e2leqbogm6a458shnkj1"
              }
            ],
            "placement_policy": [
              {
                "host_affinity_rules": [],
                "placement_group_id": "",
                "placement_group_partition": 0
              }
            ],
            "platform_id": "standard-v3",
            "resources": [
              {
                "core_fraction": 100,
                "cores": 2,
                "gpus": 0,
                "memory": 2
              }
            ],
            "scheduling_policy": [
              {
                "preemptible": true
              }
            ],
            "secondary_disk": [],
            "service_account_id": "ajeg1l9j8j5vf2f0f3b4",
            "status": "running",
            "timeouts": null,
            "zone": "ru-central1-b"
          },
          "sensitive_attributes": [],
          "identity_schema_version": 0,
          "private": "eyJlMmJmYjczMC1lY2FhLTExZTYtOGY4OC0zNDM2M2JjN2M0YzAiOnsiY3JlYXRlIjozMDAwMDAwMDAwMDAsImRlbGV0ZSI6MzAwMDAwMDAwMDAwLCJ1cGRhdGUiOjMwMDAwMDAwMDAwMH0sInNjaGVtYV92ZXJzaW9uIjoiMSJ9",
          "dependencies": [
            "yandex_iam_service_account.vm-sa",
            "yandex_vpc_gateway.nat-gateway",
            "yandex_vpc_network.diploma-network",
            "yandex_vpc_route_table.private-rt",
            "yandex_vpc_security_group.alb-sg",
            "yandex_vpc_security_group.internal-sg",
            "yandex_vpc_security_group.web-sg",
            "yandex_vpc_subnet.private-subnet-b"
          ]
        }
      ]
    },
    {
      "mode": "managed",
      "type": "yandex_compute_instance",
      "name": "zabbix",
      "provider": "provider[\"registry.terraform.io/yandex-cloud/yandex\"]",
      "instances": [
        {
          "schema_version": 1,
          "attributes": {
            "allow_recreate": null,
            "allow_stopping_for_update": null,
            "boot_disk": [
              {
                "auto_delete": true,
                "device_name": "fhmabjaej6h9rijpderq",
                "disk_id": "fhmabjaej6h9rijpderq",
                "initialize_params": [
                  {
                    "block_size": 4096,
                    "description": "",
                    "image_id": "fd827b91d99psvq5fjit",
                    "kms_key_id": "",
                    "name": "",
                    "size": 10,
                    "snapshot_id": "",
                    "type": "network-hdd"
                  }
                ],
                "mode": "READ_WRITE"
              }
            ],
            "created_at": "2025-10-06T09:52:26Z",
            "description": "",
            "filesystem": [],
            "folder_id": "b1gqe649cpgjsd7qhnu5",
            "fqdn": "zabbix.ru-central1.internal",
            "gpu_cluster_id": "",
            "hardware_generation": [
              {
                "generation2_features": [],
                "legacy_features": [
                  {
                    "pci_topology": "PCI_TOPOLOGY_V1"
                  }
                ]
              }
            ],
            "hostname": "zabbix",
            "id": "fhmbf344engacjce4q4d",
            "labels": {},
            "local_disk": [],
            "maintenance_grace_period": "",
            "maintenance_policy": null,
            "metadata": {
              "serial-port-enable": "1",
              "user-data": "#cloud-config\nusers:\n  - name: user\n    groups: sudo\n    shell: /bin/bash\n    sudo: ['ALL=(ALL) NOPASSWD:ALL']\n    ssh_authorized_keys:\n      - ssh-ed25519 AAAAC3NzaC1lZDI1NTE5AAAAIOxAJ9lQnCS5JnQrSrV5PpbAMGxoODP0VzQhRewbrJtn art@debian-test-CLEAN\n\n  - name: admin\n    groups: sudo\n    shell: /bin/bash\n    sudo: ['ALL=(ALL) NOPASSWD:ALL']\n    lock_passwd: false\n    passwd: \"$6$rounds=4096$wPs2z7VqC9$X6q5h7W8pY2rT3sV1qZ9mN0bC4dF7gH2jK5lP8oR6tS9uY4vAxE3zB1cM6nDf\"\n\nssh_pwauth: true\ndisable_root: false\nchpasswd:\n  list: |\n    admin:123456\n  expire: false\n\nruncmd:\n  # Разрешаем весь трафик внутри VPC\n  - iptables -I INPUT -s 192.168.10.0/24 -j ACCEPT\n  - iptables -I INPUT -s 192.168.20.0/24 -j ACCEPT\n  - iptables -I INPUT -s 192.168.30.0/24 -j ACCEPT\n  - iptables-save \u003e /etc/iptables/rules.v4"
            },
            "metadata_options": [
              {
                "aws_v1_http_endpoint": 1,
                "aws_v1_http_token": 2,
                "gce_http_endpoint": 1,
                "gce_http_token": 1
              }
            ],
            "name": "zabbix",
            "network_acceleration_type": "standard",
            "network_interface": [
              {
                "dns_record": [],
                "index": 0,
                "ip_address": "192.168.10.35",
                "ipv4": true,
                "ipv6": false,
                "ipv6_address": "",
                "ipv6_dns_record": [],
                "mac_address": "d0:0d:b7:8c:84:75",
                "nat": true,
                "nat_dns_record": [],
                "nat_ip_address": "89.169.150.149",
                "nat_ip_version": "IPV4",
                "security_group_ids": [
                  "enp0dl1invjudfvol7qj",
                  "enppv4fs7i1lr9756nqi"
                ],
                "subnet_id": "e9bvgppaqup2ja7uj8os"
              }
            ],
            "placement_policy": [
              {
                "host_affinity_rules": [],
                "placement_group_id": "",
                "placement_group_partition": 0
              }
            ],
            "platform_id": "standard-v3",
            "resources": [
              {
                "core_fraction": 100,
                "cores": 2,
                "gpus": 0,
                "memory": 4
              }
            ],
            "scheduling_policy": [
              {
                "preemptible": true
              }
            ],
            "secondary_disk": [],
            "service_account_id": "",
            "status": "running",
            "timeouts": null,
            "zone": "ru-central1-a"
          },
          "sensitive_attributes": [],
          "identity_schema_version": 0,
          "private": "eyJlMmJmYjczMC1lY2FhLTExZTYtOGY4OC0zNDM2M2JjN2M0YzAiOnsiY3JlYXRlIjozMDAwMDAwMDAwMDAsImRlbGV0ZSI6MzAwMDAwMDAwMDAwLCJ1cGRhdGUiOjMwMDAwMDAwMDAwMH0sInNjaGVtYV92ZXJzaW9uIjoiMSJ9",
          "dependencies": [
            "yandex_vpc_network.diploma-network",
            "yandex_vpc_security_group.internal-sg",
            "yandex_vpc_security_group.zabbix-sg",
            "yandex_vpc_subnet.public-subnet"
          ]
        }
      ]
    },
    {
      "mode": "managed",
      "type": "yandex_compute_snapshot_schedule",
      "name": "daily-snapshots",
      "provider": "provider[\"registry.terraform.io/yandex-cloud/yandex\"]",
      "instances": [
        {
          "schema_version": 0,
          "attributes": {
            "created_at": "2025-10-06T09:53:26Z",
            "description": "",
            "disk_ids": [
              "epdnihi86gn643kvft71",
              "fhm4oonp8a4h3opcl7ug",
              "fhmabjaej6h9rijpderq",
              "fhmggsv06fmugem4o58l",
              "fhml5ddd7g7rhjdhufni",
              "fhmtssvhoi64nkjmtm4m"
            ],
            "folder_id": "b1gqe649cpgjsd7qhnu5",
            "id": "fd8qjri0h2aiucl1st1m",
            "labels": {},
            "name": "daily-snapshots",
            "retention_period": "",
            "schedule_policy": [
              {
                "expression": "0 2 * * *",
                "start_at": "1970-01-01T00:00:00Z"
              }
            ],
            "snapshot_count": 7,
            "snapshot_spec": [
              {
                "description": "",
                "labels": {}
              }
            ],
            "status": "active",
            "timeouts": null
          },
          "sensitive_attributes": [],
          "identity_schema_version": 0,
          "private": "eyJlMmJmYjczMC1lY2FhLTExZTYtOGY4OC0zNDM2M2JjN2M0YzAiOnsiY3JlYXRlIjozMDAwMDAwMDAwMDAsImRlbGV0ZSI6MzAwMDAwMDAwMDAwLCJ1cGRhdGUiOjMwMDAwMDAwMDAwMH19",
          "dependencies": [
            "yandex_compute_instance.bastion",
            "yandex_compute_instance.elastic",
            "yandex_compute_instance.kibana",
            "yandex_compute_instance.web-1",
            "yandex_compute_instance.web-2",
            "yandex_compute_instance.zabbix",
            "yandex_iam_service_account.vm-sa",
            "yandex_vpc_gateway.nat-gateway",
            "yandex_vpc_network.diploma-network",
            "yandex_vpc_route_table.private-rt",
            "yandex_vpc_security_group.alb-sg",
            "yandex_vpc_security_group.bastion-sg",
            "yandex_vpc_security_group.elastic-sg",
            "yandex_vpc_security_group.internal-sg",
            "yandex_vpc_security_group.kibana-sg",
            "yandex_vpc_security_group.web-sg",
            "yandex_vpc_security_group.zabbix-sg",
            "yandex_vpc_subnet.private-subnet",
            "yandex_vpc_subnet.private-subnet-b",
            "yandex_vpc_subnet.public-subnet"
          ]
        }
      ]
    },
    {
      "mode": "managed",
      "type": "yandex_iam_service_account",
      "name": "vm-sa",
      "provider": "provider[\"registry.terraform.io/yandex-cloud/yandex\"]",
      "instances": [
        {
          "schema_version": 0,
          "attributes": {
            "created_at": "2025-10-06T09:52:07Z",
            "description": "",
            "folder_id": "b1gqe649cpgjsd7qhnu5",
            "id": "ajeg1l9j8j5vf2f0f3b4",
            "name": "vm-sa",
            "timeouts": null
          },
          "sensitive_attributes": [],
          "identity_schema_version": 0,
          "private": "eyJlMmJmYjczMC1lY2FhLTExZTYtOGY4OC0zNDM2M2JjN2M0YzAiOnsiY3JlYXRlIjo2MDAwMDAwMDAwMCwiZGVsZXRlIjo2MDAwMDAwMDAwMCwidXBkYXRlIjo2MDAwMDAwMDAwMH19"
        }
      ]
    },
    {
      "mode": "managed",
      "type": "yandex_resourcemanager_folder_iam_member",
      "name": "snapshotter",
      "provider": "provider[\"registry.terraform.io/yandex-cloud/yandex\"]",
      "instances": [
        {
          "schema_version": 0,
          "attributes": {
            "folder_id": "b1gqe649cpgjsd7qhnu5",
            "id": "b1gqe649cpgjsd7qhnu5/editor/serviceAccount:ajeg1l9j8j5vf2f0f3b4",
            "member": "serviceAccount:ajeg1l9j8j5vf2f0f3b4",
            "role": "editor",
            "sleep_after": null,
            "timeouts": null
          },
          "sensitive_attributes": [
            [
              {
                "type": "get_attr",
                "value": "folder_id"
              }
            ]
          ],
          "identity_schema_version": 0,
          "private": "eyJlMmJmYjczMC1lY2FhLTExZTYtOGY4OC0zNDM2M2JjN2M0YzAiOnsiY3JlYXRlIjoxODAwMDAwMDAwMDAwLCJkZWZhdWx0IjoxODAwMDAwMDAwMDAwLCJkZWxldGUiOjE4MDAwMDAwMDAwMDAsInJlYWQiOjE4MDAwMDAwMDAwMDAsInVwZGF0ZSI6MTgwMDAwMDAwMDAwMH19",
          "dependencies": [
            "yandex_iam_service_account.vm-sa"
          ]
        }
      ]
    },
    {
      "mode": "managed",
      "type": "yandex_vpc_gateway",
      "name": "nat-gateway",
      "provider": "provider[\"registry.terraform.io/yandex-cloud/yandex\"]",
      "instances": [
        {
          "schema_version": 0,
          "attributes": {
            "created_at": "2025-10-06T09:52:07Z",
            "description": "",
            "folder_id": "b1gqe649cpgjsd7qhnu5",
            "id": "enpkq10s6iomteq14hp0",
            "labels": {},
            "name": "nat-gateway",
            "shared_egress_gateway": [
              {}
            ],
            "timeouts": null
          },
          "sensitive_attributes": [],
          "identity_schema_version": 0,
          "private": "eyJlMmJmYjczMC1lY2FhLTExZTYtOGY4OC0zNDM2M2JjN2M0YzAiOnsiY3JlYXRlIjo2MDAwMDAwMDAwMCwiZGVsZXRlIjo2MDAwMDAwMDAwMCwidXBkYXRlIjo2MDAwMDAwMDAwMH19"
        }
      ]
    },
    {
      "mode": "managed",
      "type": "yandex_vpc_network",
      "name": "diploma-network",
      "provider": "provider[\"registry.terraform.io/yandex-cloud/yandex\"]",
      "instances": [
        {
          "schema_version": 0,
          "attributes": {
            "created_at": "2025-10-06T09:52:07Z",
            "default_security_group_id": "enpa5fthnsmihg5die8o",
            "description": "",
            "folder_id": "b1gqe649cpgjsd7qhnu5",
            "id": "enpgb8vlh3cf39f1lh50",
            "labels": {},
            "name": "diploma-network",
            "subnet_ids": [
              "e2leqbogm6a458shnkj1",
              "e9bc665o8piai6p0omm3",
              "e9bvgppaqup2ja7uj8os"
            ],
            "timeouts": null
          },
          "sensitive_attributes": [],
          "identity_schema_version": 0,
          "private": "eyJlMmJmYjczMC1lY2FhLTExZTYtOGY4OC0zNDM2M2JjN2M0YzAiOnsiY3JlYXRlIjo2MDAwMDAwMDAwMCwiZGVsZXRlIjo2MDAwMDAwMDAwMCwidXBkYXRlIjo2MDAwMDAwMDAwMH19"
        }
      ]
    },
    {
      "mode": "managed",
      "type": "yandex_vpc_route_table",
      "name": "private-rt",
      "provider": "provider[\"registry.terraform.io/yandex-cloud/yandex\"]",
      "instances": [
        {
          "schema_version": 0,
          "attributes": {
            "created_at": "2025-10-06T09:52:10Z",
            "description": "",
            "folder_id": "b1gqe649cpgjsd7qhnu5",
            "id": "enppgadad2hkatpk5vrh",
            "labels": {},
            "name": "private-rt",
            "network_id": "enpgb8vlh3cf39f1lh50",
            "static_route": [
              {
                "destination_prefix": "0.0.0.0/0",
                "gateway_id": "enpkq10s6iomteq14hp0",
                "next_hop_address": ""
              }
            ],
            "timeouts": null
          },
          "sensitive_attributes": [],
          "identity_schema_version": 0,
          "private": "eyJlMmJmYjczMC1lY2FhLTExZTYtOGY4OC0zNDM2M2JjN2M0YzAiOnsiY3JlYXRlIjoxODAwMDAwMDAwMDAsImRlbGV0ZSI6MTgwMDAwMDAwMDAwLCJ1cGRhdGUiOjE4MDAwMDAwMDAwMH19",
          "dependencies": [
            "yandex_vpc_gateway.nat-gateway",
            "yandex_vpc_network.diploma-network"
          ]
        }
      ]
    },
    {
      "mode": "managed",
      "type": "yandex_vpc_security_group",
      "name": "alb-sg",
      "provider": "provider[\"registry.terraform.io/yandex-cloud/yandex\"]",
      "instances": [
        {
          "schema_version": 0,
          "attributes": {
            "created_at": "2025-10-06T09:52:11Z",
            "description": "",
            "egress": [
              {
                "description": "Весь исходящий трафик",
                "from_port": 0,
                "id": "enp07dv6qq5n34mjl4eb",
                "labels": {},
                "port": -1,
                "predefined_target": "",
                "protocol": "ANY",
                "security_group_id": "",
                "to_port": 65535,
                "v4_cidr_blocks": [
                  "0.0.0.0/0"
                ],
                "v6_cidr_blocks": []
              }
            ],
            "folder_id": "b1gqe649cpgjsd7qhnu5",
            "id": "enp2ufq0cdv3kem34m17",
            "ingress": [
              {
                "description": "HTTP из интернета",
                "from_port": -1,
                "id": "enpl42ds9isioev448qv",
                "labels": {},
                "port": 80,
                "predefined_target": "",
                "protocol": "TCP",
                "security_group_id": "",
                "to_port": -1,
                "v4_cidr_blocks": [
                  "0.0.0.0/0"
                ],
                "v6_cidr_blocks": []
              },
              {
                "description": "Health Checks от Yandex ALB",
                "from_port": 30000,
                "id": "enpptc9q0pluentarsm0",
                "labels": {},
                "port": -1,
                "predefined_target": "",
                "protocol": "TCP",
                "security_group_id": "",
                "to_port": 65535,
                "v4_cidr_blocks": [
                  "198.18.235.0/24",
                  "198.18.248.0/24"
                ],
                "v6_cidr_blocks": []
              }
            ],
            "labels": {},
            "name": "alb-sg",
            "network_id": "enpgb8vlh3cf39f1lh50",
            "status": "ACTIVE",
            "timeouts": null
          },
          "sensitive_attributes": [],
          "identity_schema_version": 0,
          "private": "eyJlMmJmYjczMC1lY2FhLTExZTYtOGY4OC0zNDM2M2JjN2M0YzAiOnsiY3JlYXRlIjoxODAwMDAwMDAwMDAsImRlbGV0ZSI6MTgwMDAwMDAwMDAwLCJ1cGRhdGUiOjE4MDAwMDAwMDAwMH19",
          "dependencies": [
            "yandex_vpc_network.diploma-network"
          ]
        }
      ]
    },
    {
      "mode": "managed",
      "type": "yandex_vpc_security_group",
      "name": "bastion-sg",
      "provider": "provider[\"registry.terraform.io/yandex-cloud/yandex\"]",
      "instances": [
        {
          "schema_version": 0,
          "attributes": {
            "created_at": "2025-10-06T09:52:13Z",
            "description": "",
            "egress": [
              {
                "description": "Весь исходящий трафик",
                "from_port": 0,
                "id": "enphf9218epcqqrnbjjc",
                "labels": {},
                "port": -1,
                "predefined_target": "",
                "protocol": "ANY",
                "security_group_id": "",
                "to_port": 65535,
                "v4_cidr_blocks": [
                  "0.0.0.0/0"
                ],
                "v6_cidr_blocks": []
              }
            ],
            "folder_id": "b1gqe649cpgjsd7qhnu5",
            "id": "enpmd0qe688g24g6c0pk",
            "ingress": [
              {
                "description": "SSH из интернета",
                "from_port": -1,
                "id": "enphsctultmlflkqn5um",
                "labels": {},
                "port": 22,
                "predefined_target": "",
                "protocol": "TCP",
                "security_group_id": "",
                "to_port": -1,
                "v4_cidr_blocks": [
                  "0.0.0.0/0"
                ],
                "v6_cidr_blocks": []
              }
            ],
            "labels": {},
            "name": "bastion-sg",
            "network_id": "enpgb8vlh3cf39f1lh50",
            "status": "ACTIVE",
            "timeouts": null
          },
          "sensitive_attributes": [],
          "identity_schema_version": 0,
          "private": "eyJlMmJmYjczMC1lY2FhLTExZTYtOGY4OC0zNDM2M2JjN2M0YzAiOnsiY3JlYXRlIjoxODAwMDAwMDAwMDAsImRlbGV0ZSI6MTgwMDAwMDAwMDAwLCJ1cGRhdGUiOjE4MDAwMDAwMDAwMH19",
          "dependencies": [
            "yandex_vpc_network.diploma-network"
          ]
        }
      ]
    },
    {
      "mode": "managed",
      "type": "yandex_vpc_security_group",
      "name": "elastic-sg",
      "provider": "provider[\"registry.terraform.io/yandex-cloud/yandex\"]",
      "instances": [
        {
          "schema_version": 0,
          "attributes": {
            "created_at": "2025-10-06T09:52:18Z",
            "description": "",
            "egress": [
              {
                "description": "Весь исходящий трафик",
                "from_port": 0,
                "id": "enpjv17fsmu28c7bk7qn",
                "labels": {},
                "port": -1,
                "predefined_target": "",
                "protocol": "ANY",
                "security_group_id": "",
                "to_port": 65535,
                "v4_cidr_blocks": [
                  "0.0.0.0/0"
                ],
                "v6_cidr_blocks": []
              }
            ],
            "folder_id": "b1gqe649cpgjsd7qhnu5",
            "id": "enpqo7vhvi9vgqkhh7po",
            "ingress": [
              {
                "description": "Elasticsearch cluster",
                "from_port": -1,
                "id": "enphuqonfvpsrq4c87dc",
                "labels": {},
                "port": 9300,
                "predefined_target": "self_security_group",
                "protocol": "TCP",
                "security_group_id": "",
                "to_port": -1,
                "v4_cidr_blocks": [],
                "v6_cidr_blocks": []
              },
              {
                "description": "Elasticsearch from Kibana and Filebeat",
                "from_port": -1,
                "id": "enpu3o4t13p5jmvo5r7q",
                "labels": {},
                "port": 9200,
                "predefined_target": "",
                "protocol": "TCP",
                "security_group_id": "enpfc4p75eshkldob5n1",
                "to_port": -1,
                "v4_cidr_blocks": [],
                "v6_cidr_blocks": []
              },
              {
                "description": "ICMP from Kibana",
                "from_port": -1,
                "id": "enp13dkqkplbdgvuqgkb",
                "labels": {},
                "port": 0,
                "predefined_target": "",
                "protocol": "ICMP",
                "security_group_id": "",
                "to_port": -1,
                "v4_cidr_blocks": [
                  "192.168.10.0/24"
                ],
                "v6_cidr_blocks": []
              },
              {
                "description": "SSH from Bastion",
                "from_port": -1,
                "id": "enp2p49c78aabum9hl10",
                "labels": {},
                "port": 22,
                "predefined_target": "",
                "protocol": "TCP",
                "security_group_id": "enpmd0qe688g24g6c0pk",
                "to_port": -1,
                "v4_cidr_blocks": [],
                "v6_cidr_blocks": []
              }
            ],
            "labels": {},
            "name": "elastic-sg",
            "network_id": "enpgb8vlh3cf39f1lh50",
            "status": "ACTIVE",
            "timeouts": null
          },
          "sensitive_attributes": [],
          "identity_schema_version": 0,
          "private": "eyJlMmJmYjczMC1lY2FhLTExZTYtOGY4OC0zNDM2M2JjN2M0YzAiOnsiY3JlYXRlIjoxODAwMDAwMDAwMDAsImRlbGV0ZSI6MTgwMDAwMDAwMDAwLCJ1cGRhdGUiOjE4MDAwMDAwMDAwMH19",
          "dependencies": [
            "yandex_vpc_network.diploma-network"
          ]
        }
      ]
    },
    {
      "mode": "managed",
      "type": "yandex_vpc_security_group",
      "name": "internal-sg",
      "provider": "provider[\"registry.terraform.io/yandex-cloud/yandex\"]",
      "instances": [
        {
          "schema_version": 0,
          "attributes": {
            "created_at": "2025-10-06T11:13:18Z",
            "description": "Разрешает весь трафик внутри облачной сети",
            "egress": [
              {
                "description": "Весь исходящий трафик внутри VPC",
                "from_port": -1,
                "id": "enp25f7jtk7dkducblpp",
                "labels": {},
                "port": -1,
                "predefined_target": "",
                "protocol": "ANY",
                "security_group_id": "",
                "to_port": -1,
                "v4_cidr_blocks": [
                  "192.168.10.0/24",
                  "192.168.20.0/24",
                  "192.168.30.0/24"
                ],
                "v6_cidr_blocks": []
              }
            ],
            "folder_id": "b1gqe649cpgjsd7qhnu5",
            "id": "enp0dl1invjudfvol7qj",
            "ingress": [
              {
                "description": "Весь входящий трафик внутри VPC",
                "from_port": -1,
                "id": "enpbn0arjt7uts5fg8ff",
                "labels": {},
                "port": -1,
                "predefined_target": "",
                "protocol": "ANY",
                "security_group_id": "",
                "to_port": -1,
                "v4_cidr_blocks": [
                  "192.168.10.0/24",
                  "192.168.20.0/24",
                  "192.168.30.0/24"
                ],
                "v6_cidr_blocks": []
              }
            ],
            "labels": {},
            "name": "internal-sg",
            "network_id": "enpgb8vlh3cf39f1lh50",
            "status": "ACTIVE",
            "timeouts": null
          },
          "sensitive_attributes": [],
          "identity_schema_version": 0,
          "private": "eyJlMmJmYjczMC1lY2FhLTExZTYtOGY4OC0zNDM2M2JjN2M0YzAiOnsiY3JlYXRlIjoxODAwMDAwMDAwMDAsImRlbGV0ZSI6MTgwMDAwMDAwMDAwLCJ1cGRhdGUiOjE4MDAwMDAwMDAwMH19",
          "dependencies": [
            "yandex_vpc_network.diploma-network"
          ]
        }
      ]
    },
    {
      "mode": "managed",
      "type": "yandex_vpc_security_group",
      "name": "kibana-sg",
      "provider": "provider[\"registry.terraform.io/yandex-cloud/yandex\"]",
      "instances": [
        {
          "schema_version": 0,
          "attributes": {
            "created_at": "2025-10-06T09:52:15Z",
            "description": "",
            "egress": [
              {
                "description": "Весь исходящий трафик",
                "from_port": 0,
                "id": "enpn5cbkv9isshrrtq4o",
                "labels": {},
                "port": -1,
                "predefined_target": "",
                "protocol": "ANY",
                "security_group_id": "",
                "to_port": 65535,
                "v4_cidr_blocks": [
                  "0.0.0.0/0"
                ],
                "v6_cidr_blocks": []
              }
            ],
            "folder_id": "b1gqe649cpgjsd7qhnu5",
            "id": "enpfc4p75eshkldob5n1",
            "ingress": [
              {
                "description": "Kibana Web интерфейс",
                "from_port": -1,
                "id": "enpi4rbi3j06904ejqps",
                "labels": {},
                "port": 5601,
                "predefined_target": "",
                "protocol": "TCP",
                "security_group_id": "",
                "to_port": -1,
                "v4_cidr_blocks": [
                  "0.0.0.0/0"
                ],
                "v6_cidr_blocks": []
              }
            ],
            "labels": {},
            "name": "kibana-sg",
            "network_id": "enpgb8vlh3cf39f1lh50",
            "status": "ACTIVE",
            "timeouts": null
          },
          "sensitive_attributes": [],
          "identity_schema_version": 0,
          "private": "eyJlMmJmYjczMC1lY2FhLTExZTYtOGY4OC0zNDM2M2JjN2M0YzAiOnsiY3JlYXRlIjoxODAwMDAwMDAwMDAsImRlbGV0ZSI6MTgwMDAwMDAwMDAwLCJ1cGRhdGUiOjE4MDAwMDAwMDAwMH19",
          "dependencies": [
            "yandex_vpc_network.diploma-network"
          ]
        }
      ]
    },
    {
      "mode": "managed",
      "type": "yandex_vpc_security_group",
      "name": "web-sg",
      "provider": "provider[\"registry.terraform.io/yandex-cloud/yandex\"]",
      "instances": [
        {
          "schema_version": 0,
          "attributes": {
            "created_at": "2025-10-06T09:52:28Z",
            "description": "",
            "egress": [
              {
                "description": "Весь исходящий трафик",
                "from_port": 0,
                "id": "enpcf3t7l3g7a5jaoubn",
                "labels": {},
                "port": -1,
                "predefined_target": "",
                "protocol": "ANY",
                "security_group_id": "",
                "to_port": 65535,
                "v4_cidr_blocks": [
                  "0.0.0.0/0"
                ],
                "v6_cidr_blocks": []
              }
            ],
            "folder_id": "b1gqe649cpgjsd7qhnu5",
            "id": "enpj0oo0o2ei6uaf3c2f",
            "ingress": [
              {
                "description": "HTTP от ALB",
                "from_port": -1,
                "id": "enphdr3kkluptcpuufqe",
                "labels": {},
                "port": 80,
                "predefined_target": "",
                "protocol": "TCP",
                "security_group_id": "enp2ufq0cdv3kem34m17",
                "to_port": -1,
                "v4_cidr_blocks": [],
                "v6_cidr_blocks": []
              },
              {
                "description": "Health Checks от Yandex ALB",
                "from_port": -1,
                "id": "enpnhotdparvol1ogbj8",
                "labels": {},
                "port": 80,
                "predefined_target": "",
                "protocol": "TCP",
                "security_group_id": "",
                "to_port": -1,
                "v4_cidr_blocks": [
                  "198.18.235.0/24",
                  "198.18.248.0/24"
                ],
                "v6_cidr_blocks": []
              }
            ],
            "labels": {},
            "name": "web-sg",
            "network_id": "enpgb8vlh3cf39f1lh50",
            "status": "ACTIVE",
            "timeouts": null
          },
          "sensitive_attributes": [],
          "identity_schema_version": 0,
          "private": "eyJlMmJmYjczMC1lY2FhLTExZTYtOGY4OC0zNDM2M2JjN2M0YzAiOnsiY3JlYXRlIjoxODAwMDAwMDAwMDAsImRlbGV0ZSI6MTgwMDAwMDAwMDAwLCJ1cGRhdGUiOjE4MDAwMDAwMDAwMH19",
          "dependencies": [
            "yandex_vpc_network.diploma-network",
            "yandex_vpc_security_group.alb-sg"
          ]
        }
      ]
    },
    {
      "mode": "managed",
      "type": "yandex_vpc_security_group",
      "name": "zabbix-sg",
      "provider": "provider[\"registry.terraform.io/yandex-cloud/yandex\"]",
      "instances": [
        {
          "schema_version": 0,
          "attributes": {
            "created_at": "2025-10-06T09:52:25Z",
            "description": "",
            "egress": [
              {
                "description": "Весь исходящий трафик",
                "from_port": 0,
                "id": "enpnmvvur9buvsu5astv",
                "labels": {},
                "port": -1,
                "predefined_target": "",
                "protocol": "ANY",
                "security_group_id": "",
                "to_port": 65535,
                "v4_cidr_blocks": [
                  "0.0.0.0/0"
                ],
                "v6_cidr_blocks": []
              }
            ],
            "folder_id": "b1gqe649cpgjsd7qhnu5",
            "id": "enppv4fs7i1lr9756nqi",
            "ingress": [
              {
                "description": "HTTP из интернета",
                "from_port": -1,
                "id": "enp0ff0tt9gphup26s3o",
                "labels": {},
                "port": 80,
                "predefined_target": "",
                "protocol": "TCP",
                "security_group_id": "",
                "to_port": -1,
                "v4_cidr_blocks": [
                  "0.0.0.0/0"
                ],
                "v6_cidr_blocks": []
              },
              {
                "description": "HTTPS из интернета",
                "from_port": -1,
                "id": "enpnlfm97chmo0ig5hrv",
                "labels": {},
                "port": 443,
                "predefined_target": "",
                "protocol": "TCP",
                "security_group_id": "",
                "to_port": -1,
                "v4_cidr_blocks": [
                  "0.0.0.0/0"
                ],
                "v6_cidr_blocks": []
              },
              {
                "description": "Zabbix Server порт",
                "from_port": -1,
                "id": "enpv0bih6i12t98uopnp",
                "labels": {},
                "port": 10051,
                "predefined_target": "",
                "protocol": "TCP",
                "security_group_id": "",
                "to_port": -1,
                "v4_cidr_blocks": [
                  "0.0.0.0/0"
                ],
                "v6_cidr_blocks": []
              }
            ],
            "labels": {},
            "name": "zabbix-sg",
            "network_id": "enpgb8vlh3cf39f1lh50",
            "status": "ACTIVE",
            "timeouts": null
          },
          "sensitive_attributes": [],
          "identity_schema_version": 0,
          "private": "eyJlMmJmYjczMC1lY2FhLTExZTYtOGY4OC0zNDM2M2JjN2M0YzAiOnsiY3JlYXRlIjoxODAwMDAwMDAwMDAsImRlbGV0ZSI6MTgwMDAwMDAwMDAwLCJ1cGRhdGUiOjE4MDAwMDAwMDAwMH19",
          "dependencies": [
            "yandex_vpc_network.diploma-network"
          ]
        }
      ]
    },
    {
      "mode": "managed",
      "type": "yandex_vpc_subnet",
      "name": "private-subnet",
      "provider": "provider[\"registry.terraform.io/yandex-cloud/yandex\"]",
      "instances": [
        {
          "schema_version": 0,
          "attributes": {
            "created_at": "2025-10-06T09:52:11Z",
            "description": "",
            "dhcp_options": [],
            "folder_id": "b1gqe649cpgjsd7qhnu5",
            "id": "e9bc665o8piai6p0omm3",
            "labels": {},
            "name": "private-subnet",
            "network_id": "enpgb8vlh3cf39f1lh50",
            "route_table_id": "enppgadad2hkatpk5vrh",
            "timeouts": null,
            "v4_cidr_blocks": [
              "192.168.20.0/24"
            ],
            "v6_cidr_blocks": [],
            "zone": "ru-central1-a"
          },
          "sensitive_attributes": [],
          "identity_schema_version": 0,
          "private": "eyJlMmJmYjczMC1lY2FhLTExZTYtOGY4OC0zNDM2M2JjN2M0YzAiOnsiY3JlYXRlIjoxODAwMDAwMDAwMDAsImRlbGV0ZSI6MTgwMDAwMDAwMDAwLCJ1cGRhdGUiOjE4MDAwMDAwMDAwMH19",
          "dependencies": [
            "yandex_vpc_gateway.nat-gateway",
            "yandex_vpc_network.diploma-network",
            "yandex_vpc_route_table.private-rt"
          ]
        }
      ]
    },
    {
      "mode": "managed",
      "type": "yandex_vpc_subnet",
      "name": "private-subnet-b",
      "provider": "provider[\"registry.terraform.io/yandex-cloud/yandex\"]",
      "instances": [
        {
          "schema_version": 0,
          "attributes": {
            "created_at": "2025-10-06T09:52:12Z",
            "description": "",
            "dhcp_options": [],
            "folder_id": "b1gqe649cpgjsd7qhnu5",
            "id": "e2leqbogm6a458shnkj1",
            "labels": {},
            "name": "private-subnet-b",
            "network_id": "enpgb8vlh3cf39f1lh50",
            "route_table_id": "enppgadad2hkatpk5vrh",
            "timeouts": null,
            "v4_cidr_blocks": [
              "192.168.30.0/24"
            ],
            "v6_cidr_blocks": [],
            "zone": "ru-central1-b"
          },
          "sensitive_attributes": [],
          "identity_schema_version": 0,
          "private": "eyJlMmJmYjczMC1lY2FhLTExZTYtOGY4OC0zNDM2M2JjN2M0YzAiOnsiY3JlYXRlIjoxODAwMDAwMDAwMDAsImRlbGV0ZSI6MTgwMDAwMDAwMDAwLCJ1cGRhdGUiOjE4MDAwMDAwMDAwMH19",
          "dependencies": [
            "yandex_vpc_gateway.nat-gateway",
            "yandex_vpc_network.diploma-network",
            "yandex_vpc_route_table.private-rt"
          ]
        }
      ]
    },
    {
      "mode": "managed",
      "type": "yandex_vpc_subnet",
      "name": "public-subnet",
      "provider": "provider[\"registry.terraform.io/yandex-cloud/yandex\"]",
      "instances": [
        {
          "schema_version": 0,
          "attributes": {
            "created_at": "2025-10-06T09:52:09Z",
            "description": "",
            "dhcp_options": [],
            "folder_id": "b1gqe649cpgjsd7qhnu5",
            "id": "e9bvgppaqup2ja7uj8os",
            "labels": {},
            "name": "public-subnet",
            "network_id": "enpgb8vlh3cf39f1lh50",
            "route_table_id": "",
            "timeouts": null,
            "v4_cidr_blocks": [
              "192.168.10.0/24"
            ],
            "v6_cidr_blocks": [],
            "zone": "ru-central1-a"
          },
          "sensitive_attributes": [],
          "identity_schema_version": 0,
          "private": "eyJlMmJmYjczMC1lY2FhLTExZTYtOGY4OC0zNDM2M2JjN2M0YzAiOnsiY3JlYXRlIjoxODAwMDAwMDAwMDAsImRlbGV0ZSI6MTgwMDAwMDAwMDAwLCJ1cGRhdGUiOjE4MDAwMDAwMDAwMH19",
          "dependencies": [
            "yandex_vpc_network.diploma-network"
          ]
        }
      ]
    }
  ],
  "check_results": null
}
